// !$*UTF8*$!
{
	archiveVersion = 1;
	classes = {
	};
	objectVersion = 46;
	objects = {

/* Begin PBXBuildFile section */
		774BDDD184CEC05B7BB6445E /* Pods.framework in Frameworks */ = {isa = PBXBuildFile; fileRef = 23A9D9052EACDC736182265D /* Pods.framework */; settings = {ATTRIBUTES = (Weak, ); }; };
		C35FE48C1AE6A4C7002B6C54 /* AppDelegate.swift in Sources */ = {isa = PBXBuildFile; fileRef = C35FE48B1AE6A4C7002B6C54 /* AppDelegate.swift */; };
		C35FE48E1AE6A4C7002B6C54 /* ViewController.swift in Sources */ = {isa = PBXBuildFile; fileRef = C35FE48D1AE6A4C7002B6C54 /* ViewController.swift */; };
		C35FE4931AE6A4C7002B6C54 /* Images.xcassets in Resources */ = {isa = PBXBuildFile; fileRef = C35FE4921AE6A4C7002B6C54 /* Images.xcassets */; };
		C37106311AE8D6F900B40562 /* BaseViewController.swift in Sources */ = {isa = PBXBuildFile; fileRef = C371062D1AE8D6F900B40562 /* BaseViewController.swift */; };
		C37106321AE8D6F900B40562 /* BrowserViewController.swift in Sources */ = {isa = PBXBuildFile; fileRef = C371062E1AE8D6F900B40562 /* BrowserViewController.swift */; };
		C37106331AE8D6F900B40562 /* MediaViewController.swift in Sources */ = {isa = PBXBuildFile; fileRef = C371062F1AE8D6F900B40562 /* MediaViewController.swift */; };
		C37106341AE8D6F900B40562 /* NavigationProperties.swift in Sources */ = {isa = PBXBuildFile; fileRef = C37106301AE8D6F900B40562 /* NavigationProperties.swift */; };
		C371063A1AE8D7D900B40562 /* Main.storyboard in Resources */ = {isa = PBXBuildFile; fileRef = C37106371AE8D7D900B40562 /* Main.storyboard */; };
		C371063F1AE8D97300B40562 /* App in Resources */ = {isa = PBXBuildFile; fileRef = C371063E1AE8D97300B40562 /* App */; };
		C371065D1AE8D9C400B40562 /* AccelerationDelegate.swift in Sources */ = {isa = PBXBuildFile; fileRef = C37106441AE8D9C400B40562 /* AccelerationDelegate.swift */; };
		C371065E1AE8D9C400B40562 /* AppContextDelegate.swift in Sources */ = {isa = PBXBuildFile; fileRef = C37106451AE8D9C400B40562 /* AppContextDelegate.swift */; };
		C371065F1AE8D9C400B40562 /* AppContextWebviewDelegate.swift in Sources */ = {isa = PBXBuildFile; fileRef = C37106461AE8D9C400B40562 /* AppContextWebviewDelegate.swift */; };
		C37106601AE8D9C400B40562 /* BrowserDelegate.swift in Sources */ = {isa = PBXBuildFile; fileRef = C37106471AE8D9C400B40562 /* BrowserDelegate.swift */; };
		C37106611AE8D9C400B40562 /* CapabilitiesDelegate.swift in Sources */ = {isa = PBXBuildFile; fileRef = C37106481AE8D9C400B40562 /* CapabilitiesDelegate.swift */; };
		C37106621AE8D9C400B40562 /* ContactDelegate.swift in Sources */ = {isa = PBXBuildFile; fileRef = C37106491AE8D9C400B40562 /* ContactDelegate.swift */; };
		C37106641AE8D9C400B40562 /* DeviceDelegate.swift in Sources */ = {isa = PBXBuildFile; fileRef = C371064B1AE8D9C400B40562 /* DeviceDelegate.swift */; };
		C37106651AE8D9C400B40562 /* DisplayDelegate.swift in Sources */ = {isa = PBXBuildFile; fileRef = C371064C1AE8D9C400B40562 /* DisplayDelegate.swift */; };
		C37106661AE8D9C400B40562 /* FileDelegate.swift in Sources */ = {isa = PBXBuildFile; fileRef = C371064D1AE8D9C400B40562 /* FileDelegate.swift */; };
		C37106671AE8D9C400B40562 /* FileSystemDelegate.swift in Sources */ = {isa = PBXBuildFile; fileRef = C371064E1AE8D9C400B40562 /* FileSystemDelegate.swift */; };
		C37106681AE8D9C400B40562 /* GeolocationDelegate.swift in Sources */ = {isa = PBXBuildFile; fileRef = C371064F1AE8D9C400B40562 /* GeolocationDelegate.swift */; };
		C371066A1AE8D9C400B40562 /* LifecycleDelegate.swift in Sources */ = {isa = PBXBuildFile; fileRef = C37106511AE8D9C400B40562 /* LifecycleDelegate.swift */; };
		C371066B1AE8D9C400B40562 /* LoggingDelegate.swift in Sources */ = {isa = PBXBuildFile; fileRef = C37106521AE8D9C400B40562 /* LoggingDelegate.swift */; };
		C371066C1AE8D9C400B40562 /* MailDelegate.swift in Sources */ = {isa = PBXBuildFile; fileRef = C37106531AE8D9C400B40562 /* MailDelegate.swift */; };
		C371066D1AE8D9C400B40562 /* MessagingDelegate.swift in Sources */ = {isa = PBXBuildFile; fileRef = C37106541AE8D9C400B40562 /* MessagingDelegate.swift */; };
		C371066E1AE8D9C400B40562 /* NetworkReachabilityDelegate.swift in Sources */ = {isa = PBXBuildFile; fileRef = C37106551AE8D9C400B40562 /* NetworkReachabilityDelegate.swift */; };
		C371066F1AE8D9C400B40562 /* NetworkStatusDelegate.swift in Sources */ = {isa = PBXBuildFile; fileRef = C37106561AE8D9C400B40562 /* NetworkStatusDelegate.swift */; };
		C37106701AE8D9C400B40562 /* OSDelegate.swift in Sources */ = {isa = PBXBuildFile; fileRef = C37106571AE8D9C400B40562 /* OSDelegate.swift */; };
		C37106711AE8D9C400B40562 /* RuntimeDelegate.swift in Sources */ = {isa = PBXBuildFile; fileRef = C37106581AE8D9C400B40562 /* RuntimeDelegate.swift */; };
		C37106721AE8D9C400B40562 /* SecurityDelegate.swift in Sources */ = {isa = PBXBuildFile; fileRef = C37106591AE8D9C400B40562 /* SecurityDelegate.swift */; };
		C37106741AE8D9C400B40562 /* TelephonyDelegate.swift in Sources */ = {isa = PBXBuildFile; fileRef = C371065B1AE8D9C400B40562 /* TelephonyDelegate.swift */; };
		C37106751AE8D9C400B40562 /* VideoDelegate.swift in Sources */ = {isa = PBXBuildFile; fileRef = C371065C1AE8D9C400B40562 /* VideoDelegate.swift */; };
		C37106801AE8DAA900B40562 /* GeolocationDelegateHelper.swift in Sources */ = {isa = PBXBuildFile; fileRef = C371067D1AE8DAA900B40562 /* GeolocationDelegateHelper.swift */; };
		C37106811AE8DAA900B40562 /* Reachability.swift in Sources */ = {isa = PBXBuildFile; fileRef = C371067E1AE8DAA900B40562 /* Reachability.swift */; };
		C37106821AE8DAA900B40562 /* Utils.swift in Sources */ = {isa = PBXBuildFile; fileRef = C371067F1AE8DAA900B40562 /* Utils.swift */; };
		C37106851AE8DD1800B40562 /* GlobalizationDelegate.swift in Sources */ = {isa = PBXBuildFile; fileRef = C37106841AE8DD1800B40562 /* GlobalizationDelegate.swift */; };
		C37106871AE8DD3900B40562 /* I18NParser.swift in Sources */ = {isa = PBXBuildFile; fileRef = C37106861AE8DD3900B40562 /* I18NParser.swift */; };
		C371068A1AE8DE0C00B40562 /* ResourceData.swift in Sources */ = {isa = PBXBuildFile; fileRef = C37106891AE8DE0C00B40562 /* ResourceData.swift */; };
		C371068C1AE8DE5000B40562 /* AppResourceManager.swift in Sources */ = {isa = PBXBuildFile; fileRef = C371068B1AE8DE5000B40562 /* AppResourceManager.swift */; };
		C371068E1AE8DED100B40562 /* ResourceReader.swift in Sources */ = {isa = PBXBuildFile; fileRef = C371068D1AE8DED100B40562 /* ResourceReader.swift */; };
		C37106971AE8E00000B40562 /* BTBinaryStreamReader.m in Sources */ = {isa = PBXBuildFile; fileRef = C37106921AE8E00000B40562 /* BTBinaryStreamReader.m */; };
		C37106981AE8E00000B40562 /* BTBinaryStreamWriter.m in Sources */ = {isa = PBXBuildFile; fileRef = C37106941AE8E00000B40562 /* BTBinaryStreamWriter.m */; };
		C37106A51AE8E44400B40562 /* NSData+CocoaDevUsersAdditions.m in Sources */ = {isa = PBXBuildFile; fileRef = C37106A41AE8E44400B40562 /* NSData+CocoaDevUsersAdditions.m */; };
		C37106A71AE8F2D500B40562 /* libz.dylib in Frameworks */ = {isa = PBXBuildFile; fileRef = C37106A61AE8F2D500B40562 /* libz.dylib */; settings = {ATTRIBUTES = (Weak, ); }; };
		C37106AB1AE8F31C00B40562 /* HttpInterceptorProtocol.swift in Sources */ = {isa = PBXBuildFile; fileRef = C37106A91AE8F31C00B40562 /* HttpInterceptorProtocol.swift */; };
		C37106AC1AE8F31C00B40562 /* ServiceHandler.swift in Sources */ = {isa = PBXBuildFile; fileRef = C37106AA1AE8F31C00B40562 /* ServiceHandler.swift */; };
		C37106AE1AE8F36100B40562 /* GCD.swift in Sources */ = {isa = PBXBuildFile; fileRef = C37106AD1AE8F36100B40562 /* GCD.swift */; };
		C37106B01AE8F3CF00B40562 /* IOParser.swift in Sources */ = {isa = PBXBuildFile; fileRef = C37106AF1AE8F3CF00B40562 /* IOParser.swift */; };
		C37106B21AE8F74C00B40562 /* ServiceDelegate.swift in Sources */ = {isa = PBXBuildFile; fileRef = C37106B11AE8F74C00B40562 /* ServiceDelegate.swift */; };
		C3B351141AEE529800B3759E /* libsqlite3.dylib in Frameworks */ = {isa = PBXBuildFile; fileRef = C3B351131AEE529800B3759E /* libsqlite3.dylib */; settings = {ATTRIBUTES = (Weak, ); }; };
		C3B351161AEE530600B3759E /* DatabaseDelegate.swift in Sources */ = {isa = PBXBuildFile; fileRef = C3B351151AEE530600B3759E /* DatabaseDelegate.swift */; };
		C3B351171AEE530600B3759E /* DatabaseDelegate.swift in Sources */ = {isa = PBXBuildFile; fileRef = C3B351151AEE530600B3759E /* DatabaseDelegate.swift */; };
		C3B3512A1AEE6F1600B3759E /* DatabaseTest.swift in Sources */ = {isa = PBXBuildFile; fileRef = C3B351281AEE6F1600B3759E /* DatabaseTest.swift */; };
		C3E91F901AEA528C006E3EB3 /* AccelerationTest.swift in Sources */ = {isa = PBXBuildFile; fileRef = C3E91F781AEA528C006E3EB3 /* AccelerationTest.swift */; };
		C3E91F911AEA528C006E3EB3 /* BrowserTest.swift in Sources */ = {isa = PBXBuildFile; fileRef = C3E91F791AEA528C006E3EB3 /* BrowserTest.swift */; };
		C3E91F921AEA528C006E3EB3 /* CapabilitiesTest.swift in Sources */ = {isa = PBXBuildFile; fileRef = C3E91F7A1AEA528C006E3EB3 /* CapabilitiesTest.swift */; };
		C3E91F931AEA528C006E3EB3 /* ContactTest.swift in Sources */ = {isa = PBXBuildFile; fileRef = C3E91F7B1AEA528C006E3EB3 /* ContactTest.swift */; };
		C3E91F951AEA528C006E3EB3 /* DeviceTest.swift in Sources */ = {isa = PBXBuildFile; fileRef = C3E91F7D1AEA528C006E3EB3 /* DeviceTest.swift */; };
		C3E91F961AEA528C006E3EB3 /* DisplayTest.swift in Sources */ = {isa = PBXBuildFile; fileRef = C3E91F7E1AEA528C006E3EB3 /* DisplayTest.swift */; };
		C3E91F971AEA528C006E3EB3 /* FileSystemTest.swift in Sources */ = {isa = PBXBuildFile; fileRef = C3E91F7F1AEA528C006E3EB3 /* FileSystemTest.swift */; };
		C3E91F981AEA528C006E3EB3 /* FileTest.swift in Sources */ = {isa = PBXBuildFile; fileRef = C3E91F801AEA528C006E3EB3 /* FileTest.swift */; };
		C3E91F991AEA528C006E3EB3 /* GeolocationTest.swift in Sources */ = {isa = PBXBuildFile; fileRef = C3E91F811AEA528C006E3EB3 /* GeolocationTest.swift */; };
		C3E91F9A1AEA528C006E3EB3 /* GlobalizationTest.swift in Sources */ = {isa = PBXBuildFile; fileRef = C3E91F821AEA528C006E3EB3 /* GlobalizationTest.swift */; };
		C3E91F9B1AEA528C006E3EB3 /* LifecycleTest.swift in Sources */ = {isa = PBXBuildFile; fileRef = C3E91F831AEA528C006E3EB3 /* LifecycleTest.swift */; };
		C3E91F9C1AEA528C006E3EB3 /* LoggingTest.swift in Sources */ = {isa = PBXBuildFile; fileRef = C3E91F841AEA528C006E3EB3 /* LoggingTest.swift */; };
		C3E91F9D1AEA528C006E3EB3 /* MailTest.swift in Sources */ = {isa = PBXBuildFile; fileRef = C3E91F851AEA528C006E3EB3 /* MailTest.swift */; };
		C3E91F9E1AEA528C006E3EB3 /* MessagingTest.swift in Sources */ = {isa = PBXBuildFile; fileRef = C3E91F861AEA528C006E3EB3 /* MessagingTest.swift */; };
		C3E91F9F1AEA528C006E3EB3 /* NetworkReachabilityTest.swift in Sources */ = {isa = PBXBuildFile; fileRef = C3E91F871AEA528C006E3EB3 /* NetworkReachabilityTest.swift */; };
		C3E91FA01AEA528C006E3EB3 /* NetworkStatusTest.swift in Sources */ = {isa = PBXBuildFile; fileRef = C3E91F881AEA528C006E3EB3 /* NetworkStatusTest.swift */; };
		C3E91FA11AEA528C006E3EB3 /* OSTest.swift in Sources */ = {isa = PBXBuildFile; fileRef = C3E91F891AEA528C006E3EB3 /* OSTest.swift */; };
		C3E91FA21AEA528C006E3EB3 /* RuntimeTest.swift in Sources */ = {isa = PBXBuildFile; fileRef = C3E91F8A1AEA528C006E3EB3 /* RuntimeTest.swift */; };
		C3E91FA31AEA528C006E3EB3 /* SecurityTest.swift in Sources */ = {isa = PBXBuildFile; fileRef = C3E91F8B1AEA528C006E3EB3 /* SecurityTest.swift */; };
		C3E91FA41AEA528C006E3EB3 /* ServiceTest.swift in Sources */ = {isa = PBXBuildFile; fileRef = C3E91F8C1AEA528C006E3EB3 /* ServiceTest.swift */; };
		C3E91FA51AEA528C006E3EB3 /* TelephonyTest.swift in Sources */ = {isa = PBXBuildFile; fileRef = C3E91F8D1AEA528C006E3EB3 /* TelephonyTest.swift */; };
		C3E91FA61AEA528C006E3EB3 /* UtilsTest.swift in Sources */ = {isa = PBXBuildFile; fileRef = C3E91F8E1AEA528C006E3EB3 /* UtilsTest.swift */; };
		C3E91FA71AEA528C006E3EB3 /* VideoTest.swift in Sources */ = {isa = PBXBuildFile; fileRef = C3E91F8F1AEA528C006E3EB3 /* VideoTest.swift */; };
		C3E91FA91AEA52DA006E3EB3 /* Pods.framework in Frameworks */ = {isa = PBXBuildFile; fileRef = C3E91FA81AEA52DA006E3EB3 /* Pods.framework */; settings = {ATTRIBUTES = (Weak, ); }; };
		C3E91FB31AEA5601006E3EB3 /* AccelerationDelegate.swift in Sources */ = {isa = PBXBuildFile; fileRef = C37106441AE8D9C400B40562 /* AccelerationDelegate.swift */; };
		C3E91FB41AEA5601006E3EB3 /* AppContextDelegate.swift in Sources */ = {isa = PBXBuildFile; fileRef = C37106451AE8D9C400B40562 /* AppContextDelegate.swift */; };
		C3E91FB51AEA5601006E3EB3 /* AppContextWebviewDelegate.swift in Sources */ = {isa = PBXBuildFile; fileRef = C37106461AE8D9C400B40562 /* AppContextWebviewDelegate.swift */; };
		C3E91FB61AEA5601006E3EB3 /* BrowserDelegate.swift in Sources */ = {isa = PBXBuildFile; fileRef = C37106471AE8D9C400B40562 /* BrowserDelegate.swift */; };
		C3E91FB71AEA5601006E3EB3 /* CapabilitiesDelegate.swift in Sources */ = {isa = PBXBuildFile; fileRef = C37106481AE8D9C400B40562 /* CapabilitiesDelegate.swift */; };
		C3E91FB81AEA5601006E3EB3 /* ContactDelegate.swift in Sources */ = {isa = PBXBuildFile; fileRef = C37106491AE8D9C400B40562 /* ContactDelegate.swift */; };
		C3E91FB91AEA5601006E3EB3 /* DeviceDelegate.swift in Sources */ = {isa = PBXBuildFile; fileRef = C371064B1AE8D9C400B40562 /* DeviceDelegate.swift */; };
		C3E91FBA1AEA5601006E3EB3 /* DisplayDelegate.swift in Sources */ = {isa = PBXBuildFile; fileRef = C371064C1AE8D9C400B40562 /* DisplayDelegate.swift */; };
		C3E91FBB1AEA5601006E3EB3 /* FileDelegate.swift in Sources */ = {isa = PBXBuildFile; fileRef = C371064D1AE8D9C400B40562 /* FileDelegate.swift */; };
		C3E91FBC1AEA5601006E3EB3 /* FileSystemDelegate.swift in Sources */ = {isa = PBXBuildFile; fileRef = C371064E1AE8D9C400B40562 /* FileSystemDelegate.swift */; };
		C3E91FBD1AEA5601006E3EB3 /* GeolocationDelegate.swift in Sources */ = {isa = PBXBuildFile; fileRef = C371064F1AE8D9C400B40562 /* GeolocationDelegate.swift */; };
		C3E91FBE1AEA5601006E3EB3 /* GlobalizationDelegate.swift in Sources */ = {isa = PBXBuildFile; fileRef = C37106841AE8DD1800B40562 /* GlobalizationDelegate.swift */; };
		C3E91FBF1AEA5601006E3EB3 /* LifecycleDelegate.swift in Sources */ = {isa = PBXBuildFile; fileRef = C37106511AE8D9C400B40562 /* LifecycleDelegate.swift */; };
		C3E91FC01AEA5601006E3EB3 /* LoggingDelegate.swift in Sources */ = {isa = PBXBuildFile; fileRef = C37106521AE8D9C400B40562 /* LoggingDelegate.swift */; };
		C3E91FC11AEA5601006E3EB3 /* MailDelegate.swift in Sources */ = {isa = PBXBuildFile; fileRef = C37106531AE8D9C400B40562 /* MailDelegate.swift */; };
		C3E91FC21AEA5601006E3EB3 /* MessagingDelegate.swift in Sources */ = {isa = PBXBuildFile; fileRef = C37106541AE8D9C400B40562 /* MessagingDelegate.swift */; };
		C3E91FC31AEA5601006E3EB3 /* NetworkReachabilityDelegate.swift in Sources */ = {isa = PBXBuildFile; fileRef = C37106551AE8D9C400B40562 /* NetworkReachabilityDelegate.swift */; };
		C3E91FC41AEA5601006E3EB3 /* NetworkStatusDelegate.swift in Sources */ = {isa = PBXBuildFile; fileRef = C37106561AE8D9C400B40562 /* NetworkStatusDelegate.swift */; };
		C3E91FC51AEA5601006E3EB3 /* OSDelegate.swift in Sources */ = {isa = PBXBuildFile; fileRef = C37106571AE8D9C400B40562 /* OSDelegate.swift */; };
		C3E91FC61AEA5601006E3EB3 /* RuntimeDelegate.swift in Sources */ = {isa = PBXBuildFile; fileRef = C37106581AE8D9C400B40562 /* RuntimeDelegate.swift */; };
		C3E91FC71AEA5601006E3EB3 /* SecurityDelegate.swift in Sources */ = {isa = PBXBuildFile; fileRef = C37106591AE8D9C400B40562 /* SecurityDelegate.swift */; };
		C3E91FC81AEA5601006E3EB3 /* ServiceDelegate.swift in Sources */ = {isa = PBXBuildFile; fileRef = C37106B11AE8F74C00B40562 /* ServiceDelegate.swift */; };
		C3E91FC91AEA5601006E3EB3 /* TelephonyDelegate.swift in Sources */ = {isa = PBXBuildFile; fileRef = C371065B1AE8D9C400B40562 /* TelephonyDelegate.swift */; };
		C3E91FCA1AEA5601006E3EB3 /* VideoDelegate.swift in Sources */ = {isa = PBXBuildFile; fileRef = C371065C1AE8D9C400B40562 /* VideoDelegate.swift */; };
		C3E91FCB1AEA561B006E3EB3 /* GCD.swift in Sources */ = {isa = PBXBuildFile; fileRef = C37106AD1AE8F36100B40562 /* GCD.swift */; };
		C3E91FCC1AEA561B006E3EB3 /* GeolocationDelegateHelper.swift in Sources */ = {isa = PBXBuildFile; fileRef = C371067D1AE8DAA900B40562 /* GeolocationDelegateHelper.swift */; };
		C3E91FCD1AEA561B006E3EB3 /* I18NParser.swift in Sources */ = {isa = PBXBuildFile; fileRef = C37106861AE8DD3900B40562 /* I18NParser.swift */; };
		C3E91FCE1AEA561B006E3EB3 /* IOParser.swift in Sources */ = {isa = PBXBuildFile; fileRef = C37106AF1AE8F3CF00B40562 /* IOParser.swift */; };
		C3E91FCF1AEA561B006E3EB3 /* Reachability.swift in Sources */ = {isa = PBXBuildFile; fileRef = C371067E1AE8DAA900B40562 /* Reachability.swift */; };
		C3E91FD01AEA561B006E3EB3 /* Utils.swift in Sources */ = {isa = PBXBuildFile; fileRef = C371067F1AE8DAA900B40562 /* Utils.swift */; };
		C3E91FD11AEA5632006E3EB3 /* BTBinaryStreamReader.m in Sources */ = {isa = PBXBuildFile; fileRef = C37106921AE8E00000B40562 /* BTBinaryStreamReader.m */; };
		C3E91FD21AEA5632006E3EB3 /* BTBinaryStreamWriter.m in Sources */ = {isa = PBXBuildFile; fileRef = C37106941AE8E00000B40562 /* BTBinaryStreamWriter.m */; };
		C3E91FD31AEA5638006E3EB3 /* AppResourceManager.swift in Sources */ = {isa = PBXBuildFile; fileRef = C371068B1AE8DE5000B40562 /* AppResourceManager.swift */; };
		C3E91FD41AEA5638006E3EB3 /* ResourceData.swift in Sources */ = {isa = PBXBuildFile; fileRef = C37106891AE8DE0C00B40562 /* ResourceData.swift */; };
		C3E91FD51AEA5638006E3EB3 /* ResourceReader.swift in Sources */ = {isa = PBXBuildFile; fileRef = C371068D1AE8DED100B40562 /* ResourceReader.swift */; };
		C3E91FD61AEA563E006E3EB3 /* HttpInterceptorProtocol.swift in Sources */ = {isa = PBXBuildFile; fileRef = C37106A91AE8F31C00B40562 /* HttpInterceptorProtocol.swift */; };
		C3E91FD71AEA563E006E3EB3 /* ServiceHandler.swift in Sources */ = {isa = PBXBuildFile; fileRef = C37106AA1AE8F31C00B40562 /* ServiceHandler.swift */; };
		C3E91FD81AEA5644006E3EB3 /* NSData+CocoaDevUsersAdditions.m in Sources */ = {isa = PBXBuildFile; fileRef = C37106A41AE8E44400B40562 /* NSData+CocoaDevUsersAdditions.m */; };
		C3E91FD91AEA5698006E3EB3 /* AppDelegate.swift in Sources */ = {isa = PBXBuildFile; fileRef = C35FE48B1AE6A4C7002B6C54 /* AppDelegate.swift */; };
		C3E91FDA1AEA5698006E3EB3 /* BaseViewController.swift in Sources */ = {isa = PBXBuildFile; fileRef = C371062D1AE8D6F900B40562 /* BaseViewController.swift */; };
		C3E91FDB1AEA5698006E3EB3 /* BrowserViewController.swift in Sources */ = {isa = PBXBuildFile; fileRef = C371062E1AE8D6F900B40562 /* BrowserViewController.swift */; };
		C3E91FDC1AEA5698006E3EB3 /* MediaViewController.swift in Sources */ = {isa = PBXBuildFile; fileRef = C371062F1AE8D6F900B40562 /* MediaViewController.swift */; };
		C3E91FDD1AEA5698006E3EB3 /* NavigationProperties.swift in Sources */ = {isa = PBXBuildFile; fileRef = C37106301AE8D6F900B40562 /* NavigationProperties.swift */; };
		C3E91FDE1AEA5698006E3EB3 /* ViewController.swift in Sources */ = {isa = PBXBuildFile; fileRef = C35FE48D1AE6A4C7002B6C54 /* ViewController.swift */; };
		C3E91FDF1AEA576B006E3EB3 /* libz.dylib in Frameworks */ = {isa = PBXBuildFile; fileRef = C37106A61AE8F2D500B40562 /* libz.dylib */; };
/* End PBXBuildFile section */

/* Begin PBXContainerItemProxy section */
		C35FE49C1AE6A4C7002B6C54 /* PBXContainerItemProxy */ = {
			isa = PBXContainerItemProxy;
			containerPortal = C35FE47C1AE6A407002B6C54 /* Project object */;
			proxyType = 1;
			remoteGlobalIDString = C35FE4851AE6A4C7002B6C54;
			remoteInfo = AdaptiveArpRtiOS;
		};
		C37106BC1AE900AD00B40562 /* PBXContainerItemProxy */ = {
			isa = PBXContainerItemProxy;
			containerPortal = C35FE47C1AE6A407002B6C54 /* Project object */;
			proxyType = 1;
			remoteGlobalIDString = C37106B81AE9008800B40562;
			remoteInfo = AppPackiOS;
		};
/* End PBXContainerItemProxy section */

/* Begin PBXCopyFilesBuildPhase section */
		C3B3511A1AEE537A00B3759E /* CopyFiles */ = {
			isa = PBXCopyFilesBuildPhase;
			buildActionMask = 2147483647;
			dstPath = "";
			dstSubfolderSpec = 10;
			files = (
			);
			runOnlyForDeploymentPostprocessing = 0;
		};
/* End PBXCopyFilesBuildPhase section */

/* Begin PBXFileReference section */
		23A9D9052EACDC736182265D /* Pods.framework */ = {isa = PBXFileReference; explicitFileType = wrapper.framework; includeInIndex = 0; path = Pods.framework; sourceTree = BUILT_PRODUCTS_DIR; };
		9CA7C8BCD1A85C7728D03174 /* Pods.release.xcconfig */ = {isa = PBXFileReference; includeInIndex = 1; lastKnownFileType = text.xcconfig; name = Pods.release.xcconfig; path = "Pods/Target Support Files/Pods/Pods.release.xcconfig"; sourceTree = "<group>"; };
		B2F52AA2B01B46A72511DA18 /* Pods.debug.xcconfig */ = {isa = PBXFileReference; includeInIndex = 1; lastKnownFileType = text.xcconfig; name = Pods.debug.xcconfig; path = "Pods/Target Support Files/Pods/Pods.debug.xcconfig"; sourceTree = "<group>"; };
		C35FE4861AE6A4C7002B6C54 /* AdaptiveArpRtiOS.app */ = {isa = PBXFileReference; explicitFileType = wrapper.application; includeInIndex = 0; path = AdaptiveArpRtiOS.app; sourceTree = BUILT_PRODUCTS_DIR; };
		C35FE48A1AE6A4C7002B6C54 /* Info.plist */ = {isa = PBXFileReference; lastKnownFileType = text.plist.xml; path = Info.plist; sourceTree = "<group>"; };
		C35FE48B1AE6A4C7002B6C54 /* AppDelegate.swift */ = {isa = PBXFileReference; lastKnownFileType = sourcecode.swift; path = AppDelegate.swift; sourceTree = "<group>"; };
		C35FE48D1AE6A4C7002B6C54 /* ViewController.swift */ = {isa = PBXFileReference; lastKnownFileType = sourcecode.swift; path = ViewController.swift; sourceTree = "<group>"; };
		C35FE4921AE6A4C7002B6C54 /* Images.xcassets */ = {isa = PBXFileReference; lastKnownFileType = folder.assetcatalog; path = Images.xcassets; sourceTree = "<group>"; };
		C35FE49B1AE6A4C7002B6C54 /* AdaptiveArpRtiOSTests.xctest */ = {isa = PBXFileReference; explicitFileType = wrapper.cfbundle; includeInIndex = 0; path = AdaptiveArpRtiOSTests.xctest; sourceTree = BUILT_PRODUCTS_DIR; };
		C35FE4A01AE6A4C7002B6C54 /* Info.plist */ = {isa = PBXFileReference; lastKnownFileType = text.plist.xml; path = Info.plist; sourceTree = "<group>"; };
		C371062D1AE8D6F900B40562 /* BaseViewController.swift */ = {isa = PBXFileReference; fileEncoding = 4; lastKnownFileType = sourcecode.swift; path = BaseViewController.swift; sourceTree = "<group>"; };
		C371062E1AE8D6F900B40562 /* BrowserViewController.swift */ = {isa = PBXFileReference; fileEncoding = 4; lastKnownFileType = sourcecode.swift; path = BrowserViewController.swift; sourceTree = "<group>"; };
		C371062F1AE8D6F900B40562 /* MediaViewController.swift */ = {isa = PBXFileReference; fileEncoding = 4; lastKnownFileType = sourcecode.swift; path = MediaViewController.swift; sourceTree = "<group>"; };
		C37106301AE8D6F900B40562 /* NavigationProperties.swift */ = {isa = PBXFileReference; fileEncoding = 4; lastKnownFileType = sourcecode.swift; path = NavigationProperties.swift; sourceTree = "<group>"; };
		C37106381AE8D7D900B40562 /* Base */ = {isa = PBXFileReference; lastKnownFileType = file.storyboard; name = Base; path = AdaptiveArpRtiOS/Base.lproj/Main.storyboard; sourceTree = "<group>"; };
		C371063E1AE8D97300B40562 /* App */ = {isa = PBXFileReference; lastKnownFileType = folder; path = App; sourceTree = "<group>"; };
		C37106401AE8D97D00B40562 /* App.Source */ = {isa = PBXFileReference; lastKnownFileType = folder; path = App.Source; sourceTree = "<group>"; };
		C37106441AE8D9C400B40562 /* AccelerationDelegate.swift */ = {isa = PBXFileReference; fileEncoding = 4; lastKnownFileType = sourcecode.swift; path = AccelerationDelegate.swift; sourceTree = "<group>"; };
		C37106451AE8D9C400B40562 /* AppContextDelegate.swift */ = {isa = PBXFileReference; fileEncoding = 4; lastKnownFileType = sourcecode.swift; path = AppContextDelegate.swift; sourceTree = "<group>"; };
		C37106461AE8D9C400B40562 /* AppContextWebviewDelegate.swift */ = {isa = PBXFileReference; fileEncoding = 4; lastKnownFileType = sourcecode.swift; path = AppContextWebviewDelegate.swift; sourceTree = "<group>"; };
		C37106471AE8D9C400B40562 /* BrowserDelegate.swift */ = {isa = PBXFileReference; fileEncoding = 4; lastKnownFileType = sourcecode.swift; path = BrowserDelegate.swift; sourceTree = "<group>"; };
		C37106481AE8D9C400B40562 /* CapabilitiesDelegate.swift */ = {isa = PBXFileReference; fileEncoding = 4; lastKnownFileType = sourcecode.swift; path = CapabilitiesDelegate.swift; sourceTree = "<group>"; };
		C37106491AE8D9C400B40562 /* ContactDelegate.swift */ = {isa = PBXFileReference; fileEncoding = 4; lastKnownFileType = sourcecode.swift; path = ContactDelegate.swift; sourceTree = "<group>"; wrapsLines = 0; };
		C371064B1AE8D9C400B40562 /* DeviceDelegate.swift */ = {isa = PBXFileReference; fileEncoding = 4; lastKnownFileType = sourcecode.swift; path = DeviceDelegate.swift; sourceTree = "<group>"; };
		C371064C1AE8D9C400B40562 /* DisplayDelegate.swift */ = {isa = PBXFileReference; fileEncoding = 4; lastKnownFileType = sourcecode.swift; path = DisplayDelegate.swift; sourceTree = "<group>"; };
		C371064D1AE8D9C400B40562 /* FileDelegate.swift */ = {isa = PBXFileReference; fileEncoding = 4; lastKnownFileType = sourcecode.swift; path = FileDelegate.swift; sourceTree = "<group>"; };
		C371064E1AE8D9C400B40562 /* FileSystemDelegate.swift */ = {isa = PBXFileReference; fileEncoding = 4; lastKnownFileType = sourcecode.swift; path = FileSystemDelegate.swift; sourceTree = "<group>"; };
		C371064F1AE8D9C400B40562 /* GeolocationDelegate.swift */ = {isa = PBXFileReference; fileEncoding = 4; lastKnownFileType = sourcecode.swift; path = GeolocationDelegate.swift; sourceTree = "<group>"; };
		C37106511AE8D9C400B40562 /* LifecycleDelegate.swift */ = {isa = PBXFileReference; fileEncoding = 4; lastKnownFileType = sourcecode.swift; path = LifecycleDelegate.swift; sourceTree = "<group>"; };
		C37106521AE8D9C400B40562 /* LoggingDelegate.swift */ = {isa = PBXFileReference; fileEncoding = 4; lastKnownFileType = sourcecode.swift; path = LoggingDelegate.swift; sourceTree = "<group>"; };
		C37106531AE8D9C400B40562 /* MailDelegate.swift */ = {isa = PBXFileReference; fileEncoding = 4; lastKnownFileType = sourcecode.swift; path = MailDelegate.swift; sourceTree = "<group>"; };
		C37106541AE8D9C400B40562 /* MessagingDelegate.swift */ = {isa = PBXFileReference; fileEncoding = 4; lastKnownFileType = sourcecode.swift; path = MessagingDelegate.swift; sourceTree = "<group>"; };
		C37106551AE8D9C400B40562 /* NetworkReachabilityDelegate.swift */ = {isa = PBXFileReference; fileEncoding = 4; lastKnownFileType = sourcecode.swift; path = NetworkReachabilityDelegate.swift; sourceTree = "<group>"; };
		C37106561AE8D9C400B40562 /* NetworkStatusDelegate.swift */ = {isa = PBXFileReference; fileEncoding = 4; lastKnownFileType = sourcecode.swift; path = NetworkStatusDelegate.swift; sourceTree = "<group>"; };
		C37106571AE8D9C400B40562 /* OSDelegate.swift */ = {isa = PBXFileReference; fileEncoding = 4; lastKnownFileType = sourcecode.swift; path = OSDelegate.swift; sourceTree = "<group>"; };
		C37106581AE8D9C400B40562 /* RuntimeDelegate.swift */ = {isa = PBXFileReference; fileEncoding = 4; lastKnownFileType = sourcecode.swift; path = RuntimeDelegate.swift; sourceTree = "<group>"; };
		C37106591AE8D9C400B40562 /* SecurityDelegate.swift */ = {isa = PBXFileReference; fileEncoding = 4; lastKnownFileType = sourcecode.swift; path = SecurityDelegate.swift; sourceTree = "<group>"; };
		C371065B1AE8D9C400B40562 /* TelephonyDelegate.swift */ = {isa = PBXFileReference; fileEncoding = 4; lastKnownFileType = sourcecode.swift; path = TelephonyDelegate.swift; sourceTree = "<group>"; };
		C371065C1AE8D9C400B40562 /* VideoDelegate.swift */ = {isa = PBXFileReference; fileEncoding = 4; lastKnownFileType = sourcecode.swift; path = VideoDelegate.swift; sourceTree = "<group>"; };
		C371067D1AE8DAA900B40562 /* GeolocationDelegateHelper.swift */ = {isa = PBXFileReference; fileEncoding = 4; lastKnownFileType = sourcecode.swift; path = GeolocationDelegateHelper.swift; sourceTree = "<group>"; };
		C371067E1AE8DAA900B40562 /* Reachability.swift */ = {isa = PBXFileReference; fileEncoding = 4; lastKnownFileType = sourcecode.swift; path = Reachability.swift; sourceTree = "<group>"; };
		C371067F1AE8DAA900B40562 /* Utils.swift */ = {isa = PBXFileReference; fileEncoding = 4; lastKnownFileType = sourcecode.swift; path = Utils.swift; sourceTree = "<group>"; wrapsLines = 0; };
		C37106841AE8DD1800B40562 /* GlobalizationDelegate.swift */ = {isa = PBXFileReference; fileEncoding = 4; lastKnownFileType = sourcecode.swift; path = GlobalizationDelegate.swift; sourceTree = "<group>"; };
		C37106861AE8DD3900B40562 /* I18NParser.swift */ = {isa = PBXFileReference; fileEncoding = 4; lastKnownFileType = sourcecode.swift; path = I18NParser.swift; sourceTree = "<group>"; };
		C37106891AE8DE0C00B40562 /* ResourceData.swift */ = {isa = PBXFileReference; fileEncoding = 4; lastKnownFileType = sourcecode.swift; path = ResourceData.swift; sourceTree = "<group>"; };
		C371068B1AE8DE5000B40562 /* AppResourceManager.swift */ = {isa = PBXFileReference; fileEncoding = 4; lastKnownFileType = sourcecode.swift; path = AppResourceManager.swift; sourceTree = "<group>"; };
		C371068D1AE8DED100B40562 /* ResourceReader.swift */ = {isa = PBXFileReference; fileEncoding = 4; lastKnownFileType = sourcecode.swift; path = ResourceReader.swift; sourceTree = "<group>"; wrapsLines = 0; };
		C37106901AE8E00000B40562 /* BinaryTools-Prefix.pch */ = {isa = PBXFileReference; fileEncoding = 4; lastKnownFileType = sourcecode.c.h; path = "BinaryTools-Prefix.pch"; sourceTree = "<group>"; };
		C37106911AE8E00000B40562 /* BTBinaryStreamReader.h */ = {isa = PBXFileReference; fileEncoding = 4; lastKnownFileType = sourcecode.c.h; path = BTBinaryStreamReader.h; sourceTree = "<group>"; };
		C37106921AE8E00000B40562 /* BTBinaryStreamReader.m */ = {isa = PBXFileReference; fileEncoding = 4; lastKnownFileType = sourcecode.c.objc; path = BTBinaryStreamReader.m; sourceTree = "<group>"; };
		C37106931AE8E00000B40562 /* BTBinaryStreamWriter.h */ = {isa = PBXFileReference; fileEncoding = 4; lastKnownFileType = sourcecode.c.h; path = BTBinaryStreamWriter.h; sourceTree = "<group>"; };
		C37106941AE8E00000B40562 /* BTBinaryStreamWriter.m */ = {isa = PBXFileReference; fileEncoding = 4; lastKnownFileType = sourcecode.c.objc; path = BTBinaryStreamWriter.m; sourceTree = "<group>"; };
		C37106951AE8E00000B40562 /* BTBinaryTools.h */ = {isa = PBXFileReference; fileEncoding = 4; lastKnownFileType = sourcecode.c.h; path = BTBinaryTools.h; sourceTree = "<group>"; };
		C37106961AE8E00000B40562 /* BTBinaryToolsErrors.h */ = {isa = PBXFileReference; fileEncoding = 4; lastKnownFileType = sourcecode.c.h; path = BTBinaryToolsErrors.h; sourceTree = "<group>"; };
		C37106A11AE8E23400B40562 /* Adaptive-Bridging-Header.h */ = {isa = PBXFileReference; fileEncoding = 4; lastKnownFileType = sourcecode.c.h; path = "Adaptive-Bridging-Header.h"; sourceTree = "<group>"; };
		C37106A31AE8E44400B40562 /* NSData+CocoaDevUsersAdditions.h */ = {isa = PBXFileReference; fileEncoding = 4; lastKnownFileType = sourcecode.c.h; path = "NSData+CocoaDevUsersAdditions.h"; sourceTree = "<group>"; };
		C37106A41AE8E44400B40562 /* NSData+CocoaDevUsersAdditions.m */ = {isa = PBXFileReference; fileEncoding = 4; lastKnownFileType = sourcecode.c.objc; path = "NSData+CocoaDevUsersAdditions.m"; sourceTree = "<group>"; };
		C37106A61AE8F2D500B40562 /* libz.dylib */ = {isa = PBXFileReference; lastKnownFileType = "compiled.mach-o.dylib"; name = libz.dylib; path = Platforms/iPhoneOS.platform/Developer/SDKs/iPhoneOS8.3.sdk/usr/lib/libz.dylib; sourceTree = DEVELOPER_DIR; };
		C37106A91AE8F31C00B40562 /* HttpInterceptorProtocol.swift */ = {isa = PBXFileReference; fileEncoding = 4; lastKnownFileType = sourcecode.swift; path = HttpInterceptorProtocol.swift; sourceTree = "<group>"; };
		C37106AA1AE8F31C00B40562 /* ServiceHandler.swift */ = {isa = PBXFileReference; fileEncoding = 4; lastKnownFileType = sourcecode.swift; path = ServiceHandler.swift; sourceTree = "<group>"; };
		C37106AD1AE8F36100B40562 /* GCD.swift */ = {isa = PBXFileReference; fileEncoding = 4; lastKnownFileType = sourcecode.swift; name = GCD.swift; path = Source/Sources.Common/Utils/GCD.swift; sourceTree = SOURCE_ROOT; };
		C37106AF1AE8F3CF00B40562 /* IOParser.swift */ = {isa = PBXFileReference; fileEncoding = 4; lastKnownFileType = sourcecode.swift; name = IOParser.swift; path = Source/Sources.Common/Utils/IOParser.swift; sourceTree = SOURCE_ROOT; };
		C37106B11AE8F74C00B40562 /* ServiceDelegate.swift */ = {isa = PBXFileReference; fileEncoding = 4; lastKnownFileType = sourcecode.swift; path = ServiceDelegate.swift; sourceTree = "<group>"; wrapsLines = 0; };
		C37106BE1AE906E800B40562 /* libc++.dylib */ = {isa = PBXFileReference; lastKnownFileType = "compiled.mach-o.dylib"; name = "libc++.dylib"; path = "Platforms/iPhoneOS.platform/Developer/SDKs/iPhoneOS8.3.sdk/usr/lib/libc++.dylib"; sourceTree = DEVELOPER_DIR; };
		C37106C01AE9071300B40562 /* WebKit.framework */ = {isa = PBXFileReference; lastKnownFileType = wrapper.framework; name = WebKit.framework; path = Platforms/iPhoneOS.platform/Developer/SDKs/iPhoneOS8.3.sdk/System/Library/Frameworks/WebKit.framework; sourceTree = DEVELOPER_DIR; };
		C3B351131AEE529800B3759E /* libsqlite3.dylib */ = {isa = PBXFileReference; lastKnownFileType = "compiled.mach-o.dylib"; name = libsqlite3.dylib; path = Platforms/iPhoneOS.platform/Developer/SDKs/iPhoneOS8.3.sdk/usr/lib/libsqlite3.dylib; sourceTree = DEVELOPER_DIR; };
		C3B351151AEE530600B3759E /* DatabaseDelegate.swift */ = {isa = PBXFileReference; fileEncoding = 4; lastKnownFileType = sourcecode.swift; path = DatabaseDelegate.swift; sourceTree = "<group>"; };
		C3B351281AEE6F1600B3759E /* DatabaseTest.swift */ = {isa = PBXFileReference; fileEncoding = 4; lastKnownFileType = sourcecode.swift; path = DatabaseTest.swift; sourceTree = "<group>"; };
		C3E91F781AEA528C006E3EB3 /* AccelerationTest.swift */ = {isa = PBXFileReference; fileEncoding = 4; lastKnownFileType = sourcecode.swift; path = AccelerationTest.swift; sourceTree = "<group>"; };
		C3E91F791AEA528C006E3EB3 /* BrowserTest.swift */ = {isa = PBXFileReference; fileEncoding = 4; lastKnownFileType = sourcecode.swift; path = BrowserTest.swift; sourceTree = "<group>"; };
		C3E91F7A1AEA528C006E3EB3 /* CapabilitiesTest.swift */ = {isa = PBXFileReference; fileEncoding = 4; lastKnownFileType = sourcecode.swift; path = CapabilitiesTest.swift; sourceTree = "<group>"; };
		C3E91F7B1AEA528C006E3EB3 /* ContactTest.swift */ = {isa = PBXFileReference; fileEncoding = 4; lastKnownFileType = sourcecode.swift; path = ContactTest.swift; sourceTree = "<group>"; };
		C3E91F7D1AEA528C006E3EB3 /* DeviceTest.swift */ = {isa = PBXFileReference; fileEncoding = 4; lastKnownFileType = sourcecode.swift; path = DeviceTest.swift; sourceTree = "<group>"; };
		C3E91F7E1AEA528C006E3EB3 /* DisplayTest.swift */ = {isa = PBXFileReference; fileEncoding = 4; lastKnownFileType = sourcecode.swift; path = DisplayTest.swift; sourceTree = "<group>"; };
		C3E91F7F1AEA528C006E3EB3 /* FileSystemTest.swift */ = {isa = PBXFileReference; fileEncoding = 4; lastKnownFileType = sourcecode.swift; path = FileSystemTest.swift; sourceTree = "<group>"; };
		C3E91F801AEA528C006E3EB3 /* FileTest.swift */ = {isa = PBXFileReference; fileEncoding = 4; lastKnownFileType = sourcecode.swift; path = FileTest.swift; sourceTree = "<group>"; };
		C3E91F811AEA528C006E3EB3 /* GeolocationTest.swift */ = {isa = PBXFileReference; fileEncoding = 4; lastKnownFileType = sourcecode.swift; path = GeolocationTest.swift; sourceTree = "<group>"; };
		C3E91F821AEA528C006E3EB3 /* GlobalizationTest.swift */ = {isa = PBXFileReference; fileEncoding = 4; lastKnownFileType = sourcecode.swift; path = GlobalizationTest.swift; sourceTree = "<group>"; };
		C3E91F831AEA528C006E3EB3 /* LifecycleTest.swift */ = {isa = PBXFileReference; fileEncoding = 4; lastKnownFileType = sourcecode.swift; path = LifecycleTest.swift; sourceTree = "<group>"; };
		C3E91F841AEA528C006E3EB3 /* LoggingTest.swift */ = {isa = PBXFileReference; fileEncoding = 4; lastKnownFileType = sourcecode.swift; path = LoggingTest.swift; sourceTree = "<group>"; };
		C3E91F851AEA528C006E3EB3 /* MailTest.swift */ = {isa = PBXFileReference; fileEncoding = 4; lastKnownFileType = sourcecode.swift; path = MailTest.swift; sourceTree = "<group>"; };
		C3E91F861AEA528C006E3EB3 /* MessagingTest.swift */ = {isa = PBXFileReference; fileEncoding = 4; lastKnownFileType = sourcecode.swift; path = MessagingTest.swift; sourceTree = "<group>"; };
		C3E91F871AEA528C006E3EB3 /* NetworkReachabilityTest.swift */ = {isa = PBXFileReference; fileEncoding = 4; lastKnownFileType = sourcecode.swift; path = NetworkReachabilityTest.swift; sourceTree = "<group>"; };
		C3E91F881AEA528C006E3EB3 /* NetworkStatusTest.swift */ = {isa = PBXFileReference; fileEncoding = 4; lastKnownFileType = sourcecode.swift; path = NetworkStatusTest.swift; sourceTree = "<group>"; };
		C3E91F891AEA528C006E3EB3 /* OSTest.swift */ = {isa = PBXFileReference; fileEncoding = 4; lastKnownFileType = sourcecode.swift; path = OSTest.swift; sourceTree = "<group>"; };
		C3E91F8A1AEA528C006E3EB3 /* RuntimeTest.swift */ = {isa = PBXFileReference; fileEncoding = 4; lastKnownFileType = sourcecode.swift; path = RuntimeTest.swift; sourceTree = "<group>"; };
		C3E91F8B1AEA528C006E3EB3 /* SecurityTest.swift */ = {isa = PBXFileReference; fileEncoding = 4; lastKnownFileType = sourcecode.swift; path = SecurityTest.swift; sourceTree = "<group>"; };
		C3E91F8C1AEA528C006E3EB3 /* ServiceTest.swift */ = {isa = PBXFileReference; fileEncoding = 4; lastKnownFileType = sourcecode.swift; path = ServiceTest.swift; sourceTree = "<group>"; };
		C3E91F8D1AEA528C006E3EB3 /* TelephonyTest.swift */ = {isa = PBXFileReference; fileEncoding = 4; lastKnownFileType = sourcecode.swift; path = TelephonyTest.swift; sourceTree = "<group>"; };
		C3E91F8E1AEA528C006E3EB3 /* UtilsTest.swift */ = {isa = PBXFileReference; fileEncoding = 4; lastKnownFileType = sourcecode.swift; path = UtilsTest.swift; sourceTree = "<group>"; };
		C3E91F8F1AEA528C006E3EB3 /* VideoTest.swift */ = {isa = PBXFileReference; fileEncoding = 4; lastKnownFileType = sourcecode.swift; path = VideoTest.swift; sourceTree = "<group>"; };
		C3E91FA81AEA52DA006E3EB3 /* Pods.framework */ = {isa = PBXFileReference; lastKnownFileType = wrapper.framework; name = Pods.framework; path = "Pods/../build/Debug-iphoneos/Pods.framework"; sourceTree = "<group>"; };
		C3E91FAF1AEA5510006E3EB3 /* AdaptiveArpApi.framework */ = {isa = PBXFileReference; lastKnownFileType = wrapper.framework; name = AdaptiveArpApi.framework; path = "Pods/../build/Debug-iphoneos/Pods/AdaptiveArpApi.framework"; sourceTree = "<group>"; };
/* End PBXFileReference section */

/* Begin PBXFrameworksBuildPhase section */
		C35FE4831AE6A4C7002B6C54 /* Frameworks */ = {
			isa = PBXFrameworksBuildPhase;
			buildActionMask = 2147483647;
			files = (
				C3B351141AEE529800B3759E /* libsqlite3.dylib in Frameworks */,
				C37106A71AE8F2D500B40562 /* libz.dylib in Frameworks */,
				774BDDD184CEC05B7BB6445E /* Pods.framework in Frameworks */,
			);
			runOnlyForDeploymentPostprocessing = 0;
		};
		C35FE4981AE6A4C7002B6C54 /* Frameworks */ = {
			isa = PBXFrameworksBuildPhase;
			buildActionMask = 2147483647;
			files = (
				C3E91FDF1AEA576B006E3EB3 /* libz.dylib in Frameworks */,
				C3E91FA91AEA52DA006E3EB3 /* Pods.framework in Frameworks */,
			);
			runOnlyForDeploymentPostprocessing = 0;
		};
/* End PBXFrameworksBuildPhase section */

/* Begin PBXGroup section */
		1BBE83DA72308192600537F3 /* Frameworks */ = {
			isa = PBXGroup;
			children = (
				C3B351131AEE529800B3759E /* libsqlite3.dylib */,
				C3E91FAF1AEA5510006E3EB3 /* AdaptiveArpApi.framework */,
				C3E91FA81AEA52DA006E3EB3 /* Pods.framework */,
				C37106C01AE9071300B40562 /* WebKit.framework */,
				C37106BE1AE906E800B40562 /* libc++.dylib */,
				C37106A61AE8F2D500B40562 /* libz.dylib */,
				23A9D9052EACDC736182265D /* Pods.framework */,
			);
			name = Frameworks;
			sourceTree = "<group>";
		};
		5FDADEBB7ABC9A440FB5F48B /* Pods */ = {
			isa = PBXGroup;
			children = (
				B2F52AA2B01B46A72511DA18 /* Pods.debug.xcconfig */,
				9CA7C8BCD1A85C7728D03174 /* Pods.release.xcconfig */,
			);
			name = Pods;
			sourceTree = "<group>";
		};
		C35FE47B1AE6A407002B6C54 = {
			isa = PBXGroup;
			children = (
				C371063E1AE8D97300B40562 /* App */,
				C37106401AE8D97D00B40562 /* App.Source */,
				C35FE4881AE6A4C7002B6C54 /* AdaptiveArpRtiOS */,
				C35FE49E1AE6A4C7002B6C54 /* AdaptiveArpRtiOSTests */,
				1BBE83DA72308192600537F3 /* Frameworks */,
				5FDADEBB7ABC9A440FB5F48B /* Pods */,
				C35FE4871AE6A4C7002B6C54 /* Products */,
				C37106421AE8D98800B40562 /* Sources.Common */,
				C37106431AE8D99500B40562 /* Sources.Impl */,
			);
			sourceTree = "<group>";
		};
		C35FE4871AE6A4C7002B6C54 /* Products */ = {
			isa = PBXGroup;
			children = (
				C35FE4861AE6A4C7002B6C54 /* AdaptiveArpRtiOS.app */,
				C35FE49B1AE6A4C7002B6C54 /* AdaptiveArpRtiOSTests.xctest */,
			);
			name = Products;
			sourceTree = "<group>";
		};
		C35FE4881AE6A4C7002B6C54 /* AdaptiveArpRtiOS */ = {
			isa = PBXGroup;
			children = (
				C35FE48B1AE6A4C7002B6C54 /* AppDelegate.swift */,
				C371062D1AE8D6F900B40562 /* BaseViewController.swift */,
				C371062E1AE8D6F900B40562 /* BrowserViewController.swift */,
				C371062F1AE8D6F900B40562 /* MediaViewController.swift */,
				C37106301AE8D6F900B40562 /* NavigationProperties.swift */,
				C35FE48D1AE6A4C7002B6C54 /* ViewController.swift */,
				C35FE4921AE6A4C7002B6C54 /* Images.xcassets */,
				C37106371AE8D7D900B40562 /* Main.storyboard */,
				C35FE4891AE6A4C7002B6C54 /* Supporting Files */,
			);
			path = AdaptiveArpRtiOS;
			sourceTree = "<group>";
		};
		C35FE4891AE6A4C7002B6C54 /* Supporting Files */ = {
			isa = PBXGroup;
			children = (
				C35FE48A1AE6A4C7002B6C54 /* Info.plist */,
			);
			name = "Supporting Files";
			sourceTree = "<group>";
		};
		C35FE49E1AE6A4C7002B6C54 /* AdaptiveArpRtiOSTests */ = {
			isa = PBXGroup;
			children = (
				C3E91F781AEA528C006E3EB3 /* AccelerationTest.swift */,
				C3E91F791AEA528C006E3EB3 /* BrowserTest.swift */,
				C3E91F7A1AEA528C006E3EB3 /* CapabilitiesTest.swift */,
				C3E91F7B1AEA528C006E3EB3 /* ContactTest.swift */,
				C3B351281AEE6F1600B3759E /* DatabaseTest.swift */,
				C3E91F7D1AEA528C006E3EB3 /* DeviceTest.swift */,
				C3E91F7E1AEA528C006E3EB3 /* DisplayTest.swift */,
				C3E91F7F1AEA528C006E3EB3 /* FileSystemTest.swift */,
				C3E91F801AEA528C006E3EB3 /* FileTest.swift */,
				C3E91F811AEA528C006E3EB3 /* GeolocationTest.swift */,
				C3E91F821AEA528C006E3EB3 /* GlobalizationTest.swift */,
				C3E91F831AEA528C006E3EB3 /* LifecycleTest.swift */,
				C3E91F841AEA528C006E3EB3 /* LoggingTest.swift */,
				C3E91F851AEA528C006E3EB3 /* MailTest.swift */,
				C3E91F861AEA528C006E3EB3 /* MessagingTest.swift */,
				C3E91F871AEA528C006E3EB3 /* NetworkReachabilityTest.swift */,
				C3E91F881AEA528C006E3EB3 /* NetworkStatusTest.swift */,
				C3E91F891AEA528C006E3EB3 /* OSTest.swift */,
				C3E91F8A1AEA528C006E3EB3 /* RuntimeTest.swift */,
				C3E91F8B1AEA528C006E3EB3 /* SecurityTest.swift */,
				C3E91F8C1AEA528C006E3EB3 /* ServiceTest.swift */,
				C3E91F8D1AEA528C006E3EB3 /* TelephonyTest.swift */,
				C3E91F8E1AEA528C006E3EB3 /* UtilsTest.swift */,
				C3E91F8F1AEA528C006E3EB3 /* VideoTest.swift */,
				C35FE49F1AE6A4C7002B6C54 /* Supporting Files */,
			);
			path = AdaptiveArpRtiOSTests;
			sourceTree = "<group>";
		};
		C35FE49F1AE6A4C7002B6C54 /* Supporting Files */ = {
			isa = PBXGroup;
			children = (
				C35FE4A01AE6A4C7002B6C54 /* Info.plist */,
			);
			name = "Supporting Files";
			sourceTree = "<group>";
		};
		C37106421AE8D98800B40562 /* Sources.Common */ = {
			isa = PBXGroup;
			children = (
				C37106A11AE8E23400B40562 /* Adaptive-Bridging-Header.h */,
				C37106A21AE8E44400B40562 /* Compression */,
				C37106A81AE8F31C00B40562 /* Core */,
				C37106881AE8DE0C00B40562 /* Resources */,
				C371068F1AE8E00000B40562 /* StreamUtils */,
				C371067C1AE8DAA900B40562 /* Utils */,
			);
			name = Sources.Common;
			path = Source/Sources.Common;
			sourceTree = "<group>";
		};
		C37106431AE8D99500B40562 /* Sources.Impl */ = {
			isa = PBXGroup;
			children = (
				C37106441AE8D9C400B40562 /* AccelerationDelegate.swift */,
				C37106451AE8D9C400B40562 /* AppContextDelegate.swift */,
				C37106461AE8D9C400B40562 /* AppContextWebviewDelegate.swift */,
				C37106471AE8D9C400B40562 /* BrowserDelegate.swift */,
				C37106481AE8D9C400B40562 /* CapabilitiesDelegate.swift */,
				C37106491AE8D9C400B40562 /* ContactDelegate.swift */,
				C3B351151AEE530600B3759E /* DatabaseDelegate.swift */,
				C371064B1AE8D9C400B40562 /* DeviceDelegate.swift */,
				C371064C1AE8D9C400B40562 /* DisplayDelegate.swift */,
				C371064D1AE8D9C400B40562 /* FileDelegate.swift */,
				C371064E1AE8D9C400B40562 /* FileSystemDelegate.swift */,
				C371064F1AE8D9C400B40562 /* GeolocationDelegate.swift */,
				C37106841AE8DD1800B40562 /* GlobalizationDelegate.swift */,
				C37106511AE8D9C400B40562 /* LifecycleDelegate.swift */,
				C37106521AE8D9C400B40562 /* LoggingDelegate.swift */,
				C37106531AE8D9C400B40562 /* MailDelegate.swift */,
				C37106541AE8D9C400B40562 /* MessagingDelegate.swift */,
				C37106551AE8D9C400B40562 /* NetworkReachabilityDelegate.swift */,
				C37106561AE8D9C400B40562 /* NetworkStatusDelegate.swift */,
				C37106571AE8D9C400B40562 /* OSDelegate.swift */,
				C37106581AE8D9C400B40562 /* RuntimeDelegate.swift */,
				C37106591AE8D9C400B40562 /* SecurityDelegate.swift */,
				C37106B11AE8F74C00B40562 /* ServiceDelegate.swift */,
				C371065B1AE8D9C400B40562 /* TelephonyDelegate.swift */,
				C371065C1AE8D9C400B40562 /* VideoDelegate.swift */,
			);
			name = Sources.Impl;
			path = Source/Sources.Impl;
			sourceTree = "<group>";
		};
		C371067C1AE8DAA900B40562 /* Utils */ = {
			isa = PBXGroup;
			children = (
				C37106AD1AE8F36100B40562 /* GCD.swift */,
				C371067D1AE8DAA900B40562 /* GeolocationDelegateHelper.swift */,
				C37106861AE8DD3900B40562 /* I18NParser.swift */,
				C37106AF1AE8F3CF00B40562 /* IOParser.swift */,
				C371067E1AE8DAA900B40562 /* Reachability.swift */,
				C371067F1AE8DAA900B40562 /* Utils.swift */,
			);
			name = Utils;
			path = utils;
			sourceTree = "<group>";
		};
		C37106881AE8DE0C00B40562 /* Resources */ = {
			isa = PBXGroup;
			children = (
				C371068B1AE8DE5000B40562 /* AppResourceManager.swift */,
				C37106891AE8DE0C00B40562 /* ResourceData.swift */,
				C371068D1AE8DED100B40562 /* ResourceReader.swift */,
			);
			name = Resources;
			path = resources;
			sourceTree = "<group>";
		};
		C371068F1AE8E00000B40562 /* StreamUtils */ = {
			isa = PBXGroup;
			children = (
				C37106911AE8E00000B40562 /* BTBinaryStreamReader.h */,
				C37106931AE8E00000B40562 /* BTBinaryStreamWriter.h */,
				C37106951AE8E00000B40562 /* BTBinaryTools.h */,
				C37106961AE8E00000B40562 /* BTBinaryToolsErrors.h */,
				C37106921AE8E00000B40562 /* BTBinaryStreamReader.m */,
				C37106941AE8E00000B40562 /* BTBinaryStreamWriter.m */,
				C37106901AE8E00000B40562 /* BinaryTools-Prefix.pch */,
			);
			path = StreamUtils;
			sourceTree = "<group>";
		};
		C37106A21AE8E44400B40562 /* Compression */ = {
			isa = PBXGroup;
			children = (
				C37106A31AE8E44400B40562 /* NSData+CocoaDevUsersAdditions.h */,
				C37106A41AE8E44400B40562 /* NSData+CocoaDevUsersAdditions.m */,
			);
			path = Compression;
			sourceTree = "<group>";
		};
		C37106A81AE8F31C00B40562 /* Core */ = {
			isa = PBXGroup;
			children = (
				C37106A91AE8F31C00B40562 /* HttpInterceptorProtocol.swift */,
				C37106AA1AE8F31C00B40562 /* ServiceHandler.swift */,
			);
			path = Core;
			sourceTree = "<group>";
		};
/* End PBXGroup section */

/* Begin PBXLegacyTarget section */
		C37106B81AE9008800B40562 /* AppPackiOS */ = {
			isa = PBXLegacyTarget;
			buildArgumentsString = "$SRCROOT $ACTION";
			buildConfigurationList = C37106B91AE9008800B40562 /* Build configuration list for PBXLegacyTarget "AppPackiOS" */;
			buildPhases = (
			);
			buildToolPath = ./package.sh;
			buildWorkingDirectory = "";
			dependencies = (
			);
			name = AppPackiOS;
			passBuildSettingsInEnvironment = 1;
			productName = AppPackiOS;
		};
/* End PBXLegacyTarget section */

/* Begin PBXNativeTarget section */
		C35FE4851AE6A4C7002B6C54 /* AdaptiveArpRtiOS */ = {
			isa = PBXNativeTarget;
			buildConfigurationList = C35FE4A71AE6A4C7002B6C54 /* Build configuration list for PBXNativeTarget "AdaptiveArpRtiOS" */;
			buildPhases = (
				91D7CD9ABD459510BF77676A /* Check Pods Manifest.lock */,
				C35FE4821AE6A4C7002B6C54 /* Sources */,
				C35FE4831AE6A4C7002B6C54 /* Frameworks */,
				C35FE4841AE6A4C7002B6C54 /* Resources */,
				46C6566C9081A477EC9AD61F /* Embed Pods Frameworks */,
				0CB85B41B415384BDEF58855 /* Copy Pods Resources */,
				C3B3511A1AEE537A00B3759E /* CopyFiles */,
			);
			buildRules = (
			);
			dependencies = (
				C37106BD1AE900AD00B40562 /* PBXTargetDependency */,
			);
			name = AdaptiveArpRtiOS;
			productName = AdaptiveArpRtiOS;
			productReference = C35FE4861AE6A4C7002B6C54 /* AdaptiveArpRtiOS.app */;
			productType = "com.apple.product-type.application";
		};
		C35FE49A1AE6A4C7002B6C54 /* AdaptiveArpRtiOSTests */ = {
			isa = PBXNativeTarget;
			buildConfigurationList = C35FE4A81AE6A4C7002B6C54 /* Build configuration list for PBXNativeTarget "AdaptiveArpRtiOSTests" */;
			buildPhases = (
				C35FE4971AE6A4C7002B6C54 /* Sources */,
				C35FE4981AE6A4C7002B6C54 /* Frameworks */,
				C35FE4991AE6A4C7002B6C54 /* Resources */,
			);
			buildRules = (
			);
			dependencies = (
				C35FE49D1AE6A4C7002B6C54 /* PBXTargetDependency */,
			);
			name = AdaptiveArpRtiOSTests;
			productName = AdaptiveArpRtiOSTests;
			productReference = C35FE49B1AE6A4C7002B6C54 /* AdaptiveArpRtiOSTests.xctest */;
			productType = "com.apple.product-type.bundle.unit-test";
		};
/* End PBXNativeTarget section */

/* Begin PBXProject section */
		C35FE47C1AE6A407002B6C54 /* Project object */ = {
			isa = PBXProject;
			attributes = {
				LastSwiftUpdateCheck = 0700;
				LastUpgradeCheck = 0630;
				TargetAttributes = {
					C35FE4851AE6A4C7002B6C54 = {
						CreatedOnToolsVersion = 6.3;
						DevelopmentTeam = 5T7H4AR6JF;
					};
					C35FE49A1AE6A4C7002B6C54 = {
						CreatedOnToolsVersion = 6.3;
						TestTargetID = C35FE4851AE6A4C7002B6C54;
					};
					C37106B81AE9008800B40562 = {
						CreatedOnToolsVersion = 6.3.1;
					};
				};
			};
			buildConfigurationList = C35FE47F1AE6A407002B6C54 /* Build configuration list for PBXProject "adaptive-arp-rt" */;
			compatibilityVersion = "Xcode 3.2";
			developmentRegion = English;
			hasScannedForEncodings = 0;
			knownRegions = (
				en,
				Base,
			);
			mainGroup = C35FE47B1AE6A407002B6C54;
			productRefGroup = C35FE4871AE6A4C7002B6C54 /* Products */;
			projectDirPath = "";
			projectRoot = "";
			targets = (
				C35FE4851AE6A4C7002B6C54 /* AdaptiveArpRtiOS */,
				C35FE49A1AE6A4C7002B6C54 /* AdaptiveArpRtiOSTests */,
				C37106B81AE9008800B40562 /* AppPackiOS */,
			);
		};
/* End PBXProject section */

/* Begin PBXResourcesBuildPhase section */
		C35FE4841AE6A4C7002B6C54 /* Resources */ = {
			isa = PBXResourcesBuildPhase;
			buildActionMask = 2147483647;
			files = (
				C371063F1AE8D97300B40562 /* App in Resources */,
				C371063A1AE8D7D900B40562 /* Main.storyboard in Resources */,
				C35FE4931AE6A4C7002B6C54 /* Images.xcassets in Resources */,
			);
			runOnlyForDeploymentPostprocessing = 0;
		};
		C35FE4991AE6A4C7002B6C54 /* Resources */ = {
			isa = PBXResourcesBuildPhase;
			buildActionMask = 2147483647;
			files = (
			);
			runOnlyForDeploymentPostprocessing = 0;
		};
/* End PBXResourcesBuildPhase section */

/* Begin PBXShellScriptBuildPhase section */
		0CB85B41B415384BDEF58855 /* Copy Pods Resources */ = {
			isa = PBXShellScriptBuildPhase;
			buildActionMask = 2147483647;
			files = (
			);
			inputPaths = (
			);
			name = "Copy Pods Resources";
			outputPaths = (
			);
			runOnlyForDeploymentPostprocessing = 0;
			shellPath = /bin/sh;
			shellScript = "\"${SRCROOT}/Pods/Target Support Files/Pods/Pods-resources.sh\"\n";
			showEnvVarsInLog = 0;
		};
		46C6566C9081A477EC9AD61F /* Embed Pods Frameworks */ = {
			isa = PBXShellScriptBuildPhase;
			buildActionMask = 2147483647;
			files = (
			);
			inputPaths = (
			);
			name = "Embed Pods Frameworks";
			outputPaths = (
			);
			runOnlyForDeploymentPostprocessing = 0;
			shellPath = /bin/sh;
			shellScript = "\"${SRCROOT}/Pods/Target Support Files/Pods/Pods-frameworks.sh\"\n";
			showEnvVarsInLog = 0;
		};
		91D7CD9ABD459510BF77676A /* Check Pods Manifest.lock */ = {
			isa = PBXShellScriptBuildPhase;
			buildActionMask = 2147483647;
			files = (
			);
			inputPaths = (
			);
			name = "Check Pods Manifest.lock";
			outputPaths = (
			);
			runOnlyForDeploymentPostprocessing = 0;
			shellPath = /bin/sh;
			shellScript = "diff \"${PODS_ROOT}/../Podfile.lock\" \"${PODS_ROOT}/Manifest.lock\" > /dev/null\nif [[ $? != 0 ]] ; then\n    cat << EOM\nerror: The sandbox is not in sync with the Podfile.lock. Run 'pod install' or update your CocoaPods installation.\nEOM\n    exit 1\nfi\n";
			showEnvVarsInLog = 0;
		};
/* End PBXShellScriptBuildPhase section */

/* Begin PBXSourcesBuildPhase section */
		C35FE4821AE6A4C7002B6C54 /* Sources */ = {
			isa = PBXSourcesBuildPhase;
			buildActionMask = 2147483647;
			files = (
				C37106AE1AE8F36100B40562 /* GCD.swift in Sources */,
				C37106851AE8DD1800B40562 /* GlobalizationDelegate.swift in Sources */,
				C37106341AE8D6F900B40562 /* NavigationProperties.swift in Sources */,
				C371066A1AE8D9C400B40562 /* LifecycleDelegate.swift in Sources */,
				C37106681AE8D9C400B40562 /* GeolocationDelegate.swift in Sources */,
				C37106741AE8D9C400B40562 /* TelephonyDelegate.swift in Sources */,
				C37106981AE8E00000B40562 /* BTBinaryStreamWriter.m in Sources */,
				C371066B1AE8D9C400B40562 /* LoggingDelegate.swift in Sources */,
				C37106601AE8D9C400B40562 /* BrowserDelegate.swift in Sources */,
				C35FE48E1AE6A4C7002B6C54 /* ViewController.swift in Sources */,
				C37106AB1AE8F31C00B40562 /* HttpInterceptorProtocol.swift in Sources */,
				C37106331AE8D6F900B40562 /* MediaViewController.swift in Sources */,
				C3B351161AEE530600B3759E /* DatabaseDelegate.swift in Sources */,
				C371068C1AE8DE5000B40562 /* AppResourceManager.swift in Sources */,
				C37106811AE8DAA900B40562 /* Reachability.swift in Sources */,
				C371066C1AE8D9C400B40562 /* MailDelegate.swift in Sources */,
				C37106B01AE8F3CF00B40562 /* IOParser.swift in Sources */,
				C371065D1AE8D9C400B40562 /* AccelerationDelegate.swift in Sources */,
				C371065E1AE8D9C400B40562 /* AppContextDelegate.swift in Sources */,
				C37106611AE8D9C400B40562 /* CapabilitiesDelegate.swift in Sources */,
				C371065F1AE8D9C400B40562 /* AppContextWebviewDelegate.swift in Sources */,
				C37106B21AE8F74C00B40562 /* ServiceDelegate.swift in Sources */,
				C37106661AE8D9C400B40562 /* FileDelegate.swift in Sources */,
				C371066E1AE8D9C400B40562 /* NetworkReachabilityDelegate.swift in Sources */,
				C37106321AE8D6F900B40562 /* BrowserViewController.swift in Sources */,
				C35FE48C1AE6A4C7002B6C54 /* AppDelegate.swift in Sources */,
				C37106801AE8DAA900B40562 /* GeolocationDelegateHelper.swift in Sources */,
				C37106311AE8D6F900B40562 /* BaseViewController.swift in Sources */,
				C37106751AE8D9C400B40562 /* VideoDelegate.swift in Sources */,
				C37106821AE8DAA900B40562 /* Utils.swift in Sources */,
				C37106AC1AE8F31C00B40562 /* ServiceHandler.swift in Sources */,
				C37106671AE8D9C400B40562 /* FileSystemDelegate.swift in Sources */,
				C371066D1AE8D9C400B40562 /* MessagingDelegate.swift in Sources */,
				C371068A1AE8DE0C00B40562 /* ResourceData.swift in Sources */,
				C37106701AE8D9C400B40562 /* OSDelegate.swift in Sources */,
				C37106A51AE8E44400B40562 /* NSData+CocoaDevUsersAdditions.m in Sources */,
				C37106711AE8D9C400B40562 /* RuntimeDelegate.swift in Sources */,
				C37106641AE8D9C400B40562 /* DeviceDelegate.swift in Sources */,
				C371068E1AE8DED100B40562 /* ResourceReader.swift in Sources */,
				C37106971AE8E00000B40562 /* BTBinaryStreamReader.m in Sources */,
				C37106871AE8DD3900B40562 /* I18NParser.swift in Sources */,
				C37106721AE8D9C400B40562 /* SecurityDelegate.swift in Sources */,
				C37106651AE8D9C400B40562 /* DisplayDelegate.swift in Sources */,
				C371066F1AE8D9C400B40562 /* NetworkStatusDelegate.swift in Sources */,
				C37106621AE8D9C400B40562 /* ContactDelegate.swift in Sources */,
			);
			runOnlyForDeploymentPostprocessing = 0;
		};
		C35FE4971AE6A4C7002B6C54 /* Sources */ = {
			isa = PBXSourcesBuildPhase;
			buildActionMask = 2147483647;
			files = (
				C3E91FCA1AEA5601006E3EB3 /* VideoDelegate.swift in Sources */,
				C3E91FCD1AEA561B006E3EB3 /* I18NParser.swift in Sources */,
				C3E91FB91AEA5601006E3EB3 /* DeviceDelegate.swift in Sources */,
				C3E91FC51AEA5601006E3EB3 /* OSDelegate.swift in Sources */,
				C3E91FBA1AEA5601006E3EB3 /* DisplayDelegate.swift in Sources */,
				C3E91FCF1AEA561B006E3EB3 /* Reachability.swift in Sources */,
				C3E91F931AEA528C006E3EB3 /* ContactTest.swift in Sources */,
				C3E91FA71AEA528C006E3EB3 /* VideoTest.swift in Sources */,
				C3E91FBE1AEA5601006E3EB3 /* GlobalizationDelegate.swift in Sources */,
				C3E91FD61AEA563E006E3EB3 /* HttpInterceptorProtocol.swift in Sources */,
				C3E91FCB1AEA561B006E3EB3 /* GCD.swift in Sources */,
				C3E91FD81AEA5644006E3EB3 /* NSData+CocoaDevUsersAdditions.m in Sources */,
				C3E91FA01AEA528C006E3EB3 /* NetworkStatusTest.swift in Sources */,
				C3E91F921AEA528C006E3EB3 /* CapabilitiesTest.swift in Sources */,
				C3E91FD51AEA5638006E3EB3 /* ResourceReader.swift in Sources */,
				C3E91FB41AEA5601006E3EB3 /* AppContextDelegate.swift in Sources */,
				C3E91F9B1AEA528C006E3EB3 /* LifecycleTest.swift in Sources */,
				C3E91FBD1AEA5601006E3EB3 /* GeolocationDelegate.swift in Sources */,
				C3E91F9F1AEA528C006E3EB3 /* NetworkReachabilityTest.swift in Sources */,
				C3E91FD71AEA563E006E3EB3 /* ServiceHandler.swift in Sources */,
				C3E91FC21AEA5601006E3EB3 /* MessagingDelegate.swift in Sources */,
				C3E91FCC1AEA561B006E3EB3 /* GeolocationDelegateHelper.swift in Sources */,
				C3E91FA11AEA528C006E3EB3 /* OSTest.swift in Sources */,
				C3E91FD41AEA5638006E3EB3 /* ResourceData.swift in Sources */,
				C3E91FCE1AEA561B006E3EB3 /* IOParser.swift in Sources */,
				C3E91FC81AEA5601006E3EB3 /* ServiceDelegate.swift in Sources */,
				C3E91FDE1AEA5698006E3EB3 /* ViewController.swift in Sources */,
				C3E91FA51AEA528C006E3EB3 /* TelephonyTest.swift in Sources */,
				C3E91FBF1AEA5601006E3EB3 /* LifecycleDelegate.swift in Sources */,
				C3B351171AEE530600B3759E /* DatabaseDelegate.swift in Sources */,
				C3E91FB31AEA5601006E3EB3 /* AccelerationDelegate.swift in Sources */,
				C3E91FDD1AEA5698006E3EB3 /* NavigationProperties.swift in Sources */,
				C3E91F911AEA528C006E3EB3 /* BrowserTest.swift in Sources */,
				C3E91F951AEA528C006E3EB3 /* DeviceTest.swift in Sources */,
				C3E91FDC1AEA5698006E3EB3 /* MediaViewController.swift in Sources */,
				C3E91F9E1AEA528C006E3EB3 /* MessagingTest.swift in Sources */,
				C3E91F971AEA528C006E3EB3 /* FileSystemTest.swift in Sources */,
				C3E91FA21AEA528C006E3EB3 /* RuntimeTest.swift in Sources */,
				C3E91FD01AEA561B006E3EB3 /* Utils.swift in Sources */,
				C3E91FC01AEA5601006E3EB3 /* LoggingDelegate.swift in Sources */,
				C3E91FC61AEA5601006E3EB3 /* RuntimeDelegate.swift in Sources */,
				C3E91FB61AEA5601006E3EB3 /* BrowserDelegate.swift in Sources */,
				C3E91FC71AEA5601006E3EB3 /* SecurityDelegate.swift in Sources */,
				C3E91FD91AEA5698006E3EB3 /* AppDelegate.swift in Sources */,
				C3E91F9D1AEA528C006E3EB3 /* MailTest.swift in Sources */,
				C3E91FA31AEA528C006E3EB3 /* SecurityTest.swift in Sources */,
				C3E91FA61AEA528C006E3EB3 /* UtilsTest.swift in Sources */,
				C3E91FA41AEA528C006E3EB3 /* ServiceTest.swift in Sources */,
				C3E91FDA1AEA5698006E3EB3 /* BaseViewController.swift in Sources */,
				C3B3512A1AEE6F1600B3759E /* DatabaseTest.swift in Sources */,
				C3E91F981AEA528C006E3EB3 /* FileTest.swift in Sources */,
				C3E91FDB1AEA5698006E3EB3 /* BrowserViewController.swift in Sources */,
				C3E91F9C1AEA528C006E3EB3 /* LoggingTest.swift in Sources */,
				C3E91FB81AEA5601006E3EB3 /* ContactDelegate.swift in Sources */,
				C3E91FC11AEA5601006E3EB3 /* MailDelegate.swift in Sources */,
				C3E91FD11AEA5632006E3EB3 /* BTBinaryStreamReader.m in Sources */,
				C3E91F901AEA528C006E3EB3 /* AccelerationTest.swift in Sources */,
				C3E91FD21AEA5632006E3EB3 /* BTBinaryStreamWriter.m in Sources */,
				C3E91FB51AEA5601006E3EB3 /* AppContextWebviewDelegate.swift in Sources */,
				C3E91F991AEA528C006E3EB3 /* GeolocationTest.swift in Sources */,
				C3E91FBC1AEA5601006E3EB3 /* FileSystemDelegate.swift in Sources */,
				C3E91FC91AEA5601006E3EB3 /* TelephonyDelegate.swift in Sources */,
				C3E91FC31AEA5601006E3EB3 /* NetworkReachabilityDelegate.swift in Sources */,
				C3E91FC41AEA5601006E3EB3 /* NetworkStatusDelegate.swift in Sources */,
				C3E91F961AEA528C006E3EB3 /* DisplayTest.swift in Sources */,
				C3E91FB71AEA5601006E3EB3 /* CapabilitiesDelegate.swift in Sources */,
				C3E91FBB1AEA5601006E3EB3 /* FileDelegate.swift in Sources */,
				C3E91F9A1AEA528C006E3EB3 /* GlobalizationTest.swift in Sources */,
				C3E91FD31AEA5638006E3EB3 /* AppResourceManager.swift in Sources */,
			);
			runOnlyForDeploymentPostprocessing = 0;
		};
/* End PBXSourcesBuildPhase section */

/* Begin PBXTargetDependency section */
		C35FE49D1AE6A4C7002B6C54 /* PBXTargetDependency */ = {
			isa = PBXTargetDependency;
			target = C35FE4851AE6A4C7002B6C54 /* AdaptiveArpRtiOS */;
			targetProxy = C35FE49C1AE6A4C7002B6C54 /* PBXContainerItemProxy */;
		};
		C37106BD1AE900AD00B40562 /* PBXTargetDependency */ = {
			isa = PBXTargetDependency;
			target = C37106B81AE9008800B40562 /* AppPackiOS */;
			targetProxy = C37106BC1AE900AD00B40562 /* PBXContainerItemProxy */;
		};
/* End PBXTargetDependency section */

/* Begin PBXVariantGroup section */
		C37106371AE8D7D900B40562 /* Main.storyboard */ = {
			isa = PBXVariantGroup;
			children = (
				C37106381AE8D7D900B40562 /* Base */,
			);
			name = Main.storyboard;
			path = ..;
			sourceTree = "<group>";
		};
/* End PBXVariantGroup section */

/* Begin XCBuildConfiguration section */
		C35FE4801AE6A407002B6C54 /* Debug */ = {
			isa = XCBuildConfiguration;
			buildSettings = {
				IPHONEOS_DEPLOYMENT_TARGET = 8.0;
				MACOSX_DEPLOYMENT_TARGET = 10.10;
				ONLY_ACTIVE_ARCH = YES;
			};
			name = Debug;
		};
		C35FE4811AE6A407002B6C54 /* Release */ = {
			isa = XCBuildConfiguration;
			buildSettings = {
				IPHONEOS_DEPLOYMENT_TARGET = 8.0;
				MACOSX_DEPLOYMENT_TARGET = 10.10;
			};
			name = Release;
		};
		C35FE4A31AE6A4C7002B6C54 /* Debug */ = {
			isa = XCBuildConfiguration;
			baseConfigurationReference = B2F52AA2B01B46A72511DA18 /* Pods.debug.xcconfig */;
			buildSettings = {
				ALWAYS_SEARCH_USER_PATHS = NO;
				ASSETCATALOG_COMPILER_APPICON_NAME = AppIcon;
				ASSETCATALOG_COMPILER_LAUNCHIMAGE_NAME = LaunchImage;
				CLANG_CXX_LANGUAGE_STANDARD = "gnu++0x";
				CLANG_CXX_LIBRARY = "libc++";
				CLANG_ENABLE_MODULES = YES;
				CLANG_ENABLE_OBJC_ARC = YES;
				CLANG_WARN_BOOL_CONVERSION = YES;
				CLANG_WARN_CONSTANT_CONVERSION = YES;
				CLANG_WARN_DIRECT_OBJC_ISA_USAGE = YES_ERROR;
				CLANG_WARN_EMPTY_BODY = YES;
				CLANG_WARN_ENUM_CONVERSION = YES;
				CLANG_WARN_INT_CONVERSION = YES;
				CLANG_WARN_OBJC_ROOT_CLASS = YES_ERROR;
				CLANG_WARN_UNREACHABLE_CODE = YES;
				CLANG_WARN__DUPLICATE_METHOD_MATCH = YES;
				CODE_SIGN_IDENTITY = "";
				"CODE_SIGN_IDENTITY[sdk=iphoneos*]" = "";
				COPY_PHASE_STRIP = NO;
				ENABLE_STRICT_OBJC_MSGSEND = YES;
				GCC_C_LANGUAGE_STANDARD = gnu99;
				GCC_DYNAMIC_NO_PIC = NO;
				GCC_NO_COMMON_BLOCKS = YES;
				GCC_OPTIMIZATION_LEVEL = 0;
				GCC_PREPROCESSOR_DEFINITIONS = (
					"DEBUG=1",
					"$(inherited)",
				);
				GCC_SYMBOLS_PRIVATE_EXTERN = NO;
				GCC_WARN_64_TO_32_BIT_CONVERSION = YES;
				GCC_WARN_ABOUT_RETURN_TYPE = YES_ERROR;
				GCC_WARN_UNDECLARED_SELECTOR = YES;
				GCC_WARN_UNINITIALIZED_AUTOS = YES_AGGRESSIVE;
				GCC_WARN_UNUSED_FUNCTION = YES;
				GCC_WARN_UNUSED_VARIABLE = YES;
				INFOPLIST_FILE = AdaptiveArpRtiOS/Info.plist;
				IPHONEOS_DEPLOYMENT_TARGET = 8.0;
				LD_RUNPATH_SEARCH_PATHS = "$(inherited) @executable_path/Frameworks";
				MTL_ENABLE_DEBUG_INFO = YES;
				ONLY_ACTIVE_ARCH = YES;
				OTHER_SWIFT_FLAGS = "$(inherited) \"-D\" \"COCOAPODS\" \"-D\" \"DEBUG\"";
				PRODUCT_NAME = "$(TARGET_NAME)";
				SDKROOT = iphoneos;
				SWIFT_OBJC_BRIDGING_HEADER = "Source/Sources.Common/Adaptive-Bridging-Header.h";
				SWIFT_OPTIMIZATION_LEVEL = "-Onone";
				TARGETED_DEVICE_FAMILY = "1,2";
			};
			name = Debug;
		};
		C35FE4A41AE6A4C7002B6C54 /* Release */ = {
			isa = XCBuildConfiguration;
			baseConfigurationReference = 9CA7C8BCD1A85C7728D03174 /* Pods.release.xcconfig */;
			buildSettings = {
				ALWAYS_SEARCH_USER_PATHS = NO;
				ASSETCATALOG_COMPILER_APPICON_NAME = AppIcon;
				ASSETCATALOG_COMPILER_LAUNCHIMAGE_NAME = LaunchImage;
				CLANG_CXX_LANGUAGE_STANDARD = "gnu++0x";
				CLANG_CXX_LIBRARY = "libc++";
				CLANG_ENABLE_MODULES = YES;
				CLANG_ENABLE_OBJC_ARC = YES;
				CLANG_WARN_BOOL_CONVERSION = YES;
				CLANG_WARN_CONSTANT_CONVERSION = YES;
				CLANG_WARN_DIRECT_OBJC_ISA_USAGE = YES_ERROR;
				CLANG_WARN_EMPTY_BODY = YES;
				CLANG_WARN_ENUM_CONVERSION = YES;
				CLANG_WARN_INT_CONVERSION = YES;
				CLANG_WARN_OBJC_ROOT_CLASS = YES_ERROR;
				CLANG_WARN_UNREACHABLE_CODE = YES;
				CLANG_WARN__DUPLICATE_METHOD_MATCH = YES;
				CODE_SIGN_IDENTITY = "iPhone Developer";
				"CODE_SIGN_IDENTITY[sdk=iphoneos*]" = "iPhone Developer";
				COPY_PHASE_STRIP = NO;
				ENABLE_NS_ASSERTIONS = NO;
				ENABLE_STRICT_OBJC_MSGSEND = YES;
				GCC_C_LANGUAGE_STANDARD = gnu99;
				GCC_NO_COMMON_BLOCKS = YES;
				GCC_OPTIMIZATION_LEVEL = fast;
				GCC_WARN_64_TO_32_BIT_CONVERSION = YES;
				GCC_WARN_ABOUT_RETURN_TYPE = YES_ERROR;
				GCC_WARN_UNDECLARED_SELECTOR = YES;
				GCC_WARN_UNINITIALIZED_AUTOS = YES_AGGRESSIVE;
				GCC_WARN_UNUSED_FUNCTION = YES;
				GCC_WARN_UNUSED_VARIABLE = YES;
				INFOPLIST_FILE = AdaptiveArpRtiOS/Info.plist;
				IPHONEOS_DEPLOYMENT_TARGET = 8.0;
				LD_RUNPATH_SEARCH_PATHS = "$(inherited) @executable_path/Frameworks";
				MTL_ENABLE_DEBUG_INFO = NO;
				PRODUCT_NAME = "$(TARGET_NAME)";
				SDKROOT = iphoneos;
				SWIFT_OBJC_BRIDGING_HEADER = "Source/Sources.Common/Adaptive-Bridging-Header.h";
				TARGETED_DEVICE_FAMILY = "1,2";
				VALIDATE_PRODUCT = YES;
			};
			name = Release;
		};
		C35FE4A51AE6A4C7002B6C54 /* Debug */ = {
			isa = XCBuildConfiguration;
			baseConfigurationReference = B2F52AA2B01B46A72511DA18 /* Pods.debug.xcconfig */;
			buildSettings = {
				ALWAYS_SEARCH_USER_PATHS = NO;
				BUNDLE_LOADER = "$(TEST_HOST)";
				CLANG_CXX_LANGUAGE_STANDARD = "gnu++0x";
				CLANG_CXX_LIBRARY = "libc++";
				CLANG_ENABLE_MODULES = YES;
				CLANG_ENABLE_OBJC_ARC = YES;
				CLANG_WARN_BOOL_CONVERSION = YES;
				CLANG_WARN_CONSTANT_CONVERSION = YES;
				CLANG_WARN_DIRECT_OBJC_ISA_USAGE = YES_ERROR;
				CLANG_WARN_EMPTY_BODY = YES;
				CLANG_WARN_ENUM_CONVERSION = YES;
				CLANG_WARN_INT_CONVERSION = YES;
				CLANG_WARN_OBJC_ROOT_CLASS = YES_ERROR;
				CLANG_WARN_UNREACHABLE_CODE = YES;
				CLANG_WARN__DUPLICATE_METHOD_MATCH = YES;
				CODE_SIGN_IDENTITY = "iPhone Developer";
				COPY_PHASE_STRIP = NO;
				DEBUG_INFORMATION_FORMAT = "dwarf-with-dsym";
				ENABLE_STRICT_OBJC_MSGSEND = YES;
				FRAMEWORK_SEARCH_PATHS = (
					"$(SDKROOT)/Developer/Library/Frameworks",
					"$(inherited)",
					"$(PROJECT_DIR)/build/Debug-iphoneos",
					"$(PROJECT_DIR)/build/Debug-iphoneos/Pods",
				);
				GCC_C_LANGUAGE_STANDARD = gnu99;
				GCC_DYNAMIC_NO_PIC = NO;
				GCC_NO_COMMON_BLOCKS = YES;
				GCC_OPTIMIZATION_LEVEL = 0;
				GCC_PREPROCESSOR_DEFINITIONS = (
					"DEBUG=1",
					"$(inherited)",
				);
				GCC_SYMBOLS_PRIVATE_EXTERN = NO;
				GCC_WARN_64_TO_32_BIT_CONVERSION = YES;
				GCC_WARN_ABOUT_RETURN_TYPE = YES_ERROR;
				GCC_WARN_UNDECLARED_SELECTOR = YES;
				GCC_WARN_UNINITIALIZED_AUTOS = YES_AGGRESSIVE;
				GCC_WARN_UNUSED_FUNCTION = YES;
				GCC_WARN_UNUSED_VARIABLE = YES;
				INFOPLIST_FILE = AdaptiveArpRtiOSTests/Info.plist;
				IPHONEOS_DEPLOYMENT_TARGET = 8.3;
				LD_RUNPATH_SEARCH_PATHS = "$(inherited) @executable_path/Frameworks @loader_path/Frameworks";
				MTL_ENABLE_DEBUG_INFO = YES;
				ONLY_ACTIVE_ARCH = YES;
				PRODUCT_NAME = "$(TARGET_NAME)";
				SDKROOT = iphoneos;
				SWIFT_OBJC_BRIDGING_HEADER = "Source/Sources.Common/Adaptive-Bridging-Header.h";
				TEST_HOST = "$(BUILT_PRODUCTS_DIR)/AdaptiveArpRtiOS.app/AdaptiveArpRtiOS";
			};
			name = Debug;
		};
		C35FE4A61AE6A4C7002B6C54 /* Release */ = {
			isa = XCBuildConfiguration;
			baseConfigurationReference = 9CA7C8BCD1A85C7728D03174 /* Pods.release.xcconfig */;
			buildSettings = {
				ALWAYS_SEARCH_USER_PATHS = NO;
				BUNDLE_LOADER = "$(TEST_HOST)";
				CLANG_CXX_LANGUAGE_STANDARD = "gnu++0x";
				CLANG_CXX_LIBRARY = "libc++";
				CLANG_ENABLE_MODULES = YES;
				CLANG_ENABLE_OBJC_ARC = YES;
				CLANG_WARN_BOOL_CONVERSION = YES;
				CLANG_WARN_CONSTANT_CONVERSION = YES;
				CLANG_WARN_DIRECT_OBJC_ISA_USAGE = YES_ERROR;
				CLANG_WARN_EMPTY_BODY = YES;
				CLANG_WARN_ENUM_CONVERSION = YES;
				CLANG_WARN_INT_CONVERSION = YES;
				CLANG_WARN_OBJC_ROOT_CLASS = YES_ERROR;
				CLANG_WARN_UNREACHABLE_CODE = YES;
				CLANG_WARN__DUPLICATE_METHOD_MATCH = YES;
				CODE_SIGN_IDENTITY = "iPhone Developer";
				COPY_PHASE_STRIP = NO;
				DEBUG_INFORMATION_FORMAT = "dwarf-with-dsym";
				ENABLE_NS_ASSERTIONS = NO;
				ENABLE_STRICT_OBJC_MSGSEND = YES;
				FRAMEWORK_SEARCH_PATHS = (
					"$(SDKROOT)/Developer/Library/Frameworks",
					"$(inherited)",
					"$(PROJECT_DIR)/build/Debug-iphoneos",
					"$(PROJECT_DIR)/build/Debug-iphoneos/Pods",
				);
				GCC_C_LANGUAGE_STANDARD = gnu99;
				GCC_NO_COMMON_BLOCKS = YES;
				GCC_WARN_64_TO_32_BIT_CONVERSION = YES;
				GCC_WARN_ABOUT_RETURN_TYPE = YES_ERROR;
				GCC_WARN_UNDECLARED_SELECTOR = YES;
				GCC_WARN_UNINITIALIZED_AUTOS = YES_AGGRESSIVE;
				GCC_WARN_UNUSED_FUNCTION = YES;
				GCC_WARN_UNUSED_VARIABLE = YES;
				INFOPLIST_FILE = AdaptiveArpRtiOSTests/Info.plist;
				IPHONEOS_DEPLOYMENT_TARGET = 8.3;
				LD_RUNPATH_SEARCH_PATHS = "$(inherited) @executable_path/Frameworks @loader_path/Frameworks";
				MTL_ENABLE_DEBUG_INFO = NO;
				PRODUCT_NAME = "$(TARGET_NAME)";
				SDKROOT = iphoneos;
				SWIFT_OBJC_BRIDGING_HEADER = "Source/Sources.Common/Adaptive-Bridging-Header.h";
				TEST_HOST = "$(BUILT_PRODUCTS_DIR)/AdaptiveArpRtiOS.app/AdaptiveArpRtiOS";
				VALIDATE_PRODUCT = YES;
			};
			name = Release;
		};
		C37106BA1AE9008800B40562 /* Debug */ = {
			isa = XCBuildConfiguration;
			buildSettings = {
				ALWAYS_SEARCH_USER_PATHS = NO;
				CLANG_CXX_LANGUAGE_STANDARD = "gnu++0x";
				CLANG_CXX_LIBRARY = "libc++";
				CLANG_ENABLE_MODULES = YES;
				CLANG_ENABLE_OBJC_ARC = YES;
				CLANG_WARN_BOOL_CONVERSION = YES;
				CLANG_WARN_CONSTANT_CONVERSION = YES;
				CLANG_WARN_DIRECT_OBJC_ISA_USAGE = YES_ERROR;
				CLANG_WARN_EMPTY_BODY = YES;
				CLANG_WARN_ENUM_CONVERSION = YES;
				CLANG_WARN_INT_CONVERSION = YES;
				CLANG_WARN_OBJC_ROOT_CLASS = YES_ERROR;
				CLANG_WARN_UNREACHABLE_CODE = YES;
				CLANG_WARN__DUPLICATE_METHOD_MATCH = YES;
				COPY_PHASE_STRIP = NO;
				DEBUGGING_SYMBOLS = YES;
				DEBUG_INFORMATION_FORMAT = dwarf;
				ENABLE_STRICT_OBJC_MSGSEND = YES;
				GCC_C_LANGUAGE_STANDARD = gnu99;
				GCC_DYNAMIC_NO_PIC = NO;
				GCC_GENERATE_DEBUGGING_SYMBOLS = YES;
				GCC_NO_COMMON_BLOCKS = YES;
				GCC_OPTIMIZATION_LEVEL = 0;
				GCC_PREPROCESSOR_DEFINITIONS = (
					"DEBUG=1",
					"$(inherited)",
				);
				GCC_SYMBOLS_PRIVATE_EXTERN = NO;
				GCC_WARN_64_TO_32_BIT_CONVERSION = YES;
				GCC_WARN_ABOUT_RETURN_TYPE = YES_ERROR;
				GCC_WARN_UNDECLARED_SELECTOR = YES;
				GCC_WARN_UNINITIALIZED_AUTOS = YES_AGGRESSIVE;
				GCC_WARN_UNUSED_FUNCTION = YES;
				GCC_WARN_UNUSED_VARIABLE = YES;
				MACOSX_DEPLOYMENT_TARGET = 10.10;
				MTL_ENABLE_DEBUG_INFO = YES;
				OTHER_CFLAGS = "";
				OTHER_LDFLAGS = "";
				PRODUCT_NAME = "$(TARGET_NAME)";
				SDKROOT = macosx;
			};
			name = Debug;
		};
		C37106BB1AE9008800B40562 /* Release */ = {
			isa = XCBuildConfiguration;
			buildSettings = {
				ALWAYS_SEARCH_USER_PATHS = NO;
				CLANG_CXX_LANGUAGE_STANDARD = "gnu++0x";
				CLANG_CXX_LIBRARY = "libc++";
				CLANG_ENABLE_MODULES = YES;
				CLANG_ENABLE_OBJC_ARC = YES;
				CLANG_WARN_BOOL_CONVERSION = YES;
				CLANG_WARN_CONSTANT_CONVERSION = YES;
				CLANG_WARN_DIRECT_OBJC_ISA_USAGE = YES_ERROR;
				CLANG_WARN_EMPTY_BODY = YES;
				CLANG_WARN_ENUM_CONVERSION = YES;
				CLANG_WARN_INT_CONVERSION = YES;
				CLANG_WARN_OBJC_ROOT_CLASS = YES_ERROR;
				CLANG_WARN_UNREACHABLE_CODE = YES;
				CLANG_WARN__DUPLICATE_METHOD_MATCH = YES;
				COPY_PHASE_STRIP = NO;
				DEBUG_INFORMATION_FORMAT = "dwarf-with-dsym";
				ENABLE_NS_ASSERTIONS = NO;
				ENABLE_STRICT_OBJC_MSGSEND = YES;
				GCC_C_LANGUAGE_STANDARD = gnu99;
				GCC_NO_COMMON_BLOCKS = YES;
				GCC_WARN_64_TO_32_BIT_CONVERSION = YES;
				GCC_WARN_ABOUT_RETURN_TYPE = YES_ERROR;
				GCC_WARN_UNDECLARED_SELECTOR = YES;
				GCC_WARN_UNINITIALIZED_AUTOS = YES_AGGRESSIVE;
				GCC_WARN_UNUSED_FUNCTION = YES;
				GCC_WARN_UNUSED_VARIABLE = YES;
				MACOSX_DEPLOYMENT_TARGET = 10.10;
				MTL_ENABLE_DEBUG_INFO = NO;
				OTHER_CFLAGS = "";
				OTHER_LDFLAGS = "";
				PRODUCT_NAME = "$(TARGET_NAME)";
				SDKROOT = macosx;
			};
			name = Release;
		};
/* End XCBuildConfiguration section */

/* Begin XCConfigurationList section */
		C35FE47F1AE6A407002B6C54 /* Build configuration list for PBXProject "adaptive-arp-rt" */ = {
			isa = XCConfigurationList;
			buildConfigurations = (
				C35FE4801AE6A407002B6C54 /* Debug */,
				C35FE4811AE6A407002B6C54 /* Release */,
			);
			defaultConfigurationIsVisible = 0;
			defaultConfigurationName = Release;
		};
		C35FE4A71AE6A4C7002B6C54 /* Build configuration list for PBXNativeTarget "AdaptiveArpRtiOS" */ = {
			isa = XCConfigurationList;
			buildConfigurations = (
				C35FE4A31AE6A4C7002B6C54 /* Debug */,
				C35FE4A41AE6A4C7002B6C54 /* Release */,
			);
			defaultConfigurationIsVisible = 0;
			defaultConfigurationName = Release;
		};
		C35FE4A81AE6A4C7002B6C54 /* Build configuration list for PBXNativeTarget "AdaptiveArpRtiOSTests" */ = {
			isa = XCConfigurationList;
			buildConfigurations = (
				C35FE4A51AE6A4C7002B6C54 /* Debug */,
				C35FE4A61AE6A4C7002B6C54 /* Release */,
			);
			defaultConfigurationIsVisible = 0;
			defaultConfigurationName = Release;
		};
		C37106B91AE9008800B40562 /* Build configuration list for PBXLegacyTarget "AppPackiOS" */ = {
			isa = XCConfigurationList;
			buildConfigurations = (
				C37106BA1AE9008800B40562 /* Debug */,
				C37106BB1AE9008800B40562 /* Release */,
			);
			defaultConfigurationIsVisible = 0;
			defaultConfigurationName = Release;
		};
/* End XCConfigurationList section */
	};
	rootObject = C35FE47C1AE6A407002B6C54 /* Project object */;
}
