// !$*UTF8*$!
{
	archiveVersion = 1;
	classes = {
	};
	objectVersion = 46;
	objects = {

/* Begin PBXBuildFile section */
		4E35921F1A166600009E3D03 /* NSData+CocoaDevUsersAdditions.h in Headers */ = {isa = PBXBuildFile; fileRef = 4E35921D1A166600009E3D03 /* NSData+CocoaDevUsersAdditions.h */; };
		4E3592201A166600009E3D03 /* NSData+CocoaDevUsersAdditions.h in Headers */ = {isa = PBXBuildFile; fileRef = 4E35921D1A166600009E3D03 /* NSData+CocoaDevUsersAdditions.h */; };
		4E3592211A166600009E3D03 /* NSData+CocoaDevUsersAdditions.m in Sources */ = {isa = PBXBuildFile; fileRef = 4E35921E1A166600009E3D03 /* NSData+CocoaDevUsersAdditions.m */; };
		4E3592221A166600009E3D03 /* NSData+CocoaDevUsersAdditions.m in Sources */ = {isa = PBXBuildFile; fileRef = 4E35921E1A166600009E3D03 /* NSData+CocoaDevUsersAdditions.m */; };
		4E35923B1A166639009E3D03 /* ArrayExtension.swift in Sources */ = {isa = PBXBuildFile; fileRef = 4E3592241A166639009E3D03 /* ArrayExtension.swift */; };
		4E35923C1A166639009E3D03 /* ArrayExtension.swift in Sources */ = {isa = PBXBuildFile; fileRef = 4E3592241A166639009E3D03 /* ArrayExtension.swift */; };
		4E35923D1A166639009E3D03 /* Authenticator.swift in Sources */ = {isa = PBXBuildFile; fileRef = 4E3592251A166639009E3D03 /* Authenticator.swift */; };
		4E35923E1A166639009E3D03 /* Authenticator.swift in Sources */ = {isa = PBXBuildFile; fileRef = 4E3592251A166639009E3D03 /* Authenticator.swift */; };
		4E35923F1A166639009E3D03 /* BitExtension.swift in Sources */ = {isa = PBXBuildFile; fileRef = 4E3592261A166639009E3D03 /* BitExtension.swift */; };
		4E3592401A166639009E3D03 /* BitExtension.swift in Sources */ = {isa = PBXBuildFile; fileRef = 4E3592261A166639009E3D03 /* BitExtension.swift */; };
		4E3592411A166639009E3D03 /* ByteExtension.swift in Sources */ = {isa = PBXBuildFile; fileRef = 4E3592271A166639009E3D03 /* ByteExtension.swift */; };
		4E3592421A166639009E3D03 /* ByteExtension.swift in Sources */ = {isa = PBXBuildFile; fileRef = 4E3592271A166639009E3D03 /* ByteExtension.swift */; };
		4E3592431A166639009E3D03 /* ChaCha20.swift in Sources */ = {isa = PBXBuildFile; fileRef = 4E3592281A166639009E3D03 /* ChaCha20.swift */; };
		4E3592441A166639009E3D03 /* ChaCha20.swift in Sources */ = {isa = PBXBuildFile; fileRef = 4E3592281A166639009E3D03 /* ChaCha20.swift */; };
		4E3592451A166639009E3D03 /* Cipher.swift in Sources */ = {isa = PBXBuildFile; fileRef = 4E3592291A166639009E3D03 /* Cipher.swift */; };
		4E3592461A166639009E3D03 /* Cipher.swift in Sources */ = {isa = PBXBuildFile; fileRef = 4E3592291A166639009E3D03 /* Cipher.swift */; };
		4E3592471A166639009E3D03 /* CRC.swift in Sources */ = {isa = PBXBuildFile; fileRef = 4E35922A1A166639009E3D03 /* CRC.swift */; };
		4E3592481A166639009E3D03 /* CRC.swift in Sources */ = {isa = PBXBuildFile; fileRef = 4E35922A1A166639009E3D03 /* CRC.swift */; };
		4E3592491A166639009E3D03 /* CryptoHashBase.swift in Sources */ = {isa = PBXBuildFile; fileRef = 4E35922B1A166639009E3D03 /* CryptoHashBase.swift */; };
		4E35924A1A166639009E3D03 /* CryptoHashBase.swift in Sources */ = {isa = PBXBuildFile; fileRef = 4E35922B1A166639009E3D03 /* CryptoHashBase.swift */; };
		4E35924B1A166639009E3D03 /* CryptoSwift.h in Headers */ = {isa = PBXBuildFile; fileRef = 4E35922C1A166639009E3D03 /* CryptoSwift.h */; };
		4E35924C1A166639009E3D03 /* CryptoSwift.h in Headers */ = {isa = PBXBuildFile; fileRef = 4E35922C1A166639009E3D03 /* CryptoSwift.h */; };
		4E35924D1A166639009E3D03 /* Generics.swift in Sources */ = {isa = PBXBuildFile; fileRef = 4E35922D1A166639009E3D03 /* Generics.swift */; };
		4E35924E1A166639009E3D03 /* Generics.swift in Sources */ = {isa = PBXBuildFile; fileRef = 4E35922D1A166639009E3D03 /* Generics.swift */; };
		4E35924F1A166639009E3D03 /* Hash.swift in Sources */ = {isa = PBXBuildFile; fileRef = 4E35922E1A166639009E3D03 /* Hash.swift */; };
		4E3592501A166639009E3D03 /* Hash.swift in Sources */ = {isa = PBXBuildFile; fileRef = 4E35922E1A166639009E3D03 /* Hash.swift */; };
		4E3592511A166639009E3D03 /* IntExtension.swift in Sources */ = {isa = PBXBuildFile; fileRef = 4E35922F1A166639009E3D03 /* IntExtension.swift */; };
		4E3592521A166639009E3D03 /* IntExtension.swift in Sources */ = {isa = PBXBuildFile; fileRef = 4E35922F1A166639009E3D03 /* IntExtension.swift */; };
		4E3592531A166639009E3D03 /* MD5.swift in Sources */ = {isa = PBXBuildFile; fileRef = 4E3592301A166639009E3D03 /* MD5.swift */; };
		4E3592541A166639009E3D03 /* MD5.swift in Sources */ = {isa = PBXBuildFile; fileRef = 4E3592301A166639009E3D03 /* MD5.swift */; };
		4E3592551A166639009E3D03 /* NSDataExtension.swift in Sources */ = {isa = PBXBuildFile; fileRef = 4E3592311A166639009E3D03 /* NSDataExtension.swift */; };
		4E3592561A166639009E3D03 /* NSDataExtension.swift in Sources */ = {isa = PBXBuildFile; fileRef = 4E3592311A166639009E3D03 /* NSDataExtension.swift */; };
		4E3592571A166639009E3D03 /* Operators.swift in Sources */ = {isa = PBXBuildFile; fileRef = 4E3592321A166639009E3D03 /* Operators.swift */; };
		4E3592581A166639009E3D03 /* Operators.swift in Sources */ = {isa = PBXBuildFile; fileRef = 4E3592321A166639009E3D03 /* Operators.swift */; };
		4E3592591A166639009E3D03 /* Poly1305.swift in Sources */ = {isa = PBXBuildFile; fileRef = 4E3592331A166639009E3D03 /* Poly1305.swift */; };
		4E35925A1A166639009E3D03 /* Poly1305.swift in Sources */ = {isa = PBXBuildFile; fileRef = 4E3592331A166639009E3D03 /* Poly1305.swift */; };
		4E35925B1A166639009E3D03 /* SHA1.swift in Sources */ = {isa = PBXBuildFile; fileRef = 4E3592341A166639009E3D03 /* SHA1.swift */; };
		4E35925C1A166639009E3D03 /* SHA1.swift in Sources */ = {isa = PBXBuildFile; fileRef = 4E3592341A166639009E3D03 /* SHA1.swift */; };
		4E35925D1A166639009E3D03 /* SHA2.swift in Sources */ = {isa = PBXBuildFile; fileRef = 4E3592351A166639009E3D03 /* SHA2.swift */; };
		4E35925E1A166639009E3D03 /* SHA2.swift in Sources */ = {isa = PBXBuildFile; fileRef = 4E3592351A166639009E3D03 /* SHA2.swift */; };
		4E35925F1A166639009E3D03 /* StringExtension.swift in Sources */ = {isa = PBXBuildFile; fileRef = 4E3592361A166639009E3D03 /* StringExtension.swift */; };
		4E3592601A166639009E3D03 /* StringExtension.swift in Sources */ = {isa = PBXBuildFile; fileRef = 4E3592361A166639009E3D03 /* StringExtension.swift */; };
		4E3592611A166639009E3D03 /* UInt16Extension.swift in Sources */ = {isa = PBXBuildFile; fileRef = 4E3592371A166639009E3D03 /* UInt16Extension.swift */; };
		4E3592621A166639009E3D03 /* UInt16Extension.swift in Sources */ = {isa = PBXBuildFile; fileRef = 4E3592371A166639009E3D03 /* UInt16Extension.swift */; };
		4E3592631A166639009E3D03 /* UInt32Extension.swift in Sources */ = {isa = PBXBuildFile; fileRef = 4E3592381A166639009E3D03 /* UInt32Extension.swift */; };
		4E3592641A166639009E3D03 /* UInt32Extension.swift in Sources */ = {isa = PBXBuildFile; fileRef = 4E3592381A166639009E3D03 /* UInt32Extension.swift */; };
		4E3592651A166639009E3D03 /* UInt64Extension.swift in Sources */ = {isa = PBXBuildFile; fileRef = 4E3592391A166639009E3D03 /* UInt64Extension.swift */; };
		4E3592661A166639009E3D03 /* UInt64Extension.swift in Sources */ = {isa = PBXBuildFile; fileRef = 4E3592391A166639009E3D03 /* UInt64Extension.swift */; };
		4E3592861A1666D6009E3D03 /* Adaptive-Bridging-Header.h in Headers */ = {isa = PBXBuildFile; fileRef = 4E3592851A1666D6009E3D03 /* Adaptive-Bridging-Header.h */; };
		4E3592871A1666D6009E3D03 /* Adaptive-Bridging-Header.h in Headers */ = {isa = PBXBuildFile; fileRef = 4E3592851A1666D6009E3D03 /* Adaptive-Bridging-Header.h */; };
		4E3592891A166890009E3D03 /* libz.dylib in Frameworks */ = {isa = PBXBuildFile; fileRef = 4E3592881A166890009E3D03 /* libz.dylib */; };
		4E35928B1A16689A009E3D03 /* libz.dylib in Frameworks */ = {isa = PBXBuildFile; fileRef = 4E35928A1A16689A009E3D03 /* libz.dylib */; };
		4E65093B1A1376C800B593F9 /* AppResourceManager.swift in Sources */ = {isa = PBXBuildFile; fileRef = 4E6509291A1376B700B593F9 /* AppResourceManager.swift */; };
		4E65093C1A1376C900B593F9 /* AppResourceManager.swift in Sources */ = {isa = PBXBuildFile; fileRef = 4E6509291A1376B700B593F9 /* AppResourceManager.swift */; };
		4E95237F1A113AD8009C4295 /* Alamofire.framework in Embedded Dependencies */ = {isa = PBXBuildFile; fileRef = 4EC1C1781A0C05E80026ED0B /* Alamofire.framework */; settings = {ATTRIBUTES = (CodeSignOnCopy, RemoveHeadersOnCopy, ); }; };
		4E9523801A113AE1009C4295 /* SwiftyJSON.framework in Embedded Dependencies */ = {isa = PBXBuildFile; fileRef = 4EC1C1F71A0C1E170026ED0B /* SwiftyJSON.framework */; settings = {ATTRIBUTES = (CodeSignOnCopy, RemoveHeadersOnCopy, ); }; };
		4E9523811A113AED009C4295 /* SQLite.framework in Embedded Dependencies */ = {isa = PBXBuildFile; fileRef = 4EC1C1341A0BEC7D0026ED0B /* SQLite.framework */; settings = {ATTRIBUTES = (CodeSignOnCopy, RemoveHeadersOnCopy, ); }; };
		4E9523841A113B25009C4295 /* Realm.framework in Embedded Dependencies */ = {isa = PBXBuildFile; fileRef = 4EC1C1191A0BEC760026ED0B /* Realm.framework */; settings = {ATTRIBUTES = (CodeSignOnCopy, RemoveHeadersOnCopy, ); }; };
		4E95238A1A113B91009C4295 /* SQLite.framework in Embed Dependencies */ = {isa = PBXBuildFile; fileRef = 4EC1C1301A0BEC7D0026ED0B /* SQLite.framework */; settings = {ATTRIBUTES = (CodeSignOnCopy, RemoveHeadersOnCopy, ); }; };
		4E95238B1A113B91009C4295 /* SwiftyJSON.framework in Embed Dependencies */ = {isa = PBXBuildFile; fileRef = 4EC1C13D1A0BEC870026ED0B /* SwiftyJSON.framework */; settings = {ATTRIBUTES = (CodeSignOnCopy, RemoveHeadersOnCopy, ); }; };
		4E95238C1A113B91009C4295 /* Alamofire.framework in Embed Dependencies */ = {isa = PBXBuildFile; fileRef = 4EC1C1461A0BEC910026ED0B /* Alamofire.framework */; settings = {ATTRIBUTES = (CodeSignOnCopy, RemoveHeadersOnCopy, ); }; };
		4E9523901A113BBA009C4295 /* AdaptiveArpApi.framework in Embed Dependencies */ = {isa = PBXBuildFile; fileRef = 4EC1C0EE1A0BE3470026ED0B /* AdaptiveArpApi.framework */; settings = {ATTRIBUTES = (CodeSignOnCopy, RemoveHeadersOnCopy, ); }; };
		4E9523911A113C01009C4295 /* AdaptiveArpApi.framework in Embedded Dependencies */ = {isa = PBXBuildFile; fileRef = 4EC1C0EE1A0BE3470026ED0B /* AdaptiveArpApi.framework */; settings = {ATTRIBUTES = (CodeSignOnCopy, RemoveHeadersOnCopy, ); }; };
		4EC1C0F51A0BE35E0026ED0B /* AdaptiveArpApi.framework in Frameworks */ = {isa = PBXBuildFile; fileRef = 4EC1C0F21A0BE3470026ED0B /* AdaptiveArpApi.framework */; };
		4EC1C0F61A0BE3690026ED0B /* AdaptiveArpApi.framework in Frameworks */ = {isa = PBXBuildFile; fileRef = 4EC1C0EE1A0BE3470026ED0B /* AdaptiveArpApi.framework */; settings = {ATTRIBUTES = (Required, ); }; };
		4EC1C17B1A0C05F90026ED0B /* Alamofire.framework in Frameworks */ = {isa = PBXBuildFile; fileRef = 4EC1C1781A0C05E80026ED0B /* Alamofire.framework */; };
		4EC1C17F1A0C06BC0026ED0B /* Alamofire.framework in Frameworks */ = {isa = PBXBuildFile; fileRef = 4EC1C1461A0BEC910026ED0B /* Alamofire.framework */; settings = {ATTRIBUTES = (Weak, ); }; };
		4EC1C1FA1A0C1E210026ED0B /* SwiftyJSON.framework in Frameworks */ = {isa = PBXBuildFile; fileRef = 4EC1C1F71A0C1E170026ED0B /* SwiftyJSON.framework */; };
		4EC1C1FD1A0C1E370026ED0B /* SwiftyJSON.framework in Frameworks */ = {isa = PBXBuildFile; fileRef = 4EC1C13D1A0BEC870026ED0B /* SwiftyJSON.framework */; settings = {ATTRIBUTES = (Weak, ); }; };
		4ED4D1CC1A02CA4000CC854E /* HttpInterceptorProtocol.swift in Sources */ = {isa = PBXBuildFile; fileRef = 4ED4D1CB1A02CA4000CC854E /* HttpInterceptorProtocol.swift */; };
		4ED4D1CD1A02CA4100CC854E /* HttpInterceptorProtocol.swift in Sources */ = {isa = PBXBuildFile; fileRef = 4ED4D1CB1A02CA4000CC854E /* HttpInterceptorProtocol.swift */; };
		4EDB53E41A0298E8008A2C4F /* AdaptiveArpImpl.framework in Frameworks */ = {isa = PBXBuildFile; fileRef = 4EDB53D91A0298E8008A2C4F /* AdaptiveArpImpl.framework */; };
		4EDB54021A029910008A2C4F /* AdaptiveArpImpl.framework in Frameworks */ = {isa = PBXBuildFile; fileRef = 4EDB53F71A029910008A2C4F /* AdaptiveArpImpl.framework */; };
		4EDB54101A029920008A2C4F /* Await.swift in Sources */ = {isa = PBXBuildFile; fileRef = 4EDB51C31A029566008A2C4F /* Await.swift */; };
		4EDB54111A029920008A2C4F /* GeolocationDelegate.swift in Sources */ = {isa = PBXBuildFile; fileRef = 4EDB51C41A029566008A2C4F /* GeolocationDelegate.swift */; };
		4EDB54121A029920008A2C4F /* I18NParser.swift in Sources */ = {isa = PBXBuildFile; fileRef = 4EDB51C51A029566008A2C4F /* I18NParser.swift */; };
		4EDB54131A029920008A2C4F /* Utils.swift in Sources */ = {isa = PBXBuildFile; fileRef = 4EDB51C61A029566008A2C4F /* Utils.swift */; };
		4EDB54141A029921008A2C4F /* Await.swift in Sources */ = {isa = PBXBuildFile; fileRef = 4EDB51C31A029566008A2C4F /* Await.swift */; };
		4EDB54151A029921008A2C4F /* GeolocationDelegate.swift in Sources */ = {isa = PBXBuildFile; fileRef = 4EDB51C41A029566008A2C4F /* GeolocationDelegate.swift */; };
		4EDB54161A029921008A2C4F /* I18NParser.swift in Sources */ = {isa = PBXBuildFile; fileRef = 4EDB51C51A029566008A2C4F /* I18NParser.swift */; };
		4EDB54171A029921008A2C4F /* Utils.swift in Sources */ = {isa = PBXBuildFile; fileRef = 4EDB51C61A029566008A2C4F /* Utils.swift */; };
		4EDB54181A029925008A2C4F /* AppContextImpl.swift in Sources */ = {isa = PBXBuildFile; fileRef = 4EDB516A1A029446008A2C4F /* AppContextImpl.swift */; };
		4EDB54191A029925008A2C4F /* AppContextWebviewImpl.swift in Sources */ = {isa = PBXBuildFile; fileRef = 4EDB516B1A029446008A2C4F /* AppContextWebviewImpl.swift */; };
		4EDB541A1A029925008A2C4F /* AppRegistryImpl.swift in Sources */ = {isa = PBXBuildFile; fileRef = 4EDB516C1A029446008A2C4F /* AppRegistryImpl.swift */; };
		4EDB541E1A029925008A2C4F /* CapabilitiesImpl.swift in Sources */ = {isa = PBXBuildFile; fileRef = 4EDB51701A029446008A2C4F /* CapabilitiesImpl.swift */; };
		4EDB541F1A029925008A2C4F /* DatabaseImpl.swift in Sources */ = {isa = PBXBuildFile; fileRef = 4EDB51711A029446008A2C4F /* DatabaseImpl.swift */; };
		4EDB54201A029925008A2C4F /* DeviceImpl.swift in Sources */ = {isa = PBXBuildFile; fileRef = 4EDB51721A029446008A2C4F /* DeviceImpl.swift */; };
		4EDB54211A029925008A2C4F /* DisplayImpl.swift in Sources */ = {isa = PBXBuildFile; fileRef = 4EDB51731A029446008A2C4F /* DisplayImpl.swift */; };
		4EDB54221A029925008A2C4F /* GeolocationImpl.swift in Sources */ = {isa = PBXBuildFile; fileRef = 4EDB51741A029446008A2C4F /* GeolocationImpl.swift */; };
		4EDB54231A029925008A2C4F /* GlobalizationImpl.swift in Sources */ = {isa = PBXBuildFile; fileRef = 4EDB51751A029446008A2C4F /* GlobalizationImpl.swift */; };
		4EDB54241A029925008A2C4F /* LifecycleImpl.swift in Sources */ = {isa = PBXBuildFile; fileRef = 4EDB51761A029446008A2C4F /* LifecycleImpl.swift */; };
		4EDB54251A029926008A2C4F /* AppContextImpl.swift in Sources */ = {isa = PBXBuildFile; fileRef = 4EDB516A1A029446008A2C4F /* AppContextImpl.swift */; };
		4EDB54261A029926008A2C4F /* AppContextWebviewImpl.swift in Sources */ = {isa = PBXBuildFile; fileRef = 4EDB516B1A029446008A2C4F /* AppContextWebviewImpl.swift */; };
		4EDB54271A029926008A2C4F /* AppRegistryImpl.swift in Sources */ = {isa = PBXBuildFile; fileRef = 4EDB516C1A029446008A2C4F /* AppRegistryImpl.swift */; };
		4EDB542B1A029926008A2C4F /* CapabilitiesImpl.swift in Sources */ = {isa = PBXBuildFile; fileRef = 4EDB51701A029446008A2C4F /* CapabilitiesImpl.swift */; };
		4EDB542C1A029926008A2C4F /* DatabaseImpl.swift in Sources */ = {isa = PBXBuildFile; fileRef = 4EDB51711A029446008A2C4F /* DatabaseImpl.swift */; };
		4EDB542D1A029926008A2C4F /* DeviceImpl.swift in Sources */ = {isa = PBXBuildFile; fileRef = 4EDB51721A029446008A2C4F /* DeviceImpl.swift */; };
		4EDB542E1A029926008A2C4F /* DisplayImpl.swift in Sources */ = {isa = PBXBuildFile; fileRef = 4EDB51731A029446008A2C4F /* DisplayImpl.swift */; };
		4EDB542F1A029926008A2C4F /* GeolocationImpl.swift in Sources */ = {isa = PBXBuildFile; fileRef = 4EDB51741A029446008A2C4F /* GeolocationImpl.swift */; };
		4EDB54301A029926008A2C4F /* GlobalizationImpl.swift in Sources */ = {isa = PBXBuildFile; fileRef = 4EDB51751A029446008A2C4F /* GlobalizationImpl.swift */; };
		4EDB54311A029926008A2C4F /* LifecycleImpl.swift in Sources */ = {isa = PBXBuildFile; fileRef = 4EDB51761A029446008A2C4F /* LifecycleImpl.swift */; };
		4EDB543C1A02992E008A2C4F /* LoggingImpl.swift in Sources */ = {isa = PBXBuildFile; fileRef = 4EDB517D1A029446008A2C4F /* LoggingImpl.swift */; };
		4EDB543D1A02992E008A2C4F /* NetworkReachabilityImpl.swift in Sources */ = {isa = PBXBuildFile; fileRef = 4EDB517E1A029446008A2C4F /* NetworkReachabilityImpl.swift */; };
		4EDB543E1A02992E008A2C4F /* OSImpl.swift in Sources */ = {isa = PBXBuildFile; fileRef = 4EDB517F1A029446008A2C4F /* OSImpl.swift */; };
		4EDB543F1A02992E008A2C4F /* RuntimeImpl.swift in Sources */ = {isa = PBXBuildFile; fileRef = 4EDB51801A029446008A2C4F /* RuntimeImpl.swift */; };
		4EDB54401A02992E008A2C4F /* SecurityImpl.swift in Sources */ = {isa = PBXBuildFile; fileRef = 4EDB51811A029446008A2C4F /* SecurityImpl.swift */; };
		4EDB54411A02992E008A2C4F /* ServiceImpl.swift in Sources */ = {isa = PBXBuildFile; fileRef = 4EDB51821A029446008A2C4F /* ServiceImpl.swift */; };
		4EDB54421A02992E008A2C4F /* SessionImpl.swift in Sources */ = {isa = PBXBuildFile; fileRef = 4EDB51831A029446008A2C4F /* SessionImpl.swift */; };
		4EDB54431A02992F008A2C4F /* LoggingImpl.swift in Sources */ = {isa = PBXBuildFile; fileRef = 4EDB517D1A029446008A2C4F /* LoggingImpl.swift */; };
		4EDB54441A02992F008A2C4F /* NetworkReachabilityImpl.swift in Sources */ = {isa = PBXBuildFile; fileRef = 4EDB517E1A029446008A2C4F /* NetworkReachabilityImpl.swift */; };
		4EDB54451A02992F008A2C4F /* OSImpl.swift in Sources */ = {isa = PBXBuildFile; fileRef = 4EDB517F1A029446008A2C4F /* OSImpl.swift */; };
		4EDB54461A02992F008A2C4F /* RuntimeImpl.swift in Sources */ = {isa = PBXBuildFile; fileRef = 4EDB51801A029446008A2C4F /* RuntimeImpl.swift */; };
		4EDB54471A02992F008A2C4F /* SecurityImpl.swift in Sources */ = {isa = PBXBuildFile; fileRef = 4EDB51811A029446008A2C4F /* SecurityImpl.swift */; };
		4EDB54481A02992F008A2C4F /* ServiceImpl.swift in Sources */ = {isa = PBXBuildFile; fileRef = 4EDB51821A029446008A2C4F /* ServiceImpl.swift */; };
		4EDB54491A02992F008A2C4F /* SessionImpl.swift in Sources */ = {isa = PBXBuildFile; fileRef = 4EDB51831A029446008A2C4F /* SessionImpl.swift */; };
		4EDB54571A0299B1008A2C4F /* ContactImpl.swift in Sources */ = {isa = PBXBuildFile; fileRef = 4EDB544D1A0299A8008A2C4F /* ContactImpl.swift */; };
		4EDB54581A0299B1008A2C4F /* MessagingImpl.swift in Sources */ = {isa = PBXBuildFile; fileRef = 4EDB544E1A0299A8008A2C4F /* MessagingImpl.swift */; };
		4EDB54591A0299B1008A2C4F /* TelephonyImpl.swift in Sources */ = {isa = PBXBuildFile; fileRef = 4EDB544F1A0299A8008A2C4F /* TelephonyImpl.swift */; };
		4EDB545A1A0299B1008A2C4F /* VideoImpl.swift in Sources */ = {isa = PBXBuildFile; fileRef = 4EDB54501A0299A8008A2C4F /* VideoImpl.swift */; };
		4EDE72971A0CE37A00948F6E /* Realm.framework in Frameworks */ = {isa = PBXBuildFile; fileRef = 4EC1C1191A0BEC760026ED0B /* Realm.framework */; };
		4EDE8C831A14A4AA00098611 /* libc++.dylib in Frameworks */ = {isa = PBXBuildFile; fileRef = 4EDE8C811A14A3FD00098611 /* libc++.dylib */; settings = {ATTRIBUTES = (Weak, ); }; };
		4EDE8C851A14A72900098611 /* RLMSupport.swift in Sources */ = {isa = PBXBuildFile; fileRef = 4EDE8C841A14A72900098611 /* RLMSupport.swift */; };
		4EDE8C861A14A72900098611 /* RLMSupport.swift in Sources */ = {isa = PBXBuildFile; fileRef = 4EDE8C841A14A72900098611 /* RLMSupport.swift */; };
		4EDE8C901A14AA3800098611 /* ResourceData.swift in Sources */ = {isa = PBXBuildFile; fileRef = 4EDE8C8F1A14AA3800098611 /* ResourceData.swift */; };
		4EDE8C911A14AA3800098611 /* ResourceData.swift in Sources */ = {isa = PBXBuildFile; fileRef = 4EDE8C8F1A14AA3800098611 /* ResourceData.swift */; };
		4EE6E4271A0CE6F500354446 /* SQLite.framework in Frameworks */ = {isa = PBXBuildFile; fileRef = 4EC1C1341A0BEC7D0026ED0B /* SQLite.framework */; };
		4EE6E4371A0CE70400354446 /* libsqlite3.dylib in Frameworks */ = {isa = PBXBuildFile; fileRef = 4EE6E4361A0CE70400354446 /* libsqlite3.dylib */; settings = {ATTRIBUTES = (Weak, ); }; };
		4EE6E43C1A0CE74A00354446 /* SQLite.framework in Frameworks */ = {isa = PBXBuildFile; fileRef = 4EC1C1301A0BEC7D0026ED0B /* SQLite.framework */; settings = {ATTRIBUTES = (Weak, ); }; };
		4EE6E43E1A0CE75200354446 /* libsqlite3.dylib in Frameworks */ = {isa = PBXBuildFile; fileRef = 4EE6E43D1A0CE75200354446 /* libsqlite3.dylib */; settings = {ATTRIBUTES = (Weak, ); }; };
		4EFABE261A13848700BD3A13 /* Realm.framework in Frameworks */ = {isa = PBXBuildFile; fileRef = 4EC1C11D1A0BEC760026ED0B /* Realm.framework */; settings = {ATTRIBUTES = (Weak, ); }; };
		4EFABE271A13849100BD3A13 /* Realm.framework in Embed Dependencies */ = {isa = PBXBuildFile; fileRef = 4EC1C11D1A0BEC760026ED0B /* Realm.framework */; settings = {ATTRIBUTES = (CodeSignOnCopy, RemoveHeadersOnCopy, ); }; };
		C3BB4C101A124D44005C177C /* BrowserImpl.swift in Sources */ = {isa = PBXBuildFile; fileRef = C3BB4C0E1A124CD4005C177C /* BrowserImpl.swift */; };
/* End PBXBuildFile section */

/* Begin PBXContainerItemProxy section */
		4EC1C0ED1A0BE3470026ED0B /* PBXContainerItemProxy */ = {
			isa = PBXContainerItemProxy;
			containerPortal = 4EC1C0E61A0BE3470026ED0B /* adaptive-arp-api-swift.xcodeproj */;
			proxyType = 2;
			remoteGlobalIDString = 4EDB51E51A0297E7008A2C4F;
			remoteInfo = AdaptiveArpApiiOS;
		};
		4EC1C0EF1A0BE3470026ED0B /* PBXContainerItemProxy */ = {
			isa = PBXContainerItemProxy;
			containerPortal = 4EC1C0E61A0BE3470026ED0B /* adaptive-arp-api-swift.xcodeproj */;
			proxyType = 2;
			remoteGlobalIDString = 4EDB51EF1A0297E7008A2C4F;
			remoteInfo = AdaptiveArpApiiOSTests;
		};
		4EC1C0F11A0BE3470026ED0B /* PBXContainerItemProxy */ = {
			isa = PBXContainerItemProxy;
			containerPortal = 4EC1C0E61A0BE3470026ED0B /* adaptive-arp-api-swift.xcodeproj */;
			proxyType = 2;
			remoteGlobalIDString = 4EDB52031A029801008A2C4F;
			remoteInfo = AdaptiveArpApiOSX;
		};
		4EC1C0F31A0BE3470026ED0B /* PBXContainerItemProxy */ = {
			isa = PBXContainerItemProxy;
			containerPortal = 4EC1C0E61A0BE3470026ED0B /* adaptive-arp-api-swift.xcodeproj */;
			proxyType = 2;
			remoteGlobalIDString = 4EDB520D1A029801008A2C4F;
			remoteInfo = AdaptiveArpApiOSXTests;
		};
		4EC1C0F71A0BE3830026ED0B /* PBXContainerItemProxy */ = {
			isa = PBXContainerItemProxy;
			containerPortal = 4EC1C0E61A0BE3470026ED0B /* adaptive-arp-api-swift.xcodeproj */;
			proxyType = 1;
			remoteGlobalIDString = 4EDB51E41A0297E7008A2C4F;
			remoteInfo = AdaptiveArpApiiOS;
		};
		4EC1C0F91A0BE38F0026ED0B /* PBXContainerItemProxy */ = {
			isa = PBXContainerItemProxy;
			containerPortal = 4EC1C0E61A0BE3470026ED0B /* adaptive-arp-api-swift.xcodeproj */;
			proxyType = 1;
			remoteGlobalIDString = 4EDB52021A029801008A2C4F;
			remoteInfo = AdaptiveArpApiOSX;
		};
		4EC1C1181A0BEC760026ED0B /* PBXContainerItemProxy */ = {
			isa = PBXContainerItemProxy;
			containerPortal = 4EC1C10D1A0BEC760026ED0B /* Realm.xcodeproj */;
			proxyType = 2;
			remoteGlobalIDString = E8D89B981955FC6D00CF2B9A;
			remoteInfo = OSX;
		};
		4EC1C11A1A0BEC760026ED0B /* PBXContainerItemProxy */ = {
			isa = PBXContainerItemProxy;
			containerPortal = 4EC1C10D1A0BEC760026ED0B /* Realm.xcodeproj */;
			proxyType = 2;
			remoteGlobalIDString = E8D89BA31955FC6D00CF2B9A;
			remoteInfo = "OSX Tests";
		};
		4EC1C11C1A0BEC760026ED0B /* PBXContainerItemProxy */ = {
			isa = PBXContainerItemProxy;
			containerPortal = 4EC1C10D1A0BEC760026ED0B /* Realm.xcodeproj */;
			proxyType = 2;
			remoteGlobalIDString = E856D1D5195614A300FB2FCF;
			remoteInfo = iOS;
		};
		4EC1C11E1A0BEC760026ED0B /* PBXContainerItemProxy */ = {
			isa = PBXContainerItemProxy;
			containerPortal = 4EC1C10D1A0BEC760026ED0B /* Realm.xcodeproj */;
			proxyType = 2;
			remoteGlobalIDString = 3F6B897819EF3C06004E8EA8;
			remoteInfo = "iOS 8";
		};
		4EC1C1201A0BEC760026ED0B /* PBXContainerItemProxy */ = {
			isa = PBXContainerItemProxy;
			containerPortal = 4EC1C10D1A0BEC760026ED0B /* Realm.xcodeproj */;
			proxyType = 2;
			remoteGlobalIDString = E856D1DF195614A400FB2FCF;
			remoteInfo = "iOS Tests";
		};
		4EC1C1221A0BEC760026ED0B /* PBXContainerItemProxy */ = {
			isa = PBXContainerItemProxy;
			containerPortal = 4EC1C10D1A0BEC760026ED0B /* Realm.xcodeproj */;
			proxyType = 2;
			remoteGlobalIDString = 3F8DCA5719930F550008BD7F;
			remoteInfo = "iOS Device Tests";
		};
		4EC1C1241A0BEC760026ED0B /* PBXContainerItemProxy */ = {
			isa = PBXContainerItemProxy;
			containerPortal = 4EC1C10D1A0BEC760026ED0B /* Realm.xcodeproj */;
			proxyType = 2;
			remoteGlobalIDString = 3F512DB619F9A1F300746016;
			remoteInfo = "iOS 8 Tests";
		};
		4EC1C1261A0BEC760026ED0B /* PBXContainerItemProxy */ = {
			isa = PBXContainerItemProxy;
			containerPortal = 4EC1C10D1A0BEC760026ED0B /* Realm.xcodeproj */;
			proxyType = 2;
			remoteGlobalIDString = 3F1A5E721992EB7400F45F4C;
			remoteInfo = TestHost;
		};
		4EC1C12F1A0BEC7D0026ED0B /* PBXContainerItemProxy */ = {
			isa = PBXContainerItemProxy;
			containerPortal = 4EC1C1281A0BEC7D0026ED0B /* SQLite.xcodeproj */;
			proxyType = 2;
			remoteGlobalIDString = DC3773F319C8CBB3004FCF85;
			remoteInfo = "SQLite iOS";
		};
		4EC1C1311A0BEC7D0026ED0B /* PBXContainerItemProxy */ = {
			isa = PBXContainerItemProxy;
			containerPortal = 4EC1C1281A0BEC7D0026ED0B /* SQLite.xcodeproj */;
			proxyType = 2;
			remoteGlobalIDString = DC3773FE19C8CBB3004FCF85;
			remoteInfo = "SQLite iOS Tests";
		};
		4EC1C1331A0BEC7D0026ED0B /* PBXContainerItemProxy */ = {
			isa = PBXContainerItemProxy;
			containerPortal = 4EC1C1281A0BEC7D0026ED0B /* SQLite.xcodeproj */;
			proxyType = 2;
			remoteGlobalIDString = DC37741419C8CC2F004FCF85;
			remoteInfo = "SQLite Mac";
		};
		4EC1C1351A0BEC7D0026ED0B /* PBXContainerItemProxy */ = {
			isa = PBXContainerItemProxy;
			containerPortal = 4EC1C1281A0BEC7D0026ED0B /* SQLite.xcodeproj */;
			proxyType = 2;
			remoteGlobalIDString = DC37741E19C8CC2F004FCF85;
			remoteInfo = "SQLite Mac Tests";
		};
		4EC1C13C1A0BEC870026ED0B /* PBXContainerItemProxy */ = {
			isa = PBXContainerItemProxy;
			containerPortal = 4EC1C1371A0BEC870026ED0B /* SwiftyJSON.xcodeproj */;
			proxyType = 2;
			remoteGlobalIDString = 2E4FEFDB19575BE100351305;
			remoteInfo = SwiftyJSON;
		};
		4EC1C13E1A0BEC870026ED0B /* PBXContainerItemProxy */ = {
			isa = PBXContainerItemProxy;
			containerPortal = 4EC1C1371A0BEC870026ED0B /* SwiftyJSON.xcodeproj */;
			proxyType = 2;
			remoteGlobalIDString = 2E4FEFE619575BE100351305;
			remoteInfo = SwiftyJSONTests;
		};
		4EC1C1451A0BEC910026ED0B /* PBXContainerItemProxy */ = {
			isa = PBXContainerItemProxy;
			containerPortal = 4EC1C1401A0BEC900026ED0B /* Alamofire.xcodeproj */;
			proxyType = 2;
			remoteGlobalIDString = F8111E3319A95C8B0040E7D1;
			remoteInfo = Alamofire;
		};
		4EC1C1471A0BEC910026ED0B /* PBXContainerItemProxy */ = {
			isa = PBXContainerItemProxy;
			containerPortal = 4EC1C1401A0BEC900026ED0B /* Alamofire.xcodeproj */;
			proxyType = 2;
			remoteGlobalIDString = F8111E3E19A95C8B0040E7D1;
			remoteInfo = AlamofireTests;
		};
		4EC1C1731A0C05E80026ED0B /* PBXContainerItemProxy */ = {
			isa = PBXContainerItemProxy;
			containerPortal = 4EC1C1401A0BEC900026ED0B /* Alamofire.xcodeproj */;
			proxyType = 1;
			remoteGlobalIDString = 4EC1C1841A0C0EC20026ED0B;
			remoteInfo = AlamofireOSX;
		};
		4EC1C1771A0C05E80026ED0B /* PBXContainerItemProxy */ = {
			isa = PBXContainerItemProxy;
			containerPortal = 4EC1C1401A0BEC900026ED0B /* Alamofire.xcodeproj */;
			proxyType = 2;
			remoteGlobalIDString = 4EC1C14E1A0BEEA60026ED0B;
			remoteInfo = AlamofireOSX;
		};
		4EC1C1791A0C05E80026ED0B /* PBXContainerItemProxy */ = {
			isa = PBXContainerItemProxy;
			containerPortal = 4EC1C1401A0BEC900026ED0B /* Alamofire.xcodeproj */;
			proxyType = 2;
			remoteGlobalIDString = 4EC1C1581A0BEEA60026ED0B;
			remoteInfo = AlamofireOSXTests;
		};
		4EC1C17C1A0C060B0026ED0B /* PBXContainerItemProxy */ = {
			isa = PBXContainerItemProxy;
			containerPortal = 4EC1C1401A0BEC900026ED0B /* Alamofire.xcodeproj */;
			proxyType = 1;
			remoteGlobalIDString = F8111E3219A95C8B0040E7D1;
			remoteInfo = Alamofire;
		};
		4EC1C1F21A0C1E170026ED0B /* PBXContainerItemProxy */ = {
			isa = PBXContainerItemProxy;
			containerPortal = 4EC1C1371A0BEC870026ED0B /* SwiftyJSON.xcodeproj */;
			proxyType = 1;
			remoteGlobalIDString = 4EC1C1C81A0C1A2D0026ED0B;
			remoteInfo = SwiftyJSONOSX;
		};
		4EC1C1F61A0C1E170026ED0B /* PBXContainerItemProxy */ = {
			isa = PBXContainerItemProxy;
			containerPortal = 4EC1C1371A0BEC870026ED0B /* SwiftyJSON.xcodeproj */;
			proxyType = 2;
			remoteGlobalIDString = 4EC1C1C91A0C1A2D0026ED0B;
			remoteInfo = SwiftyJSONOSX;
		};
		4EC1C1F81A0C1E170026ED0B /* PBXContainerItemProxy */ = {
			isa = PBXContainerItemProxy;
			containerPortal = 4EC1C1371A0BEC870026ED0B /* SwiftyJSON.xcodeproj */;
			proxyType = 2;
			remoteGlobalIDString = 4EC1C1D31A0C1A2D0026ED0B;
			remoteInfo = SwiftyJSONOSXTests;
		};
		4EC1C1FB1A0C1E2B0026ED0B /* PBXContainerItemProxy */ = {
			isa = PBXContainerItemProxy;
			containerPortal = 4EC1C1371A0BEC870026ED0B /* SwiftyJSON.xcodeproj */;
			proxyType = 1;
			remoteGlobalIDString = 2E4FEFDA19575BE100351305;
			remoteInfo = SwiftyJSON;
		};
		4EDB53E51A0298E8008A2C4F /* PBXContainerItemProxy */ = {
			isa = PBXContainerItemProxy;
			containerPortal = 4E722CE61A02815A00004247 /* Project object */;
			proxyType = 1;
			remoteGlobalIDString = 4EDB53D81A0298E8008A2C4F;
			remoteInfo = AdaptiveArpImplOSX;
		};
		4EDB54031A029910008A2C4F /* PBXContainerItemProxy */ = {
			isa = PBXContainerItemProxy;
			containerPortal = 4E722CE61A02815A00004247 /* Project object */;
			proxyType = 1;
			remoteGlobalIDString = 4EDB53F61A029910008A2C4F;
			remoteInfo = AdaptiveArpImpliOS;
		};
		4EDE72811A0CE37000948F6E /* PBXContainerItemProxy */ = {
			isa = PBXContainerItemProxy;
			containerPortal = 4EC1C10D1A0BEC760026ED0B /* Realm.xcodeproj */;
			proxyType = 1;
			remoteGlobalIDString = E8D89B971955FC6D00CF2B9A;
			remoteInfo = OSX;
		};
		4EE6E4381A0CE71B00354446 /* PBXContainerItemProxy */ = {
			isa = PBXContainerItemProxy;
			containerPortal = 4EC1C1281A0BEC7D0026ED0B /* SQLite.xcodeproj */;
			proxyType = 1;
			remoteGlobalIDString = DC37741319C8CC2F004FCF85;
			remoteInfo = "SQLite Mac";
		};
		4EE6E43A1A0CE74200354446 /* PBXContainerItemProxy */ = {
			isa = PBXContainerItemProxy;
			containerPortal = 4EC1C1281A0BEC7D0026ED0B /* SQLite.xcodeproj */;
			proxyType = 1;
			remoteGlobalIDString = DC3773F219C8CBB3004FCF85;
			remoteInfo = "SQLite iOS";
		};
		4EFABE241A13848200BD3A13 /* PBXContainerItemProxy */ = {
			isa = PBXContainerItemProxy;
			containerPortal = 4EC1C10D1A0BEC760026ED0B /* Realm.xcodeproj */;
			proxyType = 1;
			remoteGlobalIDString = E856D1D4195614A300FB2FCF;
			remoteInfo = iOS;
		};
/* End PBXContainerItemProxy section */

/* Begin PBXCopyFilesBuildPhase section */
		4E95236D1A113A8E009C4295 /* Embedded Dependencies */ = {
			isa = PBXCopyFilesBuildPhase;
			buildActionMask = 2147483647;
			dstPath = "";
			dstSubfolderSpec = 10;
			files = (
				4E9523911A113C01009C4295 /* AdaptiveArpApi.framework in Embedded Dependencies */,
				4E9523841A113B25009C4295 /* Realm.framework in Embedded Dependencies */,
				4E9523811A113AED009C4295 /* SQLite.framework in Embedded Dependencies */,
				4E9523801A113AE1009C4295 /* SwiftyJSON.framework in Embedded Dependencies */,
				4E95237F1A113AD8009C4295 /* Alamofire.framework in Embedded Dependencies */,
			);
			name = "Embedded Dependencies";
			runOnlyForDeploymentPostprocessing = 0;
		};
		4E9523881A113B68009C4295 /* Embed Dependencies */ = {
			isa = PBXCopyFilesBuildPhase;
			buildActionMask = 2147483647;
			dstPath = "";
			dstSubfolderSpec = 10;
			files = (
				4EFABE271A13849100BD3A13 /* Realm.framework in Embed Dependencies */,
				4E9523901A113BBA009C4295 /* AdaptiveArpApi.framework in Embed Dependencies */,
				4E95238A1A113B91009C4295 /* SQLite.framework in Embed Dependencies */,
				4E95238B1A113B91009C4295 /* SwiftyJSON.framework in Embed Dependencies */,
				4E95238C1A113B91009C4295 /* Alamofire.framework in Embed Dependencies */,
			);
			name = "Embed Dependencies";
			runOnlyForDeploymentPostprocessing = 0;
		};
/* End PBXCopyFilesBuildPhase section */

/* Begin PBXFileReference section */
		4E35921D1A166600009E3D03 /* NSData+CocoaDevUsersAdditions.h */ = {isa = PBXFileReference; fileEncoding = 4; lastKnownFileType = sourcecode.c.h; path = "NSData+CocoaDevUsersAdditions.h"; sourceTree = "<group>"; };
		4E35921E1A166600009E3D03 /* NSData+CocoaDevUsersAdditions.m */ = {isa = PBXFileReference; fileEncoding = 4; lastKnownFileType = sourcecode.c.objc; path = "NSData+CocoaDevUsersAdditions.m"; sourceTree = "<group>"; };
		4E3592241A166639009E3D03 /* ArrayExtension.swift */ = {isa = PBXFileReference; fileEncoding = 4; lastKnownFileType = sourcecode.swift; path = ArrayExtension.swift; sourceTree = "<group>"; };
		4E3592251A166639009E3D03 /* Authenticator.swift */ = {isa = PBXFileReference; fileEncoding = 4; lastKnownFileType = sourcecode.swift; path = Authenticator.swift; sourceTree = "<group>"; };
		4E3592261A166639009E3D03 /* BitExtension.swift */ = {isa = PBXFileReference; fileEncoding = 4; lastKnownFileType = sourcecode.swift; path = BitExtension.swift; sourceTree = "<group>"; };
		4E3592271A166639009E3D03 /* ByteExtension.swift */ = {isa = PBXFileReference; fileEncoding = 4; lastKnownFileType = sourcecode.swift; path = ByteExtension.swift; sourceTree = "<group>"; };
		4E3592281A166639009E3D03 /* ChaCha20.swift */ = {isa = PBXFileReference; fileEncoding = 4; lastKnownFileType = sourcecode.swift; path = ChaCha20.swift; sourceTree = "<group>"; };
		4E3592291A166639009E3D03 /* Cipher.swift */ = {isa = PBXFileReference; fileEncoding = 4; lastKnownFileType = sourcecode.swift; path = Cipher.swift; sourceTree = "<group>"; };
		4E35922A1A166639009E3D03 /* CRC.swift */ = {isa = PBXFileReference; fileEncoding = 4; lastKnownFileType = sourcecode.swift; path = CRC.swift; sourceTree = "<group>"; };
		4E35922B1A166639009E3D03 /* CryptoHashBase.swift */ = {isa = PBXFileReference; fileEncoding = 4; lastKnownFileType = sourcecode.swift; path = CryptoHashBase.swift; sourceTree = "<group>"; };
		4E35922C1A166639009E3D03 /* CryptoSwift.h */ = {isa = PBXFileReference; fileEncoding = 4; lastKnownFileType = sourcecode.c.h; path = CryptoSwift.h; sourceTree = "<group>"; };
		4E35922D1A166639009E3D03 /* Generics.swift */ = {isa = PBXFileReference; fileEncoding = 4; lastKnownFileType = sourcecode.swift; path = Generics.swift; sourceTree = "<group>"; };
		4E35922E1A166639009E3D03 /* Hash.swift */ = {isa = PBXFileReference; fileEncoding = 4; lastKnownFileType = sourcecode.swift; path = Hash.swift; sourceTree = "<group>"; };
		4E35922F1A166639009E3D03 /* IntExtension.swift */ = {isa = PBXFileReference; fileEncoding = 4; lastKnownFileType = sourcecode.swift; path = IntExtension.swift; sourceTree = "<group>"; };
		4E3592301A166639009E3D03 /* MD5.swift */ = {isa = PBXFileReference; fileEncoding = 4; lastKnownFileType = sourcecode.swift; path = MD5.swift; sourceTree = "<group>"; };
		4E3592311A166639009E3D03 /* NSDataExtension.swift */ = {isa = PBXFileReference; fileEncoding = 4; lastKnownFileType = sourcecode.swift; path = NSDataExtension.swift; sourceTree = "<group>"; };
		4E3592321A166639009E3D03 /* Operators.swift */ = {isa = PBXFileReference; fileEncoding = 4; lastKnownFileType = sourcecode.swift; path = Operators.swift; sourceTree = "<group>"; };
		4E3592331A166639009E3D03 /* Poly1305.swift */ = {isa = PBXFileReference; fileEncoding = 4; lastKnownFileType = sourcecode.swift; path = Poly1305.swift; sourceTree = "<group>"; };
		4E3592341A166639009E3D03 /* SHA1.swift */ = {isa = PBXFileReference; fileEncoding = 4; lastKnownFileType = sourcecode.swift; path = SHA1.swift; sourceTree = "<group>"; };
		4E3592351A166639009E3D03 /* SHA2.swift */ = {isa = PBXFileReference; fileEncoding = 4; lastKnownFileType = sourcecode.swift; path = SHA2.swift; sourceTree = "<group>"; };
		4E3592361A166639009E3D03 /* StringExtension.swift */ = {isa = PBXFileReference; fileEncoding = 4; lastKnownFileType = sourcecode.swift; path = StringExtension.swift; sourceTree = "<group>"; };
		4E3592371A166639009E3D03 /* UInt16Extension.swift */ = {isa = PBXFileReference; fileEncoding = 4; lastKnownFileType = sourcecode.swift; path = UInt16Extension.swift; sourceTree = "<group>"; };
		4E3592381A166639009E3D03 /* UInt32Extension.swift */ = {isa = PBXFileReference; fileEncoding = 4; lastKnownFileType = sourcecode.swift; path = UInt32Extension.swift; sourceTree = "<group>"; };
		4E3592391A166639009E3D03 /* UInt64Extension.swift */ = {isa = PBXFileReference; fileEncoding = 4; lastKnownFileType = sourcecode.swift; path = UInt64Extension.swift; sourceTree = "<group>"; };
		4E3592851A1666D6009E3D03 /* Adaptive-Bridging-Header.h */ = {isa = PBXFileReference; fileEncoding = 4; lastKnownFileType = sourcecode.c.h; path = "Adaptive-Bridging-Header.h"; sourceTree = "<group>"; };
		4E3592881A166890009E3D03 /* libz.dylib */ = {isa = PBXFileReference; lastKnownFileType = "compiled.mach-o.dylib"; name = libz.dylib; path = Platforms/MacOSX.platform/Developer/SDKs/MacOSX10.10.sdk/usr/lib/libz.dylib; sourceTree = DEVELOPER_DIR; };
		4E35928A1A16689A009E3D03 /* libz.dylib */ = {isa = PBXFileReference; lastKnownFileType = "compiled.mach-o.dylib"; name = libz.dylib; path = usr/lib/libz.dylib; sourceTree = SDKROOT; };
		4E6509291A1376B700B593F9 /* AppResourceManager.swift */ = {isa = PBXFileReference; fileEncoding = 4; lastKnownFileType = sourcecode.swift; path = AppResourceManager.swift; sourceTree = "<group>"; };
		4EC1C0E61A0BE3470026ED0B /* adaptive-arp-api-swift.xcodeproj */ = {isa = PBXFileReference; lastKnownFileType = "wrapper.pb-project"; name = "adaptive-arp-api-swift.xcodeproj"; path = "Modules/adaptive-arp-api/adaptive-arp-api-swift/adaptive-arp-api-swift.xcodeproj"; sourceTree = "<group>"; };
		4EC1C10D1A0BEC760026ED0B /* Realm.xcodeproj */ = {isa = PBXFileReference; lastKnownFileType = "wrapper.pb-project"; name = Realm.xcodeproj; path = "ThirdParty/realm-cocoa/Realm.xcodeproj"; sourceTree = "<group>"; };
		4EC1C1281A0BEC7D0026ED0B /* SQLite.xcodeproj */ = {isa = PBXFileReference; lastKnownFileType = "wrapper.pb-project"; name = SQLite.xcodeproj; path = ThirdParty/SQLite.swift/SQLite.xcodeproj; sourceTree = "<group>"; };
		4EC1C1371A0BEC870026ED0B /* SwiftyJSON.xcodeproj */ = {isa = PBXFileReference; lastKnownFileType = "wrapper.pb-project"; name = SwiftyJSON.xcodeproj; path = ThirdParty/SwiftyJSON/SwiftyJSON.xcodeproj; sourceTree = "<group>"; };
		4EC1C1401A0BEC900026ED0B /* Alamofire.xcodeproj */ = {isa = PBXFileReference; lastKnownFileType = "wrapper.pb-project"; name = Alamofire.xcodeproj; path = ThirdParty/Alamofire/Alamofire.xcodeproj; sourceTree = "<group>"; };
		4ED4D1CB1A02CA4000CC854E /* HttpInterceptorProtocol.swift */ = {isa = PBXFileReference; fileEncoding = 4; lastKnownFileType = sourcecode.swift; path = HttpInterceptorProtocol.swift; sourceTree = "<group>"; };
		4EDB516A1A029446008A2C4F /* AppContextImpl.swift */ = {isa = PBXFileReference; fileEncoding = 4; lastKnownFileType = sourcecode.swift; path = AppContextImpl.swift; sourceTree = "<group>"; };
		4EDB516B1A029446008A2C4F /* AppContextWebviewImpl.swift */ = {isa = PBXFileReference; fileEncoding = 4; lastKnownFileType = sourcecode.swift; path = AppContextWebviewImpl.swift; sourceTree = "<group>"; };
		4EDB516C1A029446008A2C4F /* AppRegistryImpl.swift */ = {isa = PBXFileReference; fileEncoding = 4; lastKnownFileType = sourcecode.swift; path = AppRegistryImpl.swift; sourceTree = "<group>"; };
		4EDB51701A029446008A2C4F /* CapabilitiesImpl.swift */ = {isa = PBXFileReference; fileEncoding = 4; lastKnownFileType = sourcecode.swift; path = CapabilitiesImpl.swift; sourceTree = "<group>"; };
		4EDB51711A029446008A2C4F /* DatabaseImpl.swift */ = {isa = PBXFileReference; fileEncoding = 4; lastKnownFileType = sourcecode.swift; path = DatabaseImpl.swift; sourceTree = "<group>"; };
		4EDB51721A029446008A2C4F /* DeviceImpl.swift */ = {isa = PBXFileReference; fileEncoding = 4; lastKnownFileType = sourcecode.swift; path = DeviceImpl.swift; sourceTree = "<group>"; };
		4EDB51731A029446008A2C4F /* DisplayImpl.swift */ = {isa = PBXFileReference; fileEncoding = 4; lastKnownFileType = sourcecode.swift; path = DisplayImpl.swift; sourceTree = "<group>"; };
		4EDB51741A029446008A2C4F /* GeolocationImpl.swift */ = {isa = PBXFileReference; fileEncoding = 4; lastKnownFileType = sourcecode.swift; path = GeolocationImpl.swift; sourceTree = "<group>"; };
		4EDB51751A029446008A2C4F /* GlobalizationImpl.swift */ = {isa = PBXFileReference; fileEncoding = 4; lastKnownFileType = sourcecode.swift; path = GlobalizationImpl.swift; sourceTree = "<group>"; };
		4EDB51761A029446008A2C4F /* LifecycleImpl.swift */ = {isa = PBXFileReference; fileEncoding = 4; lastKnownFileType = sourcecode.swift; path = LifecycleImpl.swift; sourceTree = "<group>"; };
		4EDB517D1A029446008A2C4F /* LoggingImpl.swift */ = {isa = PBXFileReference; fileEncoding = 4; lastKnownFileType = sourcecode.swift; path = LoggingImpl.swift; sourceTree = "<group>"; };
		4EDB517E1A029446008A2C4F /* NetworkReachabilityImpl.swift */ = {isa = PBXFileReference; fileEncoding = 4; lastKnownFileType = sourcecode.swift; path = NetworkReachabilityImpl.swift; sourceTree = "<group>"; };
		4EDB517F1A029446008A2C4F /* OSImpl.swift */ = {isa = PBXFileReference; fileEncoding = 4; lastKnownFileType = sourcecode.swift; path = OSImpl.swift; sourceTree = "<group>"; };
		4EDB51801A029446008A2C4F /* RuntimeImpl.swift */ = {isa = PBXFileReference; fileEncoding = 4; lastKnownFileType = sourcecode.swift; path = RuntimeImpl.swift; sourceTree = "<group>"; };
		4EDB51811A029446008A2C4F /* SecurityImpl.swift */ = {isa = PBXFileReference; fileEncoding = 4; lastKnownFileType = sourcecode.swift; path = SecurityImpl.swift; sourceTree = "<group>"; };
		4EDB51821A029446008A2C4F /* ServiceImpl.swift */ = {isa = PBXFileReference; fileEncoding = 4; lastKnownFileType = sourcecode.swift; path = ServiceImpl.swift; sourceTree = "<group>"; };
		4EDB51831A029446008A2C4F /* SessionImpl.swift */ = {isa = PBXFileReference; fileEncoding = 4; lastKnownFileType = sourcecode.swift; path = SessionImpl.swift; sourceTree = "<group>"; };
		4EDB51C31A029566008A2C4F /* Await.swift */ = {isa = PBXFileReference; fileEncoding = 4; lastKnownFileType = sourcecode.swift; path = Await.swift; sourceTree = "<group>"; };
		4EDB51C41A029566008A2C4F /* GeolocationDelegate.swift */ = {isa = PBXFileReference; fileEncoding = 4; lastKnownFileType = sourcecode.swift; path = GeolocationDelegate.swift; sourceTree = "<group>"; };
		4EDB51C51A029566008A2C4F /* I18NParser.swift */ = {isa = PBXFileReference; fileEncoding = 4; lastKnownFileType = sourcecode.swift; path = I18NParser.swift; sourceTree = "<group>"; };
		4EDB51C61A029566008A2C4F /* Utils.swift */ = {isa = PBXFileReference; fileEncoding = 4; lastKnownFileType = sourcecode.swift; path = Utils.swift; sourceTree = "<group>"; };
		4EDB53D91A0298E8008A2C4F /* AdaptiveArpImpl.framework */ = {isa = PBXFileReference; explicitFileType = wrapper.framework; includeInIndex = 0; path = AdaptiveArpImpl.framework; sourceTree = BUILT_PRODUCTS_DIR; };
		4EDB53DC1A0298E8008A2C4F /* Info.plist */ = {isa = PBXFileReference; lastKnownFileType = text.plist.xml; path = Info.plist; sourceTree = "<group>"; };
		4EDB53E31A0298E8008A2C4F /* AdaptiveArpImplOSXTests.xctest */ = {isa = PBXFileReference; explicitFileType = wrapper.cfbundle; includeInIndex = 0; path = AdaptiveArpImplOSXTests.xctest; sourceTree = BUILT_PRODUCTS_DIR; };
		4EDB53E91A0298E8008A2C4F /* Info.plist */ = {isa = PBXFileReference; lastKnownFileType = text.plist.xml; path = Info.plist; sourceTree = "<group>"; };
		4EDB53F71A029910008A2C4F /* AdaptiveArpImpl.framework */ = {isa = PBXFileReference; explicitFileType = wrapper.framework; includeInIndex = 0; path = AdaptiveArpImpl.framework; sourceTree = BUILT_PRODUCTS_DIR; };
		4EDB53FA1A029910008A2C4F /* Info.plist */ = {isa = PBXFileReference; lastKnownFileType = text.plist.xml; path = Info.plist; sourceTree = "<group>"; };
		4EDB54011A029910008A2C4F /* AdaptiveArpImpliOSTests.xctest */ = {isa = PBXFileReference; explicitFileType = wrapper.cfbundle; includeInIndex = 0; path = AdaptiveArpImpliOSTests.xctest; sourceTree = BUILT_PRODUCTS_DIR; };
		4EDB54071A029910008A2C4F /* Info.plist */ = {isa = PBXFileReference; lastKnownFileType = text.plist.xml; path = Info.plist; sourceTree = "<group>"; };
		4EDB544D1A0299A8008A2C4F /* ContactImpl.swift */ = {isa = PBXFileReference; fileEncoding = 4; lastKnownFileType = sourcecode.swift; path = ContactImpl.swift; sourceTree = "<group>"; };
		4EDB544E1A0299A8008A2C4F /* MessagingImpl.swift */ = {isa = PBXFileReference; fileEncoding = 4; lastKnownFileType = sourcecode.swift; path = MessagingImpl.swift; sourceTree = "<group>"; };
		4EDB544F1A0299A8008A2C4F /* TelephonyImpl.swift */ = {isa = PBXFileReference; fileEncoding = 4; lastKnownFileType = sourcecode.swift; path = TelephonyImpl.swift; sourceTree = "<group>"; };
		4EDB54501A0299A8008A2C4F /* VideoImpl.swift */ = {isa = PBXFileReference; fileEncoding = 4; lastKnownFileType = sourcecode.swift; path = VideoImpl.swift; sourceTree = "<group>"; };
		4EDE8C7F1A14A36000098611 /* Security.framework */ = {isa = PBXFileReference; lastKnownFileType = wrapper.framework; name = Security.framework; path = System/Library/Frameworks/Security.framework; sourceTree = SDKROOT; };
		4EDE8C811A14A3FD00098611 /* libc++.dylib */ = {isa = PBXFileReference; lastKnownFileType = "compiled.mach-o.dylib"; name = "libc++.dylib"; path = "usr/lib/libc++.dylib"; sourceTree = SDKROOT; };
		4EDE8C841A14A72900098611 /* RLMSupport.swift */ = {isa = PBXFileReference; fileEncoding = 4; lastKnownFileType = sourcecode.swift; path = RLMSupport.swift; sourceTree = "<group>"; };
		4EDE8C8F1A14AA3800098611 /* ResourceData.swift */ = {isa = PBXFileReference; fileEncoding = 4; lastKnownFileType = sourcecode.swift; path = ResourceData.swift; sourceTree = "<group>"; };
		4EE6E4361A0CE70400354446 /* libsqlite3.dylib */ = {isa = PBXFileReference; lastKnownFileType = "compiled.mach-o.dylib"; name = libsqlite3.dylib; path = Platforms/MacOSX.platform/Developer/SDKs/MacOSX10.10.sdk/usr/lib/libsqlite3.dylib; sourceTree = DEVELOPER_DIR; };
		4EE6E43D1A0CE75200354446 /* libsqlite3.dylib */ = {isa = PBXFileReference; lastKnownFileType = "compiled.mach-o.dylib"; name = libsqlite3.dylib; path = usr/lib/libsqlite3.dylib; sourceTree = SDKROOT; };
		C3BB4C0E1A124CD4005C177C /* BrowserImpl.swift */ = {isa = PBXFileReference; fileEncoding = 4; lastKnownFileType = sourcecode.swift; path = BrowserImpl.swift; sourceTree = "<group>"; };
/* End PBXFileReference section */

/* Begin PBXFrameworksBuildPhase section */
		4EDB53D51A0298E8008A2C4F /* Frameworks */ = {
			isa = PBXFrameworksBuildPhase;
			buildActionMask = 2147483647;
			files = (
				4E3592891A166890009E3D03 /* libz.dylib in Frameworks */,
				4EE6E4371A0CE70400354446 /* libsqlite3.dylib in Frameworks */,
				4EE6E4271A0CE6F500354446 /* SQLite.framework in Frameworks */,
				4EDE72971A0CE37A00948F6E /* Realm.framework in Frameworks */,
				4EC1C1FA1A0C1E210026ED0B /* SwiftyJSON.framework in Frameworks */,
				4EC1C17B1A0C05F90026ED0B /* Alamofire.framework in Frameworks */,
				4EC1C0F51A0BE35E0026ED0B /* AdaptiveArpApi.framework in Frameworks */,
			);
			runOnlyForDeploymentPostprocessing = 0;
		};
		4EDB53E01A0298E8008A2C4F /* Frameworks */ = {
			isa = PBXFrameworksBuildPhase;
			buildActionMask = 2147483647;
			files = (
				4EDB53E41A0298E8008A2C4F /* AdaptiveArpImpl.framework in Frameworks */,
			);
			runOnlyForDeploymentPostprocessing = 0;
		};
		4EDB53F31A029910008A2C4F /* Frameworks */ = {
			isa = PBXFrameworksBuildPhase;
			buildActionMask = 2147483647;
			files = (
				4E35928B1A16689A009E3D03 /* libz.dylib in Frameworks */,
				4EDE8C831A14A4AA00098611 /* libc++.dylib in Frameworks */,
				4EFABE261A13848700BD3A13 /* Realm.framework in Frameworks */,
				4EE6E43E1A0CE75200354446 /* libsqlite3.dylib in Frameworks */,
				4EE6E43C1A0CE74A00354446 /* SQLite.framework in Frameworks */,
				4EC1C1FD1A0C1E370026ED0B /* SwiftyJSON.framework in Frameworks */,
				4EC1C17F1A0C06BC0026ED0B /* Alamofire.framework in Frameworks */,
				4EC1C0F61A0BE3690026ED0B /* AdaptiveArpApi.framework in Frameworks */,
			);
			runOnlyForDeploymentPostprocessing = 0;
		};
		4EDB53FE1A029910008A2C4F /* Frameworks */ = {
			isa = PBXFrameworksBuildPhase;
			buildActionMask = 2147483647;
			files = (
				4EDB54021A029910008A2C4F /* AdaptiveArpImpl.framework in Frameworks */,
			);
			runOnlyForDeploymentPostprocessing = 0;
		};
/* End PBXFrameworksBuildPhase section */

/* Begin PBXGroup section */
		4E35920C1A1665E8009E3D03 /* Compression */ = {
			isa = PBXGroup;
			children = (
				4E35921D1A166600009E3D03 /* NSData+CocoaDevUsersAdditions.h */,
				4E35921E1A166600009E3D03 /* NSData+CocoaDevUsersAdditions.m */,
			);
			path = Compression;
			sourceTree = "<group>";
		};
		4E3592231A16662A009E3D03 /* Encryption */ = {
			isa = PBXGroup;
			children = (
				4E3592241A166639009E3D03 /* ArrayExtension.swift */,
				4E3592251A166639009E3D03 /* Authenticator.swift */,
				4E3592261A166639009E3D03 /* BitExtension.swift */,
				4E3592271A166639009E3D03 /* ByteExtension.swift */,
				4E3592281A166639009E3D03 /* ChaCha20.swift */,
				4E3592291A166639009E3D03 /* Cipher.swift */,
				4E35922A1A166639009E3D03 /* CRC.swift */,
				4E35922B1A166639009E3D03 /* CryptoHashBase.swift */,
				4E35922C1A166639009E3D03 /* CryptoSwift.h */,
				4E35922D1A166639009E3D03 /* Generics.swift */,
				4E35922E1A166639009E3D03 /* Hash.swift */,
				4E35922F1A166639009E3D03 /* IntExtension.swift */,
				4E3592301A166639009E3D03 /* MD5.swift */,
				4E3592311A166639009E3D03 /* NSDataExtension.swift */,
				4E3592321A166639009E3D03 /* Operators.swift */,
				4E3592331A166639009E3D03 /* Poly1305.swift */,
				4E3592341A166639009E3D03 /* SHA1.swift */,
				4E3592351A166639009E3D03 /* SHA2.swift */,
				4E3592361A166639009E3D03 /* StringExtension.swift */,
				4E3592371A166639009E3D03 /* UInt16Extension.swift */,
				4E3592381A166639009E3D03 /* UInt32Extension.swift */,
				4E3592391A166639009E3D03 /* UInt64Extension.swift */,
			);
			path = Encryption;
			sourceTree = "<group>";
		};
		4E722CE51A02815A00004247 = {
			isa = PBXGroup;
			children = (
				C369DA5D1A1A4441005B0B90 /* Libs */,
				4EDB51691A029446008A2C4F /* Common */,
				4EDB544B1A02995B008A2C4F /* OSX */,
				4EDB544A1A029943008A2C4F /* iOS */,
				4EDB53DA1A0298E8008A2C4F /* AdaptiveArpImplOSX */,
				4EDB53E71A0298E8008A2C4F /* AdaptiveArpImplOSXTests */,
				4EDB53F81A029910008A2C4F /* AdaptiveArpImpliOS */,
				4EDB54051A029910008A2C4F /* AdaptiveArpImpliOSTests */,
				4E722CF01A02815A00004247 /* Products */,
				4EC1C0E61A0BE3470026ED0B /* adaptive-arp-api-swift.xcodeproj */,
				4EC1C10D1A0BEC760026ED0B /* Realm.xcodeproj */,
				4EC1C1281A0BEC7D0026ED0B /* SQLite.xcodeproj */,
				4EC1C1371A0BEC870026ED0B /* SwiftyJSON.xcodeproj */,
				4EC1C1401A0BEC900026ED0B /* Alamofire.xcodeproj */,
			);
			sourceTree = "<group>";
		};
		4E722CF01A02815A00004247 /* Products */ = {
			isa = PBXGroup;
			children = (
				4EDB53D91A0298E8008A2C4F /* AdaptiveArpImpl.framework */,
				4EDB53E31A0298E8008A2C4F /* AdaptiveArpImplOSXTests.xctest */,
				4EDB53F71A029910008A2C4F /* AdaptiveArpImpl.framework */,
				4EDB54011A029910008A2C4F /* AdaptiveArpImpliOSTests.xctest */,
			);
			name = Products;
			sourceTree = "<group>";
		};
		4EC1C0E71A0BE3470026ED0B /* Products */ = {
			isa = PBXGroup;
			children = (
				4EC1C0EE1A0BE3470026ED0B /* AdaptiveArpApi.framework */,
				4EC1C0F01A0BE3470026ED0B /* AdaptiveArpApiiOSTests.xctest */,
				4EC1C0F21A0BE3470026ED0B /* AdaptiveArpApi.framework */,
				4EC1C0F41A0BE3470026ED0B /* AdaptiveArpApiOSXTests.xctest */,
			);
			name = Products;
			sourceTree = "<group>";
		};
		4EC1C10E1A0BEC760026ED0B /* Products */ = {
			isa = PBXGroup;
			children = (
				4EC1C1191A0BEC760026ED0B /* Realm.framework */,
				4EC1C11B1A0BEC760026ED0B /* OSX Tests.xctest */,
				4EC1C11D1A0BEC760026ED0B /* Realm.framework */,
				4EC1C11F1A0BEC760026ED0B /* Realm.framework */,
				4EC1C1211A0BEC760026ED0B /* iOS Tests.xctest */,
				4EC1C1231A0BEC760026ED0B /* iOS Device Tests.xctest */,
				4EC1C1251A0BEC760026ED0B /* iOS 8 Tests.xctest */,
				4EC1C1271A0BEC760026ED0B /* TestHost.app */,
			);
			name = Products;
			sourceTree = "<group>";
		};
		4EC1C1291A0BEC7D0026ED0B /* Products */ = {
			isa = PBXGroup;
			children = (
				4EC1C1301A0BEC7D0026ED0B /* SQLite.framework */,
				4EC1C1321A0BEC7D0026ED0B /* SQLite iOS Tests.xctest */,
				4EC1C1341A0BEC7D0026ED0B /* SQLite.framework */,
				4EC1C1361A0BEC7D0026ED0B /* SQLite Mac Tests.xctest */,
			);
			name = Products;
			sourceTree = "<group>";
		};
		4EC1C1381A0BEC870026ED0B /* Products */ = {
			isa = PBXGroup;
			children = (
				4EC1C13D1A0BEC870026ED0B /* SwiftyJSON.framework */,
				4EC1C13F1A0BEC870026ED0B /* SwiftyJSONTests.xctest */,
				4EC1C1F71A0C1E170026ED0B /* SwiftyJSON.framework */,
				4EC1C1F91A0C1E170026ED0B /* SwiftyJSONOSXTests.xctest */,
			);
			name = Products;
			sourceTree = "<group>";
		};
		4EC1C1411A0BEC900026ED0B /* Products */ = {
			isa = PBXGroup;
			children = (
				4EC1C1461A0BEC910026ED0B /* Alamofire.framework */,
				4EC1C1481A0BEC910026ED0B /* AlamofireTests.xctest */,
				4EC1C1781A0C05E80026ED0B /* Alamofire.framework */,
				4EC1C17A1A0C05E80026ED0B /* AlamofireOSXTests.xctest */,
			);
			name = Products;
			sourceTree = "<group>";
		};
		4EDB51691A029446008A2C4F /* Common */ = {
			isa = PBXGroup;
			children = (
				4E3592851A1666D6009E3D03 /* Adaptive-Bridging-Header.h */,
				4E3592231A16662A009E3D03 /* Encryption */,
				4E35920C1A1665E8009E3D03 /* Compression */,
				4EDE8C871A14A74500098611 /* Realm Support */,
				4E6509291A1376B700B593F9 /* AppResourceManager.swift */,
				4EDB516A1A029446008A2C4F /* AppContextImpl.swift */,
				4EDB516B1A029446008A2C4F /* AppContextWebviewImpl.swift */,
				4EDB516C1A029446008A2C4F /* AppRegistryImpl.swift */,
				4EDB51701A029446008A2C4F /* CapabilitiesImpl.swift */,
				4EDB51711A029446008A2C4F /* DatabaseImpl.swift */,
				4EDB51721A029446008A2C4F /* DeviceImpl.swift */,
				4EDB51731A029446008A2C4F /* DisplayImpl.swift */,
				4EDB51741A029446008A2C4F /* GeolocationImpl.swift */,
				4EDB51751A029446008A2C4F /* GlobalizationImpl.swift */,
				4ED4D1CB1A02CA4000CC854E /* HttpInterceptorProtocol.swift */,
				4EDB51761A029446008A2C4F /* LifecycleImpl.swift */,
				4EDB517D1A029446008A2C4F /* LoggingImpl.swift */,
				4EDB517E1A029446008A2C4F /* NetworkReachabilityImpl.swift */,
				4EDB517F1A029446008A2C4F /* OSImpl.swift */,
				4EDB51801A029446008A2C4F /* RuntimeImpl.swift */,
				4EDB51811A029446008A2C4F /* SecurityImpl.swift */,
				4EDB51821A029446008A2C4F /* ServiceImpl.swift */,
				4EDB51831A029446008A2C4F /* SessionImpl.swift */,
				4EDB51C21A029566008A2C4F /* utils */,
			);
			name = Common;
			path = Source/Common;
			sourceTree = "<group>";
		};
		4EDB51C21A029566008A2C4F /* utils */ = {
			isa = PBXGroup;
			children = (
				4EDB51C31A029566008A2C4F /* Await.swift */,
				4EDB51C41A029566008A2C4F /* GeolocationDelegate.swift */,
				4EDB51C51A029566008A2C4F /* I18NParser.swift */,
				4EDB51C61A029566008A2C4F /* Utils.swift */,
			);
			path = utils;
			sourceTree = "<group>";
		};
		4EDB53DA1A0298E8008A2C4F /* AdaptiveArpImplOSX */ = {
			isa = PBXGroup;
			children = (
				4EDB53DB1A0298E8008A2C4F /* Supporting Files */,
			);
			path = AdaptiveArpImplOSX;
			sourceTree = "<group>";
		};
		4EDB53DB1A0298E8008A2C4F /* Supporting Files */ = {
			isa = PBXGroup;
			children = (
				4EDB53DC1A0298E8008A2C4F /* Info.plist */,
			);
			name = "Supporting Files";
			sourceTree = "<group>";
		};
		4EDB53E71A0298E8008A2C4F /* AdaptiveArpImplOSXTests */ = {
			isa = PBXGroup;
			children = (
				4EDB53E81A0298E8008A2C4F /* Supporting Files */,
			);
			path = AdaptiveArpImplOSXTests;
			sourceTree = "<group>";
		};
		4EDB53E81A0298E8008A2C4F /* Supporting Files */ = {
			isa = PBXGroup;
			children = (
				4EDB53E91A0298E8008A2C4F /* Info.plist */,
			);
			name = "Supporting Files";
			sourceTree = "<group>";
		};
		4EDB53F81A029910008A2C4F /* AdaptiveArpImpliOS */ = {
			isa = PBXGroup;
			children = (
				4EDB53F91A029910008A2C4F /* Supporting Files */,
			);
			path = AdaptiveArpImpliOS;
			sourceTree = "<group>";
		};
		4EDB53F91A029910008A2C4F /* Supporting Files */ = {
			isa = PBXGroup;
			children = (
				4EDB53FA1A029910008A2C4F /* Info.plist */,
			);
			name = "Supporting Files";
			sourceTree = "<group>";
		};
		4EDB54051A029910008A2C4F /* AdaptiveArpImpliOSTests */ = {
			isa = PBXGroup;
			children = (
				4EDB54061A029910008A2C4F /* Supporting Files */,
			);
			path = AdaptiveArpImpliOSTests;
			sourceTree = "<group>";
		};
		4EDB54061A029910008A2C4F /* Supporting Files */ = {
			isa = PBXGroup;
			children = (
				4EDB54071A029910008A2C4F /* Info.plist */,
			);
			name = "Supporting Files";
			sourceTree = "<group>";
		};
		4EDB544A1A029943008A2C4F /* iOS */ = {
			isa = PBXGroup;
			children = (
				C3BB4C0E1A124CD4005C177C /* BrowserImpl.swift */,
				4EDB544D1A0299A8008A2C4F /* ContactImpl.swift */,
				4EDB544E1A0299A8008A2C4F /* MessagingImpl.swift */,
				4EDB544F1A0299A8008A2C4F /* TelephonyImpl.swift */,
				4EDB54501A0299A8008A2C4F /* VideoImpl.swift */,
			);
			name = iOS;
			path = Source/iOS;
			sourceTree = "<group>";
		};
		4EDB544B1A02995B008A2C4F /* OSX */ = {
			isa = PBXGroup;
			children = (
			);
			name = OSX;
			path = Source/OSX;
			sourceTree = "<group>";
		};
		4EDE8C871A14A74500098611 /* Realm Support */ = {
			isa = PBXGroup;
			children = (
				4EDE8C8F1A14AA3800098611 /* ResourceData.swift */,
				4EDE8C841A14A72900098611 /* RLMSupport.swift */,
			);
			name = "Realm Support";
			sourceTree = "<group>";
		};
		C369DA5D1A1A4441005B0B90 /* Libs */ = {
			isa = PBXGroup;
			children = (
				4E35928A1A16689A009E3D03 /* libz.dylib */,
				4E3592881A166890009E3D03 /* libz.dylib */,
				4EDE8C811A14A3FD00098611 /* libc++.dylib */,
				4EDE8C7F1A14A36000098611 /* Security.framework */,
				4EE6E43D1A0CE75200354446 /* libsqlite3.dylib */,
				4EE6E4361A0CE70400354446 /* libsqlite3.dylib */,
			);
			name = Libs;
			sourceTree = "<group>";
		};
/* End PBXGroup section */

/* Begin PBXHeadersBuildPhase section */
		4EDB53D61A0298E8008A2C4F /* Headers */ = {
			isa = PBXHeadersBuildPhase;
			buildActionMask = 2147483647;
			files = (
				4E3592861A1666D6009E3D03 /* Adaptive-Bridging-Header.h in Headers */,
				4E35921F1A166600009E3D03 /* NSData+CocoaDevUsersAdditions.h in Headers */,
				4E35924B1A166639009E3D03 /* CryptoSwift.h in Headers */,
			);
			runOnlyForDeploymentPostprocessing = 0;
		};
		4EDB53F41A029910008A2C4F /* Headers */ = {
			isa = PBXHeadersBuildPhase;
			buildActionMask = 2147483647;
			files = (
				4E3592871A1666D6009E3D03 /* Adaptive-Bridging-Header.h in Headers */,
				4E3592201A166600009E3D03 /* NSData+CocoaDevUsersAdditions.h in Headers */,
				4E35924C1A166639009E3D03 /* CryptoSwift.h in Headers */,
			);
			runOnlyForDeploymentPostprocessing = 0;
		};
/* End PBXHeadersBuildPhase section */

/* Begin PBXNativeTarget section */
		4EDB53D81A0298E8008A2C4F /* AdaptiveArpImplOSX */ = {
			isa = PBXNativeTarget;
			buildConfigurationList = 4EDB53EC1A0298E8008A2C4F /* Build configuration list for PBXNativeTarget "AdaptiveArpImplOSX" */;
			buildPhases = (
				4EDB53D41A0298E8008A2C4F /* Sources */,
				4EDB53D51A0298E8008A2C4F /* Frameworks */,
				4EDB53D61A0298E8008A2C4F /* Headers */,
				4EDB53D71A0298E8008A2C4F /* Resources */,
				4E95236D1A113A8E009C4295 /* Embedded Dependencies */,
			);
			buildRules = (
			);
			dependencies = (
				4EE6E4391A0CE71B00354446 /* PBXTargetDependency */,
				4EDE72821A0CE37000948F6E /* PBXTargetDependency */,
				4EC1C1F31A0C1E170026ED0B /* PBXTargetDependency */,
				4EC1C1741A0C05E80026ED0B /* PBXTargetDependency */,
				4EC1C0FA1A0BE38F0026ED0B /* PBXTargetDependency */,
			);
			name = AdaptiveArpImplOSX;
			productName = AdaptiveArpImplOSX;
			productReference = 4EDB53D91A0298E8008A2C4F /* AdaptiveArpImpl.framework */;
			productType = "com.apple.product-type.framework";
		};
		4EDB53E21A0298E8008A2C4F /* AdaptiveArpImplOSXTests */ = {
			isa = PBXNativeTarget;
			buildConfigurationList = 4EDB53EF1A0298E8008A2C4F /* Build configuration list for PBXNativeTarget "AdaptiveArpImplOSXTests" */;
			buildPhases = (
				4EDB53DF1A0298E8008A2C4F /* Sources */,
				4EDB53E01A0298E8008A2C4F /* Frameworks */,
				4EDB53E11A0298E8008A2C4F /* Resources */,
			);
			buildRules = (
			);
			dependencies = (
				4EDB53E61A0298E8008A2C4F /* PBXTargetDependency */,
			);
			name = AdaptiveArpImplOSXTests;
			productName = AdaptiveArpImplOSXTests;
			productReference = 4EDB53E31A0298E8008A2C4F /* AdaptiveArpImplOSXTests.xctest */;
			productType = "com.apple.product-type.bundle.unit-test";
		};
		4EDB53F61A029910008A2C4F /* AdaptiveArpImpliOS */ = {
			isa = PBXNativeTarget;
			buildConfigurationList = 4EDB540A1A029910008A2C4F /* Build configuration list for PBXNativeTarget "AdaptiveArpImpliOS" */;
			buildPhases = (
				4EDB53F21A029910008A2C4F /* Sources */,
				4EDB53F31A029910008A2C4F /* Frameworks */,
				4EDB53F41A029910008A2C4F /* Headers */,
				4EDB53F51A029910008A2C4F /* Resources */,
				4E9523881A113B68009C4295 /* Embed Dependencies */,
			);
			buildRules = (
			);
			dependencies = (
				4EFABE251A13848200BD3A13 /* PBXTargetDependency */,
				4EE6E43B1A0CE74200354446 /* PBXTargetDependency */,
				4EC1C1FC1A0C1E2B0026ED0B /* PBXTargetDependency */,
				4EC1C17D1A0C060B0026ED0B /* PBXTargetDependency */,
				4EC1C0F81A0BE3830026ED0B /* PBXTargetDependency */,
			);
			name = AdaptiveArpImpliOS;
			productName = AdaptiveArpImpliOS;
			productReference = 4EDB53F71A029910008A2C4F /* AdaptiveArpImpl.framework */;
			productType = "com.apple.product-type.framework";
		};
		4EDB54001A029910008A2C4F /* AdaptiveArpImpliOSTests */ = {
			isa = PBXNativeTarget;
			buildConfigurationList = 4EDB540D1A029910008A2C4F /* Build configuration list for PBXNativeTarget "AdaptiveArpImpliOSTests" */;
			buildPhases = (
				4EDB53FD1A029910008A2C4F /* Sources */,
				4EDB53FE1A029910008A2C4F /* Frameworks */,
				4EDB53FF1A029910008A2C4F /* Resources */,
			);
			buildRules = (
			);
			dependencies = (
				4EDB54041A029910008A2C4F /* PBXTargetDependency */,
			);
			name = AdaptiveArpImpliOSTests;
			productName = AdaptiveArpImpliOSTests;
			productReference = 4EDB54011A029910008A2C4F /* AdaptiveArpImpliOSTests.xctest */;
			productType = "com.apple.product-type.bundle.unit-test";
		};
/* End PBXNativeTarget section */

/* Begin PBXProject section */
		4E722CE61A02815A00004247 /* Project object */ = {
			isa = PBXProject;
			attributes = {
				LastUpgradeCheck = 0610;
				ORGANIZATIONNAME = "Carlos Lozano Diez";
				TargetAttributes = {
					4EDB53D81A0298E8008A2C4F = {
						CreatedOnToolsVersion = 6.1;
					};
					4EDB53E21A0298E8008A2C4F = {
						CreatedOnToolsVersion = 6.1;
					};
					4EDB53F61A029910008A2C4F = {
						CreatedOnToolsVersion = 6.1;
						DevelopmentTeam = 2G3S9L8W64;
					};
					4EDB54001A029910008A2C4F = {
						CreatedOnToolsVersion = 6.1;
					};
				};
			};
			buildConfigurationList = 4E722CE91A02815A00004247 /* Build configuration list for PBXProject "adaptive-arp-impl" */;
			compatibilityVersion = "Xcode 3.2";
			developmentRegion = English;
			hasScannedForEncodings = 0;
			knownRegions = (
				en,
			);
			mainGroup = 4E722CE51A02815A00004247;
			productRefGroup = 4E722CF01A02815A00004247 /* Products */;
			projectDirPath = "";
			projectReferences = (
				{
					ProductGroup = 4EC1C0E71A0BE3470026ED0B /* Products */;
					ProjectRef = 4EC1C0E61A0BE3470026ED0B /* adaptive-arp-api-swift.xcodeproj */;
				},
				{
					ProductGroup = 4EC1C1411A0BEC900026ED0B /* Products */;
					ProjectRef = 4EC1C1401A0BEC900026ED0B /* Alamofire.xcodeproj */;
				},
				{
					ProductGroup = 4EC1C10E1A0BEC760026ED0B /* Products */;
					ProjectRef = 4EC1C10D1A0BEC760026ED0B /* Realm.xcodeproj */;
				},
				{
					ProductGroup = 4EC1C1291A0BEC7D0026ED0B /* Products */;
					ProjectRef = 4EC1C1281A0BEC7D0026ED0B /* SQLite.xcodeproj */;
				},
				{
					ProductGroup = 4EC1C1381A0BEC870026ED0B /* Products */;
					ProjectRef = 4EC1C1371A0BEC870026ED0B /* SwiftyJSON.xcodeproj */;
				},
			);
			projectRoot = "";
			targets = (
				4EDB53D81A0298E8008A2C4F /* AdaptiveArpImplOSX */,
				4EDB53E21A0298E8008A2C4F /* AdaptiveArpImplOSXTests */,
				4EDB53F61A029910008A2C4F /* AdaptiveArpImpliOS */,
				4EDB54001A029910008A2C4F /* AdaptiveArpImpliOSTests */,
			);
		};
/* End PBXProject section */

/* Begin PBXReferenceProxy section */
		4EC1C0EE1A0BE3470026ED0B /* AdaptiveArpApi.framework */ = {
			isa = PBXReferenceProxy;
			fileType = wrapper.framework;
			path = AdaptiveArpApi.framework;
			remoteRef = 4EC1C0ED1A0BE3470026ED0B /* PBXContainerItemProxy */;
			sourceTree = BUILT_PRODUCTS_DIR;
		};
		4EC1C0F01A0BE3470026ED0B /* AdaptiveArpApiiOSTests.xctest */ = {
			isa = PBXReferenceProxy;
			fileType = wrapper.cfbundle;
			path = AdaptiveArpApiiOSTests.xctest;
			remoteRef = 4EC1C0EF1A0BE3470026ED0B /* PBXContainerItemProxy */;
			sourceTree = BUILT_PRODUCTS_DIR;
		};
		4EC1C0F21A0BE3470026ED0B /* AdaptiveArpApi.framework */ = {
			isa = PBXReferenceProxy;
			fileType = wrapper.framework;
			path = AdaptiveArpApi.framework;
			remoteRef = 4EC1C0F11A0BE3470026ED0B /* PBXContainerItemProxy */;
			sourceTree = BUILT_PRODUCTS_DIR;
		};
		4EC1C0F41A0BE3470026ED0B /* AdaptiveArpApiOSXTests.xctest */ = {
			isa = PBXReferenceProxy;
			fileType = wrapper.cfbundle;
			path = AdaptiveArpApiOSXTests.xctest;
			remoteRef = 4EC1C0F31A0BE3470026ED0B /* PBXContainerItemProxy */;
			sourceTree = BUILT_PRODUCTS_DIR;
		};
		4EC1C1191A0BEC760026ED0B /* Realm.framework */ = {
			isa = PBXReferenceProxy;
			fileType = wrapper.framework;
			path = Realm.framework;
			remoteRef = 4EC1C1181A0BEC760026ED0B /* PBXContainerItemProxy */;
			sourceTree = BUILT_PRODUCTS_DIR;
		};
		4EC1C11B1A0BEC760026ED0B /* OSX Tests.xctest */ = {
			isa = PBXReferenceProxy;
			fileType = wrapper.cfbundle;
			path = "OSX Tests.xctest";
			remoteRef = 4EC1C11A1A0BEC760026ED0B /* PBXContainerItemProxy */;
			sourceTree = BUILT_PRODUCTS_DIR;
		};
		4EC1C11D1A0BEC760026ED0B /* Realm.framework */ = {
			isa = PBXReferenceProxy;
			fileType = wrapper.framework;
			path = Realm.framework;
			remoteRef = 4EC1C11C1A0BEC760026ED0B /* PBXContainerItemProxy */;
			sourceTree = BUILT_PRODUCTS_DIR;
		};
		4EC1C11F1A0BEC760026ED0B /* Realm.framework */ = {
			isa = PBXReferenceProxy;
			fileType = wrapper.framework;
			path = Realm.framework;
			remoteRef = 4EC1C11E1A0BEC760026ED0B /* PBXContainerItemProxy */;
			sourceTree = BUILT_PRODUCTS_DIR;
		};
		4EC1C1211A0BEC760026ED0B /* iOS Tests.xctest */ = {
			isa = PBXReferenceProxy;
			fileType = wrapper.cfbundle;
			path = "iOS Tests.xctest";
			remoteRef = 4EC1C1201A0BEC760026ED0B /* PBXContainerItemProxy */;
			sourceTree = BUILT_PRODUCTS_DIR;
		};
		4EC1C1231A0BEC760026ED0B /* iOS Device Tests.xctest */ = {
			isa = PBXReferenceProxy;
			fileType = wrapper.cfbundle;
			path = "iOS Device Tests.xctest";
			remoteRef = 4EC1C1221A0BEC760026ED0B /* PBXContainerItemProxy */;
			sourceTree = BUILT_PRODUCTS_DIR;
		};
		4EC1C1251A0BEC760026ED0B /* iOS 8 Tests.xctest */ = {
			isa = PBXReferenceProxy;
			fileType = wrapper.cfbundle;
			path = "iOS 8 Tests.xctest";
			remoteRef = 4EC1C1241A0BEC760026ED0B /* PBXContainerItemProxy */;
			sourceTree = BUILT_PRODUCTS_DIR;
		};
		4EC1C1271A0BEC760026ED0B /* TestHost.app */ = {
			isa = PBXReferenceProxy;
			fileType = wrapper.application;
			path = TestHost.app;
			remoteRef = 4EC1C1261A0BEC760026ED0B /* PBXContainerItemProxy */;
			sourceTree = BUILT_PRODUCTS_DIR;
		};
		4EC1C1301A0BEC7D0026ED0B /* SQLite.framework */ = {
			isa = PBXReferenceProxy;
			fileType = wrapper.framework;
			path = SQLite.framework;
			remoteRef = 4EC1C12F1A0BEC7D0026ED0B /* PBXContainerItemProxy */;
			sourceTree = BUILT_PRODUCTS_DIR;
		};
		4EC1C1321A0BEC7D0026ED0B /* SQLite iOS Tests.xctest */ = {
			isa = PBXReferenceProxy;
			fileType = wrapper.cfbundle;
			path = "SQLite iOS Tests.xctest";
			remoteRef = 4EC1C1311A0BEC7D0026ED0B /* PBXContainerItemProxy */;
			sourceTree = BUILT_PRODUCTS_DIR;
		};
		4EC1C1341A0BEC7D0026ED0B /* SQLite.framework */ = {
			isa = PBXReferenceProxy;
			fileType = wrapper.framework;
			path = SQLite.framework;
			remoteRef = 4EC1C1331A0BEC7D0026ED0B /* PBXContainerItemProxy */;
			sourceTree = BUILT_PRODUCTS_DIR;
		};
		4EC1C1361A0BEC7D0026ED0B /* SQLite Mac Tests.xctest */ = {
			isa = PBXReferenceProxy;
			fileType = wrapper.cfbundle;
			path = "SQLite Mac Tests.xctest";
			remoteRef = 4EC1C1351A0BEC7D0026ED0B /* PBXContainerItemProxy */;
			sourceTree = BUILT_PRODUCTS_DIR;
		};
		4EC1C13D1A0BEC870026ED0B /* SwiftyJSON.framework */ = {
			isa = PBXReferenceProxy;
			fileType = wrapper.framework;
			path = SwiftyJSON.framework;
			remoteRef = 4EC1C13C1A0BEC870026ED0B /* PBXContainerItemProxy */;
			sourceTree = BUILT_PRODUCTS_DIR;
		};
		4EC1C13F1A0BEC870026ED0B /* SwiftyJSONTests.xctest */ = {
			isa = PBXReferenceProxy;
			fileType = wrapper.cfbundle;
			path = SwiftyJSONTests.xctest;
			remoteRef = 4EC1C13E1A0BEC870026ED0B /* PBXContainerItemProxy */;
			sourceTree = BUILT_PRODUCTS_DIR;
		};
		4EC1C1461A0BEC910026ED0B /* Alamofire.framework */ = {
			isa = PBXReferenceProxy;
			fileType = wrapper.framework;
			path = Alamofire.framework;
			remoteRef = 4EC1C1451A0BEC910026ED0B /* PBXContainerItemProxy */;
			sourceTree = BUILT_PRODUCTS_DIR;
		};
		4EC1C1481A0BEC910026ED0B /* AlamofireTests.xctest */ = {
			isa = PBXReferenceProxy;
			fileType = wrapper.cfbundle;
			path = AlamofireTests.xctest;
			remoteRef = 4EC1C1471A0BEC910026ED0B /* PBXContainerItemProxy */;
			sourceTree = BUILT_PRODUCTS_DIR;
		};
		4EC1C1781A0C05E80026ED0B /* Alamofire.framework */ = {
			isa = PBXReferenceProxy;
			fileType = wrapper.framework;
			path = Alamofire.framework;
			remoteRef = 4EC1C1771A0C05E80026ED0B /* PBXContainerItemProxy */;
			sourceTree = BUILT_PRODUCTS_DIR;
		};
		4EC1C17A1A0C05E80026ED0B /* AlamofireOSXTests.xctest */ = {
			isa = PBXReferenceProxy;
			fileType = wrapper.cfbundle;
			path = AlamofireOSXTests.xctest;
			remoteRef = 4EC1C1791A0C05E80026ED0B /* PBXContainerItemProxy */;
			sourceTree = BUILT_PRODUCTS_DIR;
		};
		4EC1C1F71A0C1E170026ED0B /* SwiftyJSON.framework */ = {
			isa = PBXReferenceProxy;
			fileType = wrapper.framework;
			path = SwiftyJSON.framework;
			remoteRef = 4EC1C1F61A0C1E170026ED0B /* PBXContainerItemProxy */;
			sourceTree = BUILT_PRODUCTS_DIR;
		};
		4EC1C1F91A0C1E170026ED0B /* SwiftyJSONOSXTests.xctest */ = {
			isa = PBXReferenceProxy;
			fileType = wrapper.cfbundle;
			path = SwiftyJSONOSXTests.xctest;
			remoteRef = 4EC1C1F81A0C1E170026ED0B /* PBXContainerItemProxy */;
			sourceTree = BUILT_PRODUCTS_DIR;
		};
/* End PBXReferenceProxy section */

/* Begin PBXResourcesBuildPhase section */
		4EDB53D71A0298E8008A2C4F /* Resources */ = {
			isa = PBXResourcesBuildPhase;
			buildActionMask = 2147483647;
			files = (
			);
			runOnlyForDeploymentPostprocessing = 0;
		};
		4EDB53E11A0298E8008A2C4F /* Resources */ = {
			isa = PBXResourcesBuildPhase;
			buildActionMask = 2147483647;
			files = (
			);
			runOnlyForDeploymentPostprocessing = 0;
		};
		4EDB53F51A029910008A2C4F /* Resources */ = {
			isa = PBXResourcesBuildPhase;
			buildActionMask = 2147483647;
			files = (
			);
			runOnlyForDeploymentPostprocessing = 0;
		};
		4EDB53FF1A029910008A2C4F /* Resources */ = {
			isa = PBXResourcesBuildPhase;
			buildActionMask = 2147483647;
			files = (
			);
			runOnlyForDeploymentPostprocessing = 0;
		};
/* End PBXResourcesBuildPhase section */

/* Begin PBXSourcesBuildPhase section */
		4EDB53D41A0298E8008A2C4F /* Sources */ = {
			isa = PBXSourcesBuildPhase;
			buildActionMask = 2147483647;
			files = (
				4EDB542F1A029926008A2C4F /* GeolocationImpl.swift in Sources */,
				4E3592571A166639009E3D03 /* Operators.swift in Sources */,
				4E35923D1A166639009E3D03 /* Authenticator.swift in Sources */,
				4E3592551A166639009E3D03 /* NSDataExtension.swift in Sources */,
				4E35924D1A166639009E3D03 /* Generics.swift in Sources */,
				4E3592451A166639009E3D03 /* Cipher.swift in Sources */,
				4EDB54481A02992F008A2C4F /* ServiceImpl.swift in Sources */,
				4E35923F1A166639009E3D03 /* BitExtension.swift in Sources */,
				4EDB54431A02992F008A2C4F /* LoggingImpl.swift in Sources */,
				4E3592211A166600009E3D03 /* NSData+CocoaDevUsersAdditions.m in Sources */,
				4EDB54141A029921008A2C4F /* Await.swift in Sources */,
				4EDB54451A02992F008A2C4F /* OSImpl.swift in Sources */,
				4EDB54301A029926008A2C4F /* GlobalizationImpl.swift in Sources */,
				4E3592611A166639009E3D03 /* UInt16Extension.swift in Sources */,
				4EDB542E1A029926008A2C4F /* DisplayImpl.swift in Sources */,
				4EDB54311A029926008A2C4F /* LifecycleImpl.swift in Sources */,
				4EDB54261A029926008A2C4F /* AppContextWebviewImpl.swift in Sources */,
				4EDB54491A02992F008A2C4F /* SessionImpl.swift in Sources */,
				4EDB54271A029926008A2C4F /* AppRegistryImpl.swift in Sources */,
				4EDB54161A029921008A2C4F /* I18NParser.swift in Sources */,
				4E35925D1A166639009E3D03 /* SHA2.swift in Sources */,
				4E35925F1A166639009E3D03 /* StringExtension.swift in Sources */,
				4EDB54441A02992F008A2C4F /* NetworkReachabilityImpl.swift in Sources */,
				4EDE8C901A14AA3800098611 /* ResourceData.swift in Sources */,
				4EDB54461A02992F008A2C4F /* RuntimeImpl.swift in Sources */,
				4E3592491A166639009E3D03 /* CryptoHashBase.swift in Sources */,
				4EDB54471A02992F008A2C4F /* SecurityImpl.swift in Sources */,
				4ED4D1CC1A02CA4000CC854E /* HttpInterceptorProtocol.swift in Sources */,
				4EDB54151A029921008A2C4F /* GeolocationDelegate.swift in Sources */,
				4EDB54171A029921008A2C4F /* Utils.swift in Sources */,
				4E35924F1A166639009E3D03 /* Hash.swift in Sources */,
				4E3592531A166639009E3D03 /* MD5.swift in Sources */,
				4E3592471A166639009E3D03 /* CRC.swift in Sources */,
				4E65093C1A1376C900B593F9 /* AppResourceManager.swift in Sources */,
				4E35923B1A166639009E3D03 /* ArrayExtension.swift in Sources */,
				4E35925B1A166639009E3D03 /* SHA1.swift in Sources */,
				4EDE8C851A14A72900098611 /* RLMSupport.swift in Sources */,
				4EDB542D1A029926008A2C4F /* DeviceImpl.swift in Sources */,
				4E3592651A166639009E3D03 /* UInt64Extension.swift in Sources */,
				4EDB542C1A029926008A2C4F /* DatabaseImpl.swift in Sources */,
				4E3592591A166639009E3D03 /* Poly1305.swift in Sources */,
				4E3592431A166639009E3D03 /* ChaCha20.swift in Sources */,
				4E3592511A166639009E3D03 /* IntExtension.swift in Sources */,
				4E3592631A166639009E3D03 /* UInt32Extension.swift in Sources */,
				4EDB542B1A029926008A2C4F /* CapabilitiesImpl.swift in Sources */,
				4EDB54251A029926008A2C4F /* AppContextImpl.swift in Sources */,
				4E3592411A166639009E3D03 /* ByteExtension.swift in Sources */,
			);
			runOnlyForDeploymentPostprocessing = 0;
		};
		4EDB53DF1A0298E8008A2C4F /* Sources */ = {
			isa = PBXSourcesBuildPhase;
			buildActionMask = 2147483647;
			files = (
			);
			runOnlyForDeploymentPostprocessing = 0;
		};
		4EDB53F21A029910008A2C4F /* Sources */ = {
			isa = PBXSourcesBuildPhase;
			buildActionMask = 2147483647;
			files = (
				4EDB54221A029925008A2C4F /* GeolocationImpl.swift in Sources */,
				4E3592541A166639009E3D03 /* MD5.swift in Sources */,
				4E3592501A166639009E3D03 /* Hash.swift in Sources */,
				4EDB54411A02992E008A2C4F /* ServiceImpl.swift in Sources */,
				4E3592461A166639009E3D03 /* Cipher.swift in Sources */,
				4EDB543C1A02992E008A2C4F /* LoggingImpl.swift in Sources */,
				4EDB54101A029920008A2C4F /* Await.swift in Sources */,
				4EDB543E1A02992E008A2C4F /* OSImpl.swift in Sources */,
				4E3592621A166639009E3D03 /* UInt16Extension.swift in Sources */,
				4EDB54231A029925008A2C4F /* GlobalizationImpl.swift in Sources */,
				4EDB54211A029925008A2C4F /* DisplayImpl.swift in Sources */,
				4EDB54241A029925008A2C4F /* LifecycleImpl.swift in Sources */,
				4EDB54191A029925008A2C4F /* AppContextWebviewImpl.swift in Sources */,
				4E35924A1A166639009E3D03 /* CryptoHashBase.swift in Sources */,
				4E3592641A166639009E3D03 /* UInt32Extension.swift in Sources */,
				4E3592421A166639009E3D03 /* ByteExtension.swift in Sources */,
				4EDB54591A0299B1008A2C4F /* TelephonyImpl.swift in Sources */,
				4E3592601A166639009E3D03 /* StringExtension.swift in Sources */,
				4EDB54421A02992E008A2C4F /* SessionImpl.swift in Sources */,
				4E35923C1A166639009E3D03 /* ArrayExtension.swift in Sources */,
				4E3592221A166600009E3D03 /* NSData+CocoaDevUsersAdditions.m in Sources */,
				4EDB541A1A029925008A2C4F /* AppRegistryImpl.swift in Sources */,
				4E35924E1A166639009E3D03 /* Generics.swift in Sources */,
				4E3592481A166639009E3D03 /* CRC.swift in Sources */,
				4E3592441A166639009E3D03 /* ChaCha20.swift in Sources */,
				4E35925C1A166639009E3D03 /* SHA1.swift in Sources */,
				4EDB54121A029920008A2C4F /* I18NParser.swift in Sources */,
				4EDE8C911A14AA3800098611 /* ResourceData.swift in Sources */,
				4E3592561A166639009E3D03 /* NSDataExtension.swift in Sources */,
				4E3592521A166639009E3D03 /* IntExtension.swift in Sources */,
				4E3592581A166639009E3D03 /* Operators.swift in Sources */,
				4E3592661A166639009E3D03 /* UInt64Extension.swift in Sources */,
				4EDB543D1A02992E008A2C4F /* NetworkReachabilityImpl.swift in Sources */,
				4EDB543F1A02992E008A2C4F /* RuntimeImpl.swift in Sources */,
				4EDB54401A02992E008A2C4F /* SecurityImpl.swift in Sources */,
				4E35925A1A166639009E3D03 /* Poly1305.swift in Sources */,
				4EDB54111A029920008A2C4F /* GeolocationDelegate.swift in Sources */,
				4ED4D1CD1A02CA4100CC854E /* HttpInterceptorProtocol.swift in Sources */,
				4EDB54131A029920008A2C4F /* Utils.swift in Sources */,
				4E35925E1A166639009E3D03 /* SHA2.swift in Sources */,
				4EDB54201A029925008A2C4F /* DeviceImpl.swift in Sources */,
				4E35923E1A166639009E3D03 /* Authenticator.swift in Sources */,
				4EDB541F1A029925008A2C4F /* DatabaseImpl.swift in Sources */,
				4E3592401A166639009E3D03 /* BitExtension.swift in Sources */,
				4EDB541E1A029925008A2C4F /* CapabilitiesImpl.swift in Sources */,
				4EDB54571A0299B1008A2C4F /* ContactImpl.swift in Sources */,
				4E65093B1A1376C800B593F9 /* AppResourceManager.swift in Sources */,
				4EDE8C861A14A72900098611 /* RLMSupport.swift in Sources */,
				C3BB4C101A124D44005C177C /* BrowserImpl.swift in Sources */,
				4EDB545A1A0299B1008A2C4F /* VideoImpl.swift in Sources */,
				4EDB54581A0299B1008A2C4F /* MessagingImpl.swift in Sources */,
				4EDB54181A029925008A2C4F /* AppContextImpl.swift in Sources */,
			);
			runOnlyForDeploymentPostprocessing = 0;
		};
		4EDB53FD1A029910008A2C4F /* Sources */ = {
			isa = PBXSourcesBuildPhase;
			buildActionMask = 2147483647;
			files = (
			);
			runOnlyForDeploymentPostprocessing = 0;
		};
/* End PBXSourcesBuildPhase section */

/* Begin PBXTargetDependency section */
		4EC1C0F81A0BE3830026ED0B /* PBXTargetDependency */ = {
			isa = PBXTargetDependency;
			name = AdaptiveArpApiiOS;
			targetProxy = 4EC1C0F71A0BE3830026ED0B /* PBXContainerItemProxy */;
		};
		4EC1C0FA1A0BE38F0026ED0B /* PBXTargetDependency */ = {
			isa = PBXTargetDependency;
			name = AdaptiveArpApiOSX;
			targetProxy = 4EC1C0F91A0BE38F0026ED0B /* PBXContainerItemProxy */;
		};
		4EC1C1741A0C05E80026ED0B /* PBXTargetDependency */ = {
			isa = PBXTargetDependency;
			name = AlamofireOSX;
			targetProxy = 4EC1C1731A0C05E80026ED0B /* PBXContainerItemProxy */;
		};
		4EC1C17D1A0C060B0026ED0B /* PBXTargetDependency */ = {
			isa = PBXTargetDependency;
			name = Alamofire;
			targetProxy = 4EC1C17C1A0C060B0026ED0B /* PBXContainerItemProxy */;
		};
		4EC1C1F31A0C1E170026ED0B /* PBXTargetDependency */ = {
			isa = PBXTargetDependency;
			name = SwiftyJSONOSX;
			targetProxy = 4EC1C1F21A0C1E170026ED0B /* PBXContainerItemProxy */;
		};
		4EC1C1FC1A0C1E2B0026ED0B /* PBXTargetDependency */ = {
			isa = PBXTargetDependency;
			name = SwiftyJSON;
			targetProxy = 4EC1C1FB1A0C1E2B0026ED0B /* PBXContainerItemProxy */;
		};
		4EDB53E61A0298E8008A2C4F /* PBXTargetDependency */ = {
			isa = PBXTargetDependency;
			target = 4EDB53D81A0298E8008A2C4F /* AdaptiveArpImplOSX */;
			targetProxy = 4EDB53E51A0298E8008A2C4F /* PBXContainerItemProxy */;
		};
		4EDB54041A029910008A2C4F /* PBXTargetDependency */ = {
			isa = PBXTargetDependency;
			target = 4EDB53F61A029910008A2C4F /* AdaptiveArpImpliOS */;
			targetProxy = 4EDB54031A029910008A2C4F /* PBXContainerItemProxy */;
		};
		4EDE72821A0CE37000948F6E /* PBXTargetDependency */ = {
			isa = PBXTargetDependency;
			name = OSX;
			targetProxy = 4EDE72811A0CE37000948F6E /* PBXContainerItemProxy */;
		};
		4EE6E4391A0CE71B00354446 /* PBXTargetDependency */ = {
			isa = PBXTargetDependency;
			name = "SQLite Mac";
			targetProxy = 4EE6E4381A0CE71B00354446 /* PBXContainerItemProxy */;
		};
		4EE6E43B1A0CE74200354446 /* PBXTargetDependency */ = {
			isa = PBXTargetDependency;
			name = "SQLite iOS";
			targetProxy = 4EE6E43A1A0CE74200354446 /* PBXContainerItemProxy */;
		};
		4EFABE251A13848200BD3A13 /* PBXTargetDependency */ = {
			isa = PBXTargetDependency;
			name = iOS;
			targetProxy = 4EFABE241A13848200BD3A13 /* PBXContainerItemProxy */;
		};
/* End PBXTargetDependency section */

/* Begin XCBuildConfiguration section */
		4E722D031A02815A00004247 /* Debug */ = {
			isa = XCBuildConfiguration;
			buildSettings = {
				ALWAYS_SEARCH_USER_PATHS = NO;
				CLANG_CXX_LANGUAGE_STANDARD = "gnu++0x";
				CLANG_CXX_LIBRARY = "libc++";
				CLANG_ENABLE_MODULES = YES;
				CLANG_ENABLE_OBJC_ARC = YES;
				CLANG_WARN_BOOL_CONVERSION = YES;
				CLANG_WARN_CONSTANT_CONVERSION = YES;
				CLANG_WARN_DIRECT_OBJC_ISA_USAGE = YES_ERROR;
				CLANG_WARN_EMPTY_BODY = YES;
				CLANG_WARN_ENUM_CONVERSION = YES;
				CLANG_WARN_INT_CONVERSION = YES;
				CLANG_WARN_OBJC_ROOT_CLASS = YES_ERROR;
				CLANG_WARN_UNREACHABLE_CODE = YES;
				CLANG_WARN__DUPLICATE_METHOD_MATCH = YES;
				CODE_SIGN_IDENTITY = "iPhone Developer";
				COPY_PHASE_STRIP = NO;
				CURRENT_PROJECT_VERSION = 1;
				DEAD_CODE_STRIPPING = YES;
				DEFINES_MODULE = NO;
				ENABLE_STRICT_OBJC_MSGSEND = YES;
				GCC_C_LANGUAGE_STANDARD = gnu99;
				GCC_DYNAMIC_NO_PIC = NO;
				GCC_OPTIMIZATION_LEVEL = s;
				GCC_PREPROCESSOR_DEFINITIONS = (
					"DEBUG=1",
					"$(inherited)",
				);
				GCC_SYMBOLS_PRIVATE_EXTERN = NO;
				GCC_WARN_64_TO_32_BIT_CONVERSION = YES;
				GCC_WARN_ABOUT_RETURN_TYPE = YES_ERROR;
				GCC_WARN_UNDECLARED_SELECTOR = YES;
				GCC_WARN_UNINITIALIZED_AUTOS = YES_AGGRESSIVE;
				GCC_WARN_UNUSED_FUNCTION = YES;
				GCC_WARN_UNUSED_VARIABLE = YES;
				IPHONEOS_DEPLOYMENT_TARGET = 7.1;
				MACOSX_DEPLOYMENT_TARGET = 10.10;
				MTL_ENABLE_DEBUG_INFO = YES;
				ONLY_ACTIVE_ARCH = YES;
				OTHER_SWIFT_FLAGS = "-D DEBUG";
				SDKROOT = iphoneos;
				SEPARATE_STRIP = NO;
				STRIP_INSTALLED_PRODUCT = YES;
				STRIP_STYLE = "non-global";
				SWIFT_OPTIMIZATION_LEVEL = "-O";
				TARGETED_DEVICE_FAMILY = "1,2";
				VERSIONING_SYSTEM = "apple-generic";
				VERSION_INFO_PREFIX = "";
			};
			name = Debug;
		};
		4E722D041A02815A00004247 /* Release */ = {
			isa = XCBuildConfiguration;
			buildSettings = {
				ALWAYS_SEARCH_USER_PATHS = NO;
				CLANG_CXX_LANGUAGE_STANDARD = "gnu++0x";
				CLANG_CXX_LIBRARY = "libc++";
				CLANG_ENABLE_MODULES = YES;
				CLANG_ENABLE_OBJC_ARC = YES;
				CLANG_WARN_BOOL_CONVERSION = YES;
				CLANG_WARN_CONSTANT_CONVERSION = YES;
				CLANG_WARN_DIRECT_OBJC_ISA_USAGE = YES_ERROR;
				CLANG_WARN_EMPTY_BODY = YES;
				CLANG_WARN_ENUM_CONVERSION = YES;
				CLANG_WARN_INT_CONVERSION = YES;
				CLANG_WARN_OBJC_ROOT_CLASS = YES_ERROR;
				CLANG_WARN_UNREACHABLE_CODE = YES;
				CLANG_WARN__DUPLICATE_METHOD_MATCH = YES;
				CODE_SIGN_IDENTITY = "iPhone Distribution";
				COPY_PHASE_STRIP = NO;
				CURRENT_PROJECT_VERSION = 1;
				DEAD_CODE_STRIPPING = YES;
				DEFINES_MODULE = NO;
				ENABLE_NS_ASSERTIONS = NO;
				ENABLE_STRICT_OBJC_MSGSEND = YES;
				GCC_C_LANGUAGE_STANDARD = gnu99;
				GCC_WARN_64_TO_32_BIT_CONVERSION = YES;
				GCC_WARN_ABOUT_RETURN_TYPE = YES_ERROR;
				GCC_WARN_UNDECLARED_SELECTOR = YES;
				GCC_WARN_UNINITIALIZED_AUTOS = YES_AGGRESSIVE;
				GCC_WARN_UNUSED_FUNCTION = YES;
				GCC_WARN_UNUSED_VARIABLE = YES;
				IPHONEOS_DEPLOYMENT_TARGET = 7.1;
				MACOSX_DEPLOYMENT_TARGET = 10.10;
				MTL_ENABLE_DEBUG_INFO = NO;
				OTHER_SWIFT_FLAGS = "-D DEBUG";
				SDKROOT = iphoneos;
				SEPARATE_STRIP = NO;
				STRIP_INSTALLED_PRODUCT = YES;
				STRIP_STYLE = "non-global";
				TARGETED_DEVICE_FAMILY = "1,2";
				VALIDATE_PRODUCT = YES;
				VERSIONING_SYSTEM = "apple-generic";
				VERSION_INFO_PREFIX = "";
			};
			name = Release;
		};
		4EDB53ED1A0298E8008A2C4F /* Debug */ = {
			isa = XCBuildConfiguration;
			buildSettings = {
				CLANG_ENABLE_MODULES = YES;
				CODE_SIGN_IDENTITY = "";
				COMBINE_HIDPI_IMAGES = YES;
				DEAD_CODE_STRIPPING = YES;
				DEFINES_MODULE = YES;
				DYLIB_COMPATIBILITY_VERSION = 1;
				DYLIB_CURRENT_VERSION = 1;
				DYLIB_INSTALL_NAME_BASE = "@rpath";
				FRAMEWORK_VERSION = A;
				GCC_OPTIMIZATION_LEVEL = fast;
				GCC_PREPROCESSOR_DEFINITIONS = (
					"DEBUG=1",
					"$(inherited)",
				);
				INFOPLIST_FILE = AdaptiveArpImplOSX/Info.plist;
				INSTALL_PATH = "$(LOCAL_LIBRARY_DIR)/Frameworks";
				LD_RUNPATH_SEARCH_PATHS = "$(inherited) @executable_path/../Frameworks @loader_path/Frameworks";
				PRODUCT_MODULE_NAME = AdaptiveArpImpl;
				PRODUCT_NAME = AdaptiveArpImpl;
				SDKROOT = macosx;
				SKIP_INSTALL = YES;
				STRIP_STYLE = all;
				SWIFT_OBJC_BRIDGING_HEADER = "Source/Common/Adaptive-Bridging-Header.h";
			};
			name = Debug;
		};
		4EDB53EE1A0298E8008A2C4F /* Release */ = {
			isa = XCBuildConfiguration;
			buildSettings = {
				CLANG_ENABLE_MODULES = YES;
				CODE_SIGN_IDENTITY = "3rd Party Mac Developer Application";
				COMBINE_HIDPI_IMAGES = YES;
				DEAD_CODE_STRIPPING = YES;
				DEBUG_INFORMATION_FORMAT = "dwarf-with-dsym";
				DEFINES_MODULE = YES;
				DYLIB_COMPATIBILITY_VERSION = 1;
				DYLIB_CURRENT_VERSION = 1;
				DYLIB_INSTALL_NAME_BASE = "@rpath";
				FRAMEWORK_VERSION = A;
				GCC_OPTIMIZATION_LEVEL = fast;
				INFOPLIST_FILE = AdaptiveArpImplOSX/Info.plist;
				INSTALL_PATH = "$(LOCAL_LIBRARY_DIR)/Frameworks";
				LD_RUNPATH_SEARCH_PATHS = "$(inherited) @executable_path/../Frameworks @loader_path/Frameworks";
				PRODUCT_MODULE_NAME = AdaptiveArpImpl;
				PRODUCT_NAME = AdaptiveArpImpl;
				SDKROOT = macosx;
				SKIP_INSTALL = YES;
				STRIP_STYLE = all;
				SWIFT_OBJC_BRIDGING_HEADER = "Source/Common/Adaptive-Bridging-Header.h";
			};
			name = Release;
		};
		4EDB53F01A0298E8008A2C4F /* Debug */ = {
			isa = XCBuildConfiguration;
			buildSettings = {
				COMBINE_HIDPI_IMAGES = YES;
				FRAMEWORK_SEARCH_PATHS = (
					"$(DEVELOPER_FRAMEWORKS_DIR)",
					"$(inherited)",
				);
				GCC_PREPROCESSOR_DEFINITIONS = (
					"DEBUG=1",
					"$(inherited)",
				);
				INFOPLIST_FILE = AdaptiveArpImplOSXTests/Info.plist;
				LD_RUNPATH_SEARCH_PATHS = "$(inherited) @executable_path/../Frameworks @loader_path/../Frameworks";
				PRODUCT_NAME = "$(TARGET_NAME)";
				SDKROOT = macosx;
			};
			name = Debug;
		};
		4EDB53F11A0298E8008A2C4F /* Release */ = {
			isa = XCBuildConfiguration;
			buildSettings = {
				COMBINE_HIDPI_IMAGES = YES;
				DEBUG_INFORMATION_FORMAT = "dwarf-with-dsym";
				FRAMEWORK_SEARCH_PATHS = (
					"$(DEVELOPER_FRAMEWORKS_DIR)",
					"$(inherited)",
				);
				INFOPLIST_FILE = AdaptiveArpImplOSXTests/Info.plist;
				LD_RUNPATH_SEARCH_PATHS = "$(inherited) @executable_path/../Frameworks @loader_path/../Frameworks";
				PRODUCT_NAME = "$(TARGET_NAME)";
				SDKROOT = macosx;
			};
			name = Release;
		};
		4EDB540B1A029910008A2C4F /* Debug */ = {
			isa = XCBuildConfiguration;
			buildSettings = {
				CLANG_ENABLE_MODULES = YES;
				CODE_SIGN_IDENTITY = "iPhone Developer";
				DEFINES_MODULE = YES;
				DYLIB_COMPATIBILITY_VERSION = 1;
				DYLIB_CURRENT_VERSION = 1;
				DYLIB_INSTALL_NAME_BASE = "@rpath";
				GCC_OPTIMIZATION_LEVEL = fast;
				GCC_PREPROCESSOR_DEFINITIONS = (
					"DEBUG=1",
					"$(inherited)",
				);
				INFOPLIST_FILE = AdaptiveArpImpliOS/Info.plist;
				INSTALL_PATH = "$(LOCAL_LIBRARY_DIR)/Frameworks";
				LD_RUNPATH_SEARCH_PATHS = "$(inherited) @executable_path/Frameworks @loader_path/Frameworks";
				PRODUCT_MODULE_NAME = AdaptiveArpImpl;
				PRODUCT_NAME = AdaptiveArpImpl;
				SKIP_INSTALL = YES;
				SWIFT_OBJC_BRIDGING_HEADER = "Source/Common/Adaptive-Bridging-Header.h";
				SWIFT_OPTIMIZATION_LEVEL = "-Ounchecked";
			};
			name = Debug;
		};
		4EDB540C1A029910008A2C4F /* Release */ = {
			isa = XCBuildConfiguration;
			buildSettings = {
				CLANG_ENABLE_MODULES = YES;
				CODE_SIGN_IDENTITY = "iPhone Developer";
				DEFINES_MODULE = YES;
				DYLIB_COMPATIBILITY_VERSION = 1;
				DYLIB_CURRENT_VERSION = 1;
				DYLIB_INSTALL_NAME_BASE = "@rpath";
				GCC_OPTIMIZATION_LEVEL = fast;
				INFOPLIST_FILE = AdaptiveArpImpliOS/Info.plist;
				INSTALL_PATH = "$(LOCAL_LIBRARY_DIR)/Frameworks";
				LD_RUNPATH_SEARCH_PATHS = "$(inherited) @executable_path/Frameworks @loader_path/Frameworks";
				PRODUCT_MODULE_NAME = AdaptiveArpImpl;
				PRODUCT_NAME = AdaptiveArpImpl;
				SKIP_INSTALL = YES;
				SWIFT_OBJC_BRIDGING_HEADER = "Source/Common/Adaptive-Bridging-Header.h";
				SWIFT_OPTIMIZATION_LEVEL = "-Ounchecked";
			};
			name = Release;
		};
		4EDB540E1A029910008A2C4F /* Debug */ = {
			isa = XCBuildConfiguration;
			buildSettings = {
				FRAMEWORK_SEARCH_PATHS = (
					"$(SDKROOT)/Developer/Library/Frameworks",
					"$(inherited)",
				);
				GCC_PREPROCESSOR_DEFINITIONS = (
					"DEBUG=1",
					"$(inherited)",
				);
				INFOPLIST_FILE = AdaptiveArpImpliOSTests/Info.plist;
				LD_RUNPATH_SEARCH_PATHS = "$(inherited) @executable_path/Frameworks @loader_path/Frameworks";
				PRODUCT_NAME = "$(TARGET_NAME)";
			};
			name = Debug;
		};
		4EDB540F1A029910008A2C4F /* Release */ = {
			isa = XCBuildConfiguration;
			buildSettings = {
				FRAMEWORK_SEARCH_PATHS = (
					"$(SDKROOT)/Developer/Library/Frameworks",
					"$(inherited)",
				);
				INFOPLIST_FILE = AdaptiveArpImpliOSTests/Info.plist;
				LD_RUNPATH_SEARCH_PATHS = "$(inherited) @executable_path/Frameworks @loader_path/Frameworks";
				PRODUCT_NAME = "$(TARGET_NAME)";
			};
			name = Release;
		};
/* End XCBuildConfiguration section */

/* Begin XCConfigurationList section */
		4E722CE91A02815A00004247 /* Build configuration list for PBXProject "adaptive-arp-impl" */ = {
			isa = XCConfigurationList;
			buildConfigurations = (
				4E722D031A02815A00004247 /* Debug */,
				4E722D041A02815A00004247 /* Release */,
			);
			defaultConfigurationIsVisible = 0;
			defaultConfigurationName = Release;
		};
		4EDB53EC1A0298E8008A2C4F /* Build configuration list for PBXNativeTarget "AdaptiveArpImplOSX" */ = {
			isa = XCConfigurationList;
			buildConfigurations = (
				4EDB53ED1A0298E8008A2C4F /* Debug */,
				4EDB53EE1A0298E8008A2C4F /* Release */,
			);
			defaultConfigurationIsVisible = 0;
			defaultConfigurationName = Release;
		};
		4EDB53EF1A0298E8008A2C4F /* Build configuration list for PBXNativeTarget "AdaptiveArpImplOSXTests" */ = {
			isa = XCConfigurationList;
			buildConfigurations = (
				4EDB53F01A0298E8008A2C4F /* Debug */,
				4EDB53F11A0298E8008A2C4F /* Release */,
			);
			defaultConfigurationIsVisible = 0;
			defaultConfigurationName = Release;
		};
		4EDB540A1A029910008A2C4F /* Build configuration list for PBXNativeTarget "AdaptiveArpImpliOS" */ = {
			isa = XCConfigurationList;
			buildConfigurations = (
				4EDB540B1A029910008A2C4F /* Debug */,
				4EDB540C1A029910008A2C4F /* Release */,
			);
			defaultConfigurationIsVisible = 0;
			defaultConfigurationName = Release;
		};
		4EDB540D1A029910008A2C4F /* Build configuration list for PBXNativeTarget "AdaptiveArpImpliOSTests" */ = {
			isa = XCConfigurationList;
			buildConfigurations = (
				4EDB540E1A029910008A2C4F /* Debug */,
				4EDB540F1A029910008A2C4F /* Release */,
			);
			defaultConfigurationIsVisible = 0;
			defaultConfigurationName = Release;
		};
/* End XCConfigurationList section */
	};
	rootObject = 4E722CE61A02815A00004247 /* Project object */;
}
