// !$*UTF8*$!
{
	archiveVersion = 1;
	classes = {
	};
	objectVersion = 46;
	objects = {

/* Begin PBXBuildFile section */
		4E83DCA519B635AA002B9764 /* AdaptiveArpImplIosTests.swift in Sources */ = {isa = PBXBuildFile; fileRef = 4E83DCA419B635AA002B9764 /* AdaptiveArpImplIosTests.swift */; };
		4E83DCCB19B63E7D002B9764 /* libPods-AdaptiveArpImplIos.a in Frameworks */ = {isa = PBXBuildFile; fileRef = D6FDC20795F2401E96A8DC88 /* libPods-AdaptiveArpImplIos.a */; };
		F6D488C71E8445ED98E04A8D /* libPods-AdaptiveArpImplIosTests.a in Frameworks */ = {isa = PBXBuildFile; fileRef = 27A9B6D9B33B4A36BFF941D3 /* libPods-AdaptiveArpImplIosTests.a */; };
/* End PBXBuildFile section */

/* Begin PBXFileReference section */
		27A9B6D9B33B4A36BFF941D3 /* libPods-AdaptiveArpImplIosTests.a */ = {isa = PBXFileReference; explicitFileType = archive.ar; includeInIndex = 0; path = "libPods-AdaptiveArpImplIosTests.a"; sourceTree = BUILT_PRODUCTS_DIR; };
		4E83DC9519B635AA002B9764 /* AdaptiveArpImplIos.framework */ = {isa = PBXFileReference; explicitFileType = wrapper.framework; includeInIndex = 0; path = AdaptiveArpImplIos.framework; sourceTree = BUILT_PRODUCTS_DIR; };
		4E83DC9919B635AA002B9764 /* Info.plist */ = {isa = PBXFileReference; lastKnownFileType = text.plist.xml; path = Info.plist; sourceTree = "<group>"; };
		4E83DCA019B635AA002B9764 /* AdaptiveArpImplIosTests.xctest */ = {isa = PBXFileReference; explicitFileType = wrapper.cfbundle; includeInIndex = 0; path = AdaptiveArpImplIosTests.xctest; sourceTree = BUILT_PRODUCTS_DIR; };
		4E83DCA319B635AA002B9764 /* Info.plist */ = {isa = PBXFileReference; lastKnownFileType = text.plist.xml; path = Info.plist; sourceTree = "<group>"; };
		4E83DCA419B635AA002B9764 /* AdaptiveArpImplIosTests.swift */ = {isa = PBXFileReference; lastKnownFileType = sourcecode.swift; path = AdaptiveArpImplIosTests.swift; sourceTree = "<group>"; };
		D6FDC20795F2401E96A8DC88 /* libPods-AdaptiveArpImplIos.a */ = {isa = PBXFileReference; explicitFileType = archive.ar; includeInIndex = 0; path = "libPods-AdaptiveArpImplIos.a"; sourceTree = BUILT_PRODUCTS_DIR; };
/* End PBXFileReference section */

/* Begin PBXFrameworksBuildPhase section */
		4E83DC9119B635AA002B9764 /* Frameworks */ = {
			isa = PBXFrameworksBuildPhase;
			buildActionMask = 2147483647;
			files = (
				4E83DCCB19B63E7D002B9764 /* libPods-AdaptiveArpImplIos.a in Frameworks */,
			);
			runOnlyForDeploymentPostprocessing = 0;
		};
		4E83DC9D19B635AA002B9764 /* Frameworks */ = {
			isa = PBXFrameworksBuildPhase;
			buildActionMask = 2147483647;
			files = (
				F6D488C71E8445ED98E04A8D /* libPods-AdaptiveArpImplIosTests.a in Frameworks */,
			);
			runOnlyForDeploymentPostprocessing = 0;
		};
/* End PBXFrameworksBuildPhase section */

/* Begin PBXGroup section */
		030C22BC28D0463282C94C33 /* Frameworks */ = {
			isa = PBXGroup;
			children = (
				D6FDC20795F2401E96A8DC88 /* libPods-AdaptiveArpImplIos.a */,
				27A9B6D9B33B4A36BFF941D3 /* libPods-AdaptiveArpImplIosTests.a */,
			);
			name = Frameworks;
			sourceTree = "<group>";
		};
		4E83DC8B19B635AA002B9764 = {
			isa = PBXGroup;
			children = (
				4E83DC9719B635AA002B9764 /* AdaptiveArpImplIos */,
				4E83DCA119B635AA002B9764 /* AdaptiveArpImplIosTests */,
				4E83DC9619B635AA002B9764 /* Products */,
				030C22BC28D0463282C94C33 /* Frameworks */,
			);
			sourceTree = "<group>";
		};
		4E83DC9619B635AA002B9764 /* Products */ = {
			isa = PBXGroup;
			children = (
				4E83DC9519B635AA002B9764 /* AdaptiveArpImplIos.framework */,
				4E83DCA019B635AA002B9764 /* AdaptiveArpImplIosTests.xctest */,
			);
			name = Products;
			sourceTree = "<group>";
		};
		4E83DC9719B635AA002B9764 /* AdaptiveArpImplIos */ = {
			isa = PBXGroup;
			children = (
				4E83DC9819B635AA002B9764 /* Supporting Files */,
			);
			path = AdaptiveArpImplIos;
			sourceTree = "<group>";
		};
		4E83DC9819B635AA002B9764 /* Supporting Files */ = {
			isa = PBXGroup;
			children = (
				4E83DC9919B635AA002B9764 /* Info.plist */,
			);
			name = "Supporting Files";
			sourceTree = "<group>";
		};
		4E83DCA119B635AA002B9764 /* AdaptiveArpImplIosTests */ = {
			isa = PBXGroup;
			children = (
				4E83DCA419B635AA002B9764 /* AdaptiveArpImplIosTests.swift */,
				4E83DCA219B635AA002B9764 /* Supporting Files */,
			);
			path = AdaptiveArpImplIosTests;
			sourceTree = "<group>";
		};
		4E83DCA219B635AA002B9764 /* Supporting Files */ = {
			isa = PBXGroup;
			children = (
				4E83DCA319B635AA002B9764 /* Info.plist */,
			);
			name = "Supporting Files";
			sourceTree = "<group>";
		};
/* End PBXGroup section */

/* Begin PBXHeadersBuildPhase section */
		4E83DC9219B635AA002B9764 /* Headers */ = {
			isa = PBXHeadersBuildPhase;
			buildActionMask = 2147483647;
			files = (
			);
			runOnlyForDeploymentPostprocessing = 0;
		};
/* End PBXHeadersBuildPhase section */

/* Begin PBXNativeTarget section */
		4E83DC9419B635AA002B9764 /* AdaptiveArpImplIos */ = {
			isa = PBXNativeTarget;
			buildConfigurationList = 4E83DCA819B635AA002B9764 /* Build configuration list for PBXNativeTarget "AdaptiveArpImplIos" */;
			buildPhases = (
				8E31455781B14B41A5759A8B /* Check Pods Manifest.lock */,
				4E83DC9019B635AA002B9764 /* Sources */,
				4E83DC9119B635AA002B9764 /* Frameworks */,
				4E83DC9219B635AA002B9764 /* Headers */,
				4E83DC9319B635AA002B9764 /* Resources */,
				C6BCF0C96A9F463686706A7A /* Copy Pods Resources */,
			);
			buildRules = (
			);
			dependencies = (
			);
			name = AdaptiveArpImplIos;
			productName = AdaptiveArpImplIos;
			productReference = 4E83DC9519B635AA002B9764 /* AdaptiveArpImplIos.framework */;
			productType = "com.apple.product-type.framework";
		};
		4E83DC9F19B635AA002B9764 /* AdaptiveArpImplIosTests */ = {
			isa = PBXNativeTarget;
			buildConfigurationList = 4E83DCAB19B635AA002B9764 /* Build configuration list for PBXNativeTarget "AdaptiveArpImplIosTests" */;
			buildPhases = (
				B8AAA08E2ACA42E6BA78D111 /* Check Pods Manifest.lock */,
				4E83DC9C19B635AA002B9764 /* Sources */,
				4E83DC9D19B635AA002B9764 /* Frameworks */,
				4E83DC9E19B635AA002B9764 /* Resources */,
				7A0FD202A8AD46369A583C8B /* Copy Pods Resources */,
			);
			buildRules = (
			);
			dependencies = (
			);
			name = AdaptiveArpImplIosTests;
			productName = AdaptiveArpImplIosTests;
			productReference = 4E83DCA019B635AA002B9764 /* AdaptiveArpImplIosTests.xctest */;
			productType = "com.apple.product-type.bundle.unit-test";
		};
/* End PBXNativeTarget section */

/* Begin PBXProject section */
		4E83DC8C19B635AA002B9764 /* Project object */ = {
			isa = PBXProject;
			attributes = {
				LastUpgradeCheck = 0600;
				ORGANIZATIONNAME = "Carlos Lozano Diez";
				TargetAttributes = {
					4E83DC9419B635AA002B9764 = {
						CreatedOnToolsVersion = 6.0;
					};
					4E83DC9F19B635AA002B9764 = {
						CreatedOnToolsVersion = 6.0;
					};
				};
			};
			buildConfigurationList = 4E83DC8F19B635AA002B9764 /* Build configuration list for PBXProject "AdaptiveArpImplIos" */;
			compatibilityVersion = "Xcode 3.2";
			developmentRegion = English;
			hasScannedForEncodings = 0;
			knownRegions = (
				en,
			);
			mainGroup = 4E83DC8B19B635AA002B9764;
			productRefGroup = 4E83DC9619B635AA002B9764 /* Products */;
			projectDirPath = "";
			projectRoot = "";
			targets = (
				4E83DC9419B635AA002B9764 /* AdaptiveArpImplIos */,
				4E83DC9F19B635AA002B9764 /* AdaptiveArpImplIosTests */,
			);
		};
/* End PBXProject section */

/* Begin PBXResourcesBuildPhase section */
		4E83DC9319B635AA002B9764 /* Resources */ = {
			isa = PBXResourcesBuildPhase;
			buildActionMask = 2147483647;
			files = (
			);
			runOnlyForDeploymentPostprocessing = 0;
		};
		4E83DC9E19B635AA002B9764 /* Resources */ = {
			isa = PBXResourcesBuildPhase;
			buildActionMask = 2147483647;
			files = (
			);
			runOnlyForDeploymentPostprocessing = 0;
		};
/* End PBXResourcesBuildPhase section */

/* Begin PBXShellScriptBuildPhase section */
		7A0FD202A8AD46369A583C8B /* Copy Pods Resources */ = {
			isa = PBXShellScriptBuildPhase;
			buildActionMask = 2147483647;
			files = (
			);
			inputPaths = (
			);
			name = "Copy Pods Resources";
			outputPaths = (
			);
			runOnlyForDeploymentPostprocessing = 0;
			shellPath = /bin/sh;
			shellScript = "\"${SRCROOT}/Pods/Pods-AdaptiveArpImplIosTests-resources.sh\"\n";
			showEnvVarsInLog = 0;
		};
		8E31455781B14B41A5759A8B /* Check Pods Manifest.lock */ = {
			isa = PBXShellScriptBuildPhase;
			buildActionMask = 2147483647;
			files = (
			);
			inputPaths = (
			);
			name = "Check Pods Manifest.lock";
			outputPaths = (
			);
			runOnlyForDeploymentPostprocessing = 0;
			shellPath = /bin/sh;
			shellScript = "diff \"${PODS_ROOT}/../Podfile.lock\" \"${PODS_ROOT}/Manifest.lock\" > /dev/null\nif [[ $? != 0 ]] ; then\n    cat << EOM\nerror: The sandbox is not in sync with the Podfile.lock. Run 'pod install' or update your CocoaPods installation.\nEOM\n    exit 1\nfi\n";
			showEnvVarsInLog = 0;
		};
		B8AAA08E2ACA42E6BA78D111 /* Check Pods Manifest.lock */ = {
			isa = PBXShellScriptBuildPhase;
			buildActionMask = 2147483647;
			files = (
			);
			inputPaths = (
			);
			name = "Check Pods Manifest.lock";
			outputPaths = (
			);
			runOnlyForDeploymentPostprocessing = 0;
			shellPath = /bin/sh;
			shellScript = "diff \"${PODS_ROOT}/../Podfile.lock\" \"${PODS_ROOT}/Manifest.lock\" > /dev/null\nif [[ $? != 0 ]] ; then\n    cat << EOM\nerror: The sandbox is not in sync with the Podfile.lock. Run 'pod install' or update your CocoaPods installation.\nEOM\n    exit 1\nfi\n";
			showEnvVarsInLog = 0;
		};
		C6BCF0C96A9F463686706A7A /* Copy Pods Resources */ = {
			isa = PBXShellScriptBuildPhase;
			buildActionMask = 2147483647;
			files = (
			);
			inputPaths = (
			);
			name = "Copy Pods Resources";
			outputPaths = (
			);
			runOnlyForDeploymentPostprocessing = 0;
			shellPath = /bin/sh;
			shellScript = "\"${SRCROOT}/Pods/Pods-AdaptiveArpImplIos-resources.sh\"\n";
			showEnvVarsInLog = 0;
		};
/* End PBXShellScriptBuildPhase section */

/* Begin PBXSourcesBuildPhase section */
		4E83DC9019B635AA002B9764 /* Sources */ = {
			isa = PBXSourcesBuildPhase;
			buildActionMask = 2147483647;
			files = (
			);
			runOnlyForDeploymentPostprocessing = 0;
		};
		4E83DC9C19B635AA002B9764 /* Sources */ = {
			isa = PBXSourcesBuildPhase;
			buildActionMask = 2147483647;
			files = (
				4E83DCA519B635AA002B9764 /* AdaptiveArpImplIosTests.swift in Sources */,
			);
			runOnlyForDeploymentPostprocessing = 0;
		};
/* End PBXSourcesBuildPhase section */

/* Begin XCBuildConfiguration section */
		4E83DCA619B635AA002B9764 /* Debug */ = {
			isa = XCBuildConfiguration;
			buildSettings = {
				ALWAYS_SEARCH_USER_PATHS = NO;
				CLANG_CXX_LANGUAGE_STANDARD = "gnu++0x";
				CLANG_CXX_LIBRARY = "libc++";
				CLANG_ENABLE_MODULES = YES;
				CLANG_ENABLE_OBJC_ARC = YES;
				CLANG_WARN_BOOL_CONVERSION = YES;
				CLANG_WARN_CONSTANT_CONVERSION = YES;
				CLANG_WARN_DIRECT_OBJC_ISA_USAGE = YES_ERROR;
				CLANG_WARN_EMPTY_BODY = YES;
				CLANG_WARN_ENUM_CONVERSION = YES;
				CLANG_WARN_INT_CONVERSION = YES;
				CLANG_WARN_OBJC_ROOT_CLASS = YES_ERROR;
				CLANG_WARN_UNREACHABLE_CODE = YES;
				CLANG_WARN__DUPLICATE_METHOD_MATCH = YES;
				"CODE_SIGN_IDENTITY[sdk=iphoneos*]" = "iPhone Developer";
				COPY_PHASE_STRIP = NO;
				CURRENT_PROJECT_VERSION = 1;
				ENABLE_STRICT_OBJC_MSGSEND = YES;
				GCC_C_LANGUAGE_STANDARD = gnu99;
				GCC_DYNAMIC_NO_PIC = NO;
				GCC_OPTIMIZATION_LEVEL = 0;
				GCC_PREPROCESSOR_DEFINITIONS = (
					"DEBUG=1",
					"$(inherited)",
				);
				GCC_SYMBOLS_PRIVATE_EXTERN = NO;
				GCC_WARN_64_TO_32_BIT_CONVERSION = YES;
				GCC_WARN_ABOUT_RETURN_TYPE = YES_ERROR;
				GCC_WARN_UNDECLARED_SELECTOR = YES;
				GCC_WARN_UNINITIALIZED_AUTOS = YES_AGGRESSIVE;
				GCC_WARN_UNUSED_FUNCTION = YES;
				GCC_WARN_UNUSED_VARIABLE = YES;
				IPHONEOS_DEPLOYMENT_TARGET = 8.0;
				MTL_ENABLE_DEBUG_INFO = YES;
				ONLY_ACTIVE_ARCH = YES;
				SDKROOT = iphoneos;
				SWIFT_OPTIMIZATION_LEVEL = "-Onone";
				TARGETED_DEVICE_FAMILY = "1,2";
				VERSIONING_SYSTEM = "apple-generic";
				VERSION_INFO_PREFIX = "";
			};
			name = Debug;
		};
		4E83DCA719B635AA002B9764 /* Release */ = {
			isa = XCBuildConfiguration;
			buildSettings = {
				ALWAYS_SEARCH_USER_PATHS = NO;
				CLANG_CXX_LANGUAGE_STANDARD = "gnu++0x";
				CLANG_CXX_LIBRARY = "libc++";
				CLANG_ENABLE_MODULES = YES;
				CLANG_ENABLE_OBJC_ARC = YES;
				CLANG_WARN_BOOL_CONVERSION = YES;
				CLANG_WARN_CONSTANT_CONVERSION = YES;
				CLANG_WARN_DIRECT_OBJC_ISA_USAGE = YES_ERROR;
				CLANG_WARN_EMPTY_BODY = YES;
				CLANG_WARN_ENUM_CONVERSION = YES;
				CLANG_WARN_INT_CONVERSION = YES;
				CLANG_WARN_OBJC_ROOT_CLASS = YES_ERROR;
				CLANG_WARN_UNREACHABLE_CODE = YES;
				CLANG_WARN__DUPLICATE_METHOD_MATCH = YES;
				"CODE_SIGN_IDENTITY[sdk=iphoneos*]" = "iPhone Developer";
				COPY_PHASE_STRIP = YES;
				CURRENT_PROJECT_VERSION = 1;
				ENABLE_NS_ASSERTIONS = NO;
				ENABLE_STRICT_OBJC_MSGSEND = YES;
				GCC_C_LANGUAGE_STANDARD = gnu99;
				GCC_WARN_64_TO_32_BIT_CONVERSION = YES;
				GCC_WARN_ABOUT_RETURN_TYPE = YES_ERROR;
				GCC_WARN_UNDECLARED_SELECTOR = YES;
				GCC_WARN_UNINITIALIZED_AUTOS = YES_AGGRESSIVE;
				GCC_WARN_UNUSED_FUNCTION = YES;
				GCC_WARN_UNUSED_VARIABLE = YES;
				IPHONEOS_DEPLOYMENT_TARGET = 8.0;
				MTL_ENABLE_DEBUG_INFO = NO;
				SDKROOT = iphoneos;
				TARGETED_DEVICE_FAMILY = "1,2";
				VALIDATE_PRODUCT = YES;
				VERSIONING_SYSTEM = "apple-generic";
				VERSION_INFO_PREFIX = "";
			};
			name = Release;
		};
		4E83DCA919B635AA002B9764 /* Debug */ = {
			isa = XCBuildConfiguration;
			buildSettings = {
				DEFINES_MODULE = YES;
				DYLIB_COMPATIBILITY_VERSION = 1;
				DYLIB_CURRENT_VERSION = 1;
				DYLIB_INSTALL_NAME_BASE = "@rpath";
				INFOPLIST_FILE = AdaptiveArpImplIos/Info.plist;
				INSTALL_PATH = "$(LOCAL_LIBRARY_DIR)/Frameworks";
				LD_RUNPATH_SEARCH_PATHS = "$(inherited) @executable_path/Frameworks @loader_path/Frameworks";
				PRODUCT_NAME = "$(TARGET_NAME)";
				SKIP_INSTALL = YES;
			};
			name = Debug;
		};
		4E83DCAA19B635AA002B9764 /* Release */ = {
			isa = XCBuildConfiguration;
			buildSettings = {
				DEFINES_MODULE = YES;
				DYLIB_COMPATIBILITY_VERSION = 1;
				DYLIB_CURRENT_VERSION = 1;
				DYLIB_INSTALL_NAME_BASE = "@rpath";
				INFOPLIST_FILE = AdaptiveArpImplIos/Info.plist;
				INSTALL_PATH = "$(LOCAL_LIBRARY_DIR)/Frameworks";
				LD_RUNPATH_SEARCH_PATHS = "$(inherited) @executable_path/Frameworks @loader_path/Frameworks";
				PRODUCT_NAME = "$(TARGET_NAME)";
				SKIP_INSTALL = YES;
			};
			name = Release;
		};
		4E83DCAC19B635AA002B9764 /* Debug */ = {
			isa = XCBuildConfiguration;
			buildSettings = {
				FRAMEWORK_SEARCH_PATHS = (
					"$(SDKROOT)/Developer/Library/Frameworks",
					"$(inherited)",
				);
				GCC_PREPROCESSOR_DEFINITIONS = (
					"DEBUG=1",
					"$(inherited)",
				);
				INFOPLIST_FILE = AdaptiveArpImplIosTests/Info.plist;
				LD_RUNPATH_SEARCH_PATHS = "$(inherited) @executable_path/Frameworks @loader_path/Frameworks";
				PRODUCT_NAME = "$(TARGET_NAME)";
			};
			name = Debug;
		};
		4E83DCAD19B635AA002B9764 /* Release */ = {
			isa = XCBuildConfiguration;
			buildSettings = {
				FRAMEWORK_SEARCH_PATHS = (
					"$(SDKROOT)/Developer/Library/Frameworks",
					"$(inherited)",
				);
				INFOPLIST_FILE = AdaptiveArpImplIosTests/Info.plist;
				LD_RUNPATH_SEARCH_PATHS = "$(inherited) @executable_path/Frameworks @loader_path/Frameworks";
				PRODUCT_NAME = "$(TARGET_NAME)";
			};
			name = Release;
		};
/* End XCBuildConfiguration section */

/* Begin XCConfigurationList section */
		4E83DC8F19B635AA002B9764 /* Build configuration list for PBXProject "AdaptiveArpImplIos" */ = {
			isa = XCConfigurationList;
			buildConfigurations = (
				4E83DCA619B635AA002B9764 /* Debug */,
				4E83DCA719B635AA002B9764 /* Release */,
			);
			defaultConfigurationIsVisible = 0;
			defaultConfigurationName = Release;
		};
		4E83DCA819B635AA002B9764 /* Build configuration list for PBXNativeTarget "AdaptiveArpImplIos" */ = {
			isa = XCConfigurationList;
			buildConfigurations = (
				4E83DCA919B635AA002B9764 /* Debug */,
				4E83DCAA19B635AA002B9764 /* Release */,
			);
			defaultConfigurationIsVisible = 0;
			defaultConfigurationName = Release;
		};
		4E83DCAB19B635AA002B9764 /* Build configuration list for PBXNativeTarget "AdaptiveArpImplIosTests" */ = {
			isa = XCConfigurationList;
			buildConfigurations = (
				4E83DCAC19B635AA002B9764 /* Debug */,
				4E83DCAD19B635AA002B9764 /* Release */,
			);
			defaultConfigurationIsVisible = 0;
			defaultConfigurationName = Release;
		};
/* End XCConfigurationList section */
	};
	rootObject = 4E83DC8C19B635AA002B9764 /* Project object */;
}
